{
    "version": 4,
    "terraform_version": "1.5.4",
    "serial": 246,
    "lineage": "e34707a0-c5df-9bfb-686a-6e1914892850",
    "outputs": {},
    "resources": [
      {
        "mode": "managed",
        "type": "aws_dynamodb_table",
        "name": "terraform_locks",
        "provider": "provider[\"registry.terraform.io/hashicorp/aws\"]",
        "instances": [
          {
            "schema_version": 1,
            "attributes": {
              "arn": "arn:aws:dynamodb:us-east-1:571207880192:table/terraform-locks",
              "attribute": [
                {
                  "name": "LockID",
                  "type": "S"
                }
              ],
              "billing_mode": "PAY_PER_REQUEST",
              "deletion_protection_enabled": false,
              "global_secondary_index": [],
              "hash_key": "LockID",
              "id": "terraform-locks",
              "local_secondary_index": [],
              "name": "terraform-locks",
              "point_in_time_recovery": [
                {
                  "enabled": false
                }
              ],
              "range_key": null,
              "read_capacity": 0,
              "replica": [],
              "restore_date_time": null,
              "restore_source_name": null,
              "restore_to_latest_time": null,
              "server_side_encryption": [],
              "stream_arn": "",
              "stream_enabled": false,
              "stream_label": "",
              "stream_view_type": "",
              "table_class": "STANDARD",
              "tags": {},
              "tags_all": {},
              "timeouts": null,
              "ttl": [
                {
                  "attribute_name": "",
                  "enabled": false
                }
              ],
              "write_capacity": 0
            },
            "sensitive_attributes": [],
            "private": "eyJlMmJmYjczMC1lY2FhLTExZTYtOGY4OC0zNDM2M2JjN2M0YzAiOnsiY3JlYXRlIjoxODAwMDAwMDAwMDAwLCJkZWxldGUiOjYwMDAwMDAwMDAwMCwidXBkYXRlIjozNjAwMDAwMDAwMDAwfSwic2NoZW1hX3ZlcnNpb24iOiIxIn0="
          }
        ]
      },
      {
        "mode": "managed",
        "type": "aws_s3_bucket",
        "name": "terraform-state",
        "provider": "provider[\"registry.terraform.io/hashicorp/aws\"]",
        "instances": [
          {
            "schema_version": 0,
            "attributes": {
              "acceleration_status": "",
              "acl": null,
              "arn": "arn:aws:s3:::darey-pbl18",
              "bucket": "darey-pbl18",
              "bucket_domain_name": "darey-pbl18.s3.amazonaws.com",
              "bucket_prefix": "",
              "bucket_regional_domain_name": "darey-pbl18.s3.us-east-1.amazonaws.com",
              "cors_rule": [],
              "force_destroy": true,
              "grant": [
                {
                  "id": "4c7cda48a6a61663fe03543f9e6a5757dfbec364b624620a96908e1ea7ad3035",
                  "permissions": [
                    "FULL_CONTROL"
                  ],
                  "type": "CanonicalUser",
                  "uri": ""
                }
              ],
              "hosted_zone_id": "Z3AQBSTGFYJSTF",
              "id": "darey-pbl18",
              "lifecycle_rule": [],
              "logging": [],
              "object_lock_configuration": [],
              "object_lock_enabled": false,
              "policy": "",
              "region": "us-east-1",
              "replication_configuration": [],
              "request_payer": "BucketOwner",
              "server_side_encryption_configuration": [
                {
                  "rule": [
                    {
                      "apply_server_side_encryption_by_default": [
                        {
                          "kms_master_key_id": "",
                          "sse_algorithm": "AES256"
                        }
                      ],
                      "bucket_key_enabled": false
                    }
                  ]
                }
              ],
              "tags": {},
              "tags_all": {},
              "timeouts": null,
              "versioning": [
                {
                  "enabled": true,
                  "mfa_delete": false
                }
              ],
              "website": [],
              "website_domain": null,
              "website_endpoint": null
            },
            "sensitive_attributes": [],
            "private": "eyJlMmJmYjczMC1lY2FhLTExZTYtOGY4OC0zNDM2M2JjN2M0YzAiOnsiY3JlYXRlIjoxMjAwMDAwMDAwMDAwLCJkZWxldGUiOjM2MDAwMDAwMDAwMDAsInJlYWQiOjEyMDAwMDAwMDAwMDAsInVwZGF0ZSI6MTIwMDAwMDAwMDAwMH19"
          }
        ]
      },
      {
        "mode": "managed",
        "type": "aws_s3_bucket_server_side_encryption_configuration",
        "name": "first",
        "provider": "provider[\"registry.terraform.io/hashicorp/aws\"]",
        "instances": [
          {
            "schema_version": 0,
            "attributes": {
              "bucket": "darey-pbl18",
              "expected_bucket_owner": "",
              "id": "darey-pbl18",
              "rule": [
                {
                  "apply_server_side_encryption_by_default": [
                    {
                      "kms_master_key_id": "",
                      "sse_algorithm": "AES256"
                    }
                  ],
                  "bucket_key_enabled": false
                }
              ]
            },
            "sensitive_attributes": [],
            "private": "bnVsbA==",
            "dependencies": [
              "aws_s3_bucket.terraform-state"
            ]
          }
        ]
      },
      {
        "mode": "managed",
        "type": "aws_s3_bucket_versioning",
        "name": "version",
        "provider": "provider[\"registry.terraform.io/hashicorp/aws\"]",
        "instances": [
          {
            "schema_version": 0,
            "attributes": {
              "bucket": "darey-pbl18",
              "expected_bucket_owner": "",
              "id": "darey-pbl18",
              "mfa": null,
              "versioning_configuration": [
                {
                  "mfa_delete": "",
                  "status": "Enabled"
                }
              ]
            },
            "sensitive_attributes": [],
            "private": "bnVsbA==",
            "dependencies": [
              "aws_s3_bucket.terraform-state"
            ]
          }
        ]
      },
      {
        "module": "module.ALB",
        "mode": "data",
        "type": "aws_route53_zone",
        "name": "jendyjasper",
        "provider": "provider[\"registry.terraform.io/hashicorp/aws\"]",
        "instances": [
          {
            "schema_version": 0,
            "attributes": {
              "arn": "arn:aws:route53:::hostedzone/Z07196322SM2KABU84T85",
              "caller_reference": "ba9d0e1b-a6b4-45a0-85c2-fc0c3dfcbefa",
              "comment": "",
              "id": "Z07196322SM2KABU84T85",
              "linked_service_description": null,
              "linked_service_principal": null,
              "name": "jendyjasper.com",
              "name_servers": [
                "ns-262.awsdns-32.com",
                "ns-1721.awsdns-23.co.uk",
                "ns-617.awsdns-13.net",
                "ns-1397.awsdns-46.org"
              ],
              "primary_name_server": "ns-262.awsdns-32.com",
              "private_zone": false,
              "resource_record_set_count": 6,
              "tags": {},
              "vpc_id": null,
              "zone_id": "Z07196322SM2KABU84T85"
            },
            "sensitive_attributes": []
          }
        ]
      },
      {
        "module": "module.ALB",
        "mode": "managed",
        "type": "aws_acm_certificate",
        "name": "jendyjasper",
        "provider": "provider[\"registry.terraform.io/hashicorp/aws\"]",
        "instances": [
          {
            "schema_version": 0,
            "attributes": {
              "arn": "arn:aws:acm:us-east-1:571207880192:certificate/ef79b6cc-9638-449f-bdef-2a7489e934be",
              "certificate_authority_arn": "",
              "certificate_body": null,
              "certificate_chain": null,
              "domain_name": "*.jendyjasper.com",
              "domain_validation_options": [
                {
                  "domain_name": "*.jendyjasper.com",
                  "resource_record_name": "_07b510157d642e36557aee3a58b8980f.jendyjasper.com.",
                  "resource_record_type": "CNAME",
                  "resource_record_value": "_bf7d60d432e866ee78212fc37e0eb8a3.zxstmrtdtf.acm-validations.aws."
                }
              ],
              "early_renewal_duration": "",
              "id": "arn:aws:acm:us-east-1:571207880192:certificate/ef79b6cc-9638-449f-bdef-2a7489e934be",
              "key_algorithm": "RSA_2048",
              "not_after": "2024-09-14T23:59:59Z",
              "not_before": "2023-08-17T00:00:00Z",
              "options": [
                {
                  "certificate_transparency_logging_preference": "ENABLED"
                }
              ],
              "pending_renewal": false,
              "private_key": null,
              "renewal_eligibility": "INELIGIBLE",
              "renewal_summary": [],
              "status": "ISSUED",
              "subject_alternative_names": [
                "*.jendyjasper.com"
              ],
              "tags": {},
              "tags_all": {},
              "type": "AMAZON_ISSUED",
              "validation_emails": [],
              "validation_method": "DNS",
              "validation_option": []
            },
            "sensitive_attributes": [],
            "private": "bnVsbA=="
          }
        ]
      },
      {
        "module": "module.ALB",
        "mode": "managed",
        "type": "aws_acm_certificate_validation",
        "name": "jendyjasper",
        "provider": "provider[\"registry.terraform.io/hashicorp/aws\"]",
        "instances": []
      },
      {
        "module": "module.ALB",
        "mode": "managed",
        "type": "aws_lb",
        "name": "ext-alb",
        "provider": "provider[\"registry.terraform.io/hashicorp/aws\"]",
        "instances": []
      },
      {
        "module": "module.ALB",
        "mode": "managed",
        "type": "aws_lb",
        "name": "ialb",
        "provider": "provider[\"registry.terraform.io/hashicorp/aws\"]",
        "instances": []
      },
      {
        "module": "module.ALB",
        "mode": "managed",
        "type": "aws_lb_listener",
        "name": "nginx-listner",
        "provider": "provider[\"registry.terraform.io/hashicorp/aws\"]",
        "instances": []
      },
      {
        "module": "module.ALB",
        "mode": "managed",
        "type": "aws_lb_listener",
        "name": "web-listener",
        "provider": "provider[\"registry.terraform.io/hashicorp/aws\"]",
        "instances": []
      },
      {
        "module": "module.ALB",
        "mode": "managed",
        "type": "aws_lb_listener_rule",
        "name": "tooling-listener",
        "provider": "provider[\"registry.terraform.io/hashicorp/aws\"]",
        "instances": []
      },
      {
        "module": "module.ALB",
        "mode": "managed",
        "type": "aws_lb_target_group",
        "name": "nginx-tgt",
        "provider": "provider[\"registry.terraform.io/hashicorp/aws\"]",
        "instances": [
          {
            "schema_version": 0,
            "attributes": {
              "arn": "arn:aws:elasticloadbalancing:us-east-1:571207880192:targetgroup/nginx-tgt/8a4c4a76b1154457",
              "arn_suffix": "targetgroup/nginx-tgt/8a4c4a76b1154457",
              "connection_termination": false,
              "deregistration_delay": "300",
              "health_check": [
                {
                  "enabled": true,
                  "healthy_threshold": 5,
                  "interval": 10,
                  "matcher": "200",
                  "path": "/healthstatus",
                  "port": "traffic-port",
                  "protocol": "HTTPS",
                  "timeout": 5,
                  "unhealthy_threshold": 2
                }
              ],
              "id": "arn:aws:elasticloadbalancing:us-east-1:571207880192:targetgroup/nginx-tgt/8a4c4a76b1154457",
              "ip_address_type": "ipv4",
              "lambda_multi_value_headers_enabled": false,
              "load_balancing_algorithm_type": "round_robin",
              "load_balancing_cross_zone_enabled": "use_load_balancer_configuration",
              "name": "nginx-tgt",
              "name_prefix": null,
              "port": 443,
              "preserve_client_ip": null,
              "protocol": "HTTPS",
              "protocol_version": "HTTP1",
              "proxy_protocol_v2": false,
              "slow_start": 0,
              "stickiness": [
                {
                  "cookie_duration": 86400,
                  "cookie_name": "",
                  "enabled": false,
                  "type": "lb_cookie"
                }
              ],
              "tags": {},
              "tags_all": {},
              "target_failover": [
                {
                  "on_deregistration": null,
                  "on_unhealthy": null
                }
              ],
              "target_type": "instance",
              "vpc_id": "vpc-0a9086fc52c029f0c"
            },
            "sensitive_attributes": [],
            "private": "bnVsbA==",
            "dependencies": [
              "module.VPC.aws_vpc.main"
            ]
          }
        ]
      },
      {
        "module": "module.ALB",
        "mode": "managed",
        "type": "aws_lb_target_group",
        "name": "tooling-tgt",
        "provider": "provider[\"registry.terraform.io/hashicorp/aws\"]",
        "instances": [
          {
            "schema_version": 0,
            "attributes": {
              "arn": "arn:aws:elasticloadbalancing:us-east-1:571207880192:targetgroup/david-tooling-tgt/9807fb7cdb758bed",
              "arn_suffix": "targetgroup/david-tooling-tgt/9807fb7cdb758bed",
              "connection_termination": false,
              "deregistration_delay": "300",
              "health_check": [
                {
                  "enabled": true,
                  "healthy_threshold": 5,
                  "interval": 10,
                  "matcher": "200",
                  "path": "/healthstatus",
                  "port": "traffic-port",
                  "protocol": "HTTPS",
                  "timeout": 5,
                  "unhealthy_threshold": 2
                }
              ],
              "id": "arn:aws:elasticloadbalancing:us-east-1:571207880192:targetgroup/david-tooling-tgt/9807fb7cdb758bed",
              "ip_address_type": "ipv4",
              "lambda_multi_value_headers_enabled": false,
              "load_balancing_algorithm_type": "round_robin",
              "load_balancing_cross_zone_enabled": "use_load_balancer_configuration",
              "name": "david-tooling-tgt",
              "name_prefix": null,
              "port": 443,
              "preserve_client_ip": null,
              "protocol": "HTTPS",
              "protocol_version": "HTTP1",
              "proxy_protocol_v2": false,
              "slow_start": 0,
              "stickiness": [
                {
                  "cookie_duration": 86400,
                  "cookie_name": "",
                  "enabled": false,
                  "type": "lb_cookie"
                }
              ],
              "tags": {},
              "tags_all": {},
              "target_failover": [
                {
                  "on_deregistration": null,
                  "on_unhealthy": null
                }
              ],
              "target_type": "instance",
              "vpc_id": "vpc-0a9086fc52c029f0c"
            },
            "sensitive_attributes": [],
            "private": "bnVsbA==",
            "dependencies": [
              "module.VPC.aws_vpc.main"
            ]
          }
        ]
      },
      {
        "module": "module.ALB",
        "mode": "managed",
        "type": "aws_lb_target_group",
        "name": "wordpress-tgt",
        "provider": "provider[\"registry.terraform.io/hashicorp/aws\"]",
        "instances": [
          {
            "schema_version": 0,
            "attributes": {
              "arn": "arn:aws:elasticloadbalancing:us-east-1:571207880192:targetgroup/wordpress-tgt/ec502a6c436dfc05",
              "arn_suffix": "targetgroup/wordpress-tgt/ec502a6c436dfc05",
              "connection_termination": false,
              "deregistration_delay": "300",
              "health_check": [
                {
                  "enabled": true,
                  "healthy_threshold": 5,
                  "interval": 10,
                  "matcher": "200",
                  "path": "/healthstatus",
                  "port": "traffic-port",
                  "protocol": "HTTPS",
                  "timeout": 5,
                  "unhealthy_threshold": 2
                }
              ],
              "id": "arn:aws:elasticloadbalancing:us-east-1:571207880192:targetgroup/wordpress-tgt/ec502a6c436dfc05",
              "ip_address_type": "ipv4",
              "lambda_multi_value_headers_enabled": false,
              "load_balancing_algorithm_type": "round_robin",
              "load_balancing_cross_zone_enabled": "use_load_balancer_configuration",
              "name": "wordpress-tgt",
              "name_prefix": null,
              "port": 443,
              "preserve_client_ip": null,
              "protocol": "HTTPS",
              "protocol_version": "HTTP1",
              "proxy_protocol_v2": false,
              "slow_start": 0,
              "stickiness": [
                {
                  "cookie_duration": 86400,
                  "cookie_name": "",
                  "enabled": false,
                  "type": "lb_cookie"
                }
              ],
              "tags": {},
              "tags_all": {},
              "target_failover": [
                {
                  "on_deregistration": null,
                  "on_unhealthy": null
                }
              ],
              "target_type": "instance",
              "vpc_id": "vpc-0a9086fc52c029f0c"
            },
            "sensitive_attributes": [],
            "private": "bnVsbA==",
            "dependencies": [
              "module.VPC.aws_vpc.main"
            ]
          }
        ]
      },
      {
        "module": "module.ALB",
        "mode": "managed",
        "type": "aws_route53_record",
        "name": "jendyjasper",
        "provider": "provider[\"registry.terraform.io/hashicorp/aws\"]",
        "instances": [
          {
            "index_key": "*.jendyjasper.com",
            "status": "tainted",
            "schema_version": 2,
            "attributes": {
              "alias": [],
              "allow_overwrite": true,
              "cidr_routing_policy": [],
              "failover_routing_policy": [],
              "fqdn": "_07b510157d642e36557aee3a58b8980f.jendyjasper.com",
              "geolocation_routing_policy": [],
              "health_check_id": "",
              "id": "Z07196322SM2KABU84T85__07b510157d642e36557aee3a58b8980f.jendyjasper.com._CNAME",
              "latency_routing_policy": [],
              "multivalue_answer_routing_policy": false,
              "name": "_07b510157d642e36557aee3a58b8980f.jendyjasper.com",
              "records": [
                "_bf7d60d432e866ee78212fc37e0eb8a3.zxstmrtdtf.acm-validations.aws."
              ],
              "set_identifier": "",
              "ttl": 60,
              "type": "CNAME",
              "weighted_routing_policy": [],
              "zone_id": "Z07196322SM2KABU84T85"
            },
            "sensitive_attributes": [],
            "private": "eyJzY2hlbWFfdmVyc2lvbiI6IjIifQ==",
            "dependencies": [
              "module.ALB.aws_acm_certificate.jendyjasper",
              "module.ALB.data.aws_route53_zone.jendyjasper"
            ]
          }
        ]
      },
      {
        "module": "module.ALB",
        "mode": "managed",
        "type": "aws_route53_record",
        "name": "tooling",
        "provider": "provider[\"registry.terraform.io/hashicorp/aws\"]",
        "instances": []
      },
      {
        "module": "module.ALB",
        "mode": "managed",
        "type": "aws_route53_record",
        "name": "wordpress",
        "provider": "provider[\"registry.terraform.io/hashicorp/aws\"]",
        "instances": []
      },
      {
        "module": "module.AutoScaling",
        "mode": "data",
        "type": "aws_availability_zones",
        "name": "available",
        "provider": "provider[\"registry.terraform.io/hashicorp/aws\"]",
        "instances": [
          {
            "schema_version": 0,
            "attributes": {
              "all_availability_zones": null,
              "exclude_names": null,
              "exclude_zone_ids": null,
              "filter": null,
              "group_names": [
                "us-east-1"
              ],
              "id": "us-east-1",
              "names": [
                "us-east-1a",
                "us-east-1b",
                "us-east-1c",
                "us-east-1d",
                "us-east-1e",
                "us-east-1f"
              ],
              "state": "available",
              "timeouts": null,
              "zone_ids": [
                "use1-az4",
                "use1-az6",
                "use1-az1",
                "use1-az2",
                "use1-az3",
                "use1-az5"
              ]
            },
            "sensitive_attributes": []
          }
        ]
      },
      {
        "module": "module.AutoScaling",
        "mode": "managed",
        "type": "aws_autoscaling_attachment",
        "name": "asg_attachment_nginx",
        "provider": "provider[\"registry.terraform.io/hashicorp/aws\"]",
        "instances": []
      },
      {
        "module": "module.AutoScaling",
        "mode": "managed",
        "type": "aws_autoscaling_attachment",
        "name": "asg_attachment_tooling",
        "provider": "provider[\"registry.terraform.io/hashicorp/aws\"]",
        "instances": []
      },
      {
        "module": "module.AutoScaling",
        "mode": "managed",
        "type": "aws_autoscaling_attachment",
        "name": "asg_attachment_wordpress",
        "provider": "provider[\"registry.terraform.io/hashicorp/aws\"]",
        "instances": []
      },
      {
        "module": "module.AutoScaling",
        "mode": "managed",
        "type": "aws_autoscaling_group",
        "name": "bastion-asg",
        "provider": "provider[\"registry.terraform.io/hashicorp/aws\"]",
        "instances": []
      },
      {
        "module": "module.AutoScaling",
        "mode": "managed",
        "type": "aws_autoscaling_group",
        "name": "nginx-asg",
        "provider": "provider[\"registry.terraform.io/hashicorp/aws\"]",
        "instances": []
      },
      {
        "module": "module.AutoScaling",
        "mode": "managed",
        "type": "aws_autoscaling_group",
        "name": "tooling-asg",
        "provider": "provider[\"registry.terraform.io/hashicorp/aws\"]",
        "instances": []
      },
      {
        "module": "module.AutoScaling",
        "mode": "managed",
        "type": "aws_autoscaling_group",
        "name": "wordpress-asg",
        "provider": "provider[\"registry.terraform.io/hashicorp/aws\"]",
        "instances": []
      },
      {
        "module": "module.AutoScaling",
        "mode": "managed",
        "type": "aws_autoscaling_notification",
        "name": "jendy_notifications",
        "provider": "provider[\"registry.terraform.io/hashicorp/aws\"]",
        "instances": []
      },
      {
        "module": "module.AutoScaling",
        "mode": "managed",
        "type": "aws_launch_template",
        "name": "bastion-launch-template",
        "provider": "provider[\"registry.terraform.io/hashicorp/aws\"]",
        "instances": [
          {
            "schema_version": 0,
            "attributes": {
              "arn": "arn:aws:ec2:us-east-1:571207880192:launch-template/lt-07f0df271b4b49ae5",
              "block_device_mappings": [],
              "capacity_reservation_specification": [],
              "cpu_options": [],
              "credit_specification": [],
              "default_version": 1,
              "description": "",
              "disable_api_stop": false,
              "disable_api_termination": false,
              "ebs_optimized": "",
              "elastic_gpu_specifications": [],
              "elastic_inference_accelerator": [],
              "enclave_options": [],
              "hibernation_options": [],
              "iam_instance_profile": [
                {
                  "arn": "",
                  "name": "aws_instance_profile_test"
                }
              ],
              "id": "lt-07f0df271b4b49ae5",
              "image_id": "ami-06640050dc3f556bb",
              "instance_initiated_shutdown_behavior": "",
              "instance_market_options": [],
              "instance_requirements": [],
              "instance_type": "t2.micro",
              "kernel_id": "",
              "key_name": "Darey-AWS",
              "latest_version": 1,
              "license_specification": [],
              "maintenance_options": [],
              "metadata_options": [],
              "monitoring": [],
              "name": "terraform-20230817101705640900000007",
              "name_prefix": "terraform-",
              "network_interfaces": [],
              "placement": [
                {
                  "affinity": "",
                  "availability_zone": "random_shuffle.az_list.result",
                  "group_name": "",
                  "host_id": "",
                  "host_resource_group_arn": "",
                  "partition_number": 0,
                  "spread_domain": "",
                  "tenancy": ""
                }
              ],
              "private_dns_name_options": [],
              "ram_disk_id": "",
              "security_group_names": null,
              "tag_specifications": [
                {
                  "resource_type": "instance",
                  "tags": {
                    "Name": "bastion-launch-template"
                  }
                }
              ],
              "tags": null,
              "tags_all": {},
              "update_default_version": null,
              "user_data": "",
              "vpc_security_group_ids": [
                "sg-03e9dcb24af112d24"
              ]
            },
            "sensitive_attributes": [],
            "private": "bnVsbA==",
            "dependencies": [
              "module.VPC.aws_iam_instance_profile.ip",
              "module.security.aws_security_group.ACS"
            ],
            "create_before_destroy": true
          }
        ]
      },
      {
        "module": "module.AutoScaling",
        "mode": "managed",
        "type": "aws_launch_template",
        "name": "nginx-launch-template",
        "provider": "provider[\"registry.terraform.io/hashicorp/aws\"]",
        "instances": [
          {
            "schema_version": 0,
            "attributes": {
              "arn": "arn:aws:ec2:us-east-1:571207880192:launch-template/lt-037c0b8b829e629b4",
              "block_device_mappings": [],
              "capacity_reservation_specification": [],
              "cpu_options": [],
              "credit_specification": [],
              "default_version": 1,
              "description": "",
              "disable_api_stop": false,
              "disable_api_termination": false,
              "ebs_optimized": "",
              "elastic_gpu_specifications": [],
              "elastic_inference_accelerator": [],
              "enclave_options": [],
              "hibernation_options": [],
              "iam_instance_profile": [
                {
                  "arn": "",
                  "name": "aws_instance_profile_test"
                }
              ],
              "id": "lt-037c0b8b829e629b4",
              "image_id": "ami-06640050dc3f556bb",
              "instance_initiated_shutdown_behavior": "",
              "instance_market_options": [],
              "instance_requirements": [],
              "instance_type": "t2.micro",
              "kernel_id": "",
              "key_name": "Darey-AWS",
              "latest_version": 1,
              "license_specification": [],
              "maintenance_options": [],
              "metadata_options": [],
              "monitoring": [],
              "name": "terraform-20230817101705338700000003",
              "name_prefix": "terraform-",
              "network_interfaces": [],
              "placement": [
                {
                  "affinity": "",
                  "availability_zone": "random_shuffle.az_list.result",
                  "group_name": "",
                  "host_id": "",
                  "host_resource_group_arn": "",
                  "partition_number": 0,
                  "spread_domain": "",
                  "tenancy": ""
                }
              ],
              "private_dns_name_options": [],
              "ram_disk_id": "",
              "security_group_names": null,
              "tag_specifications": [
                {
                  "resource_type": "instance",
                  "tags": {
                    "Name": "nginx-launch-template"
                  }
                }
              ],
              "tags": null,
              "tags_all": {},
              "update_default_version": null,
              "user_data": "",
              "vpc_security_group_ids": [
                "sg-0f98ecd23dc8c7e14"
              ]
            },
            "sensitive_attributes": [],
            "private": "bnVsbA==",
            "dependencies": [
              "module.VPC.aws_iam_instance_profile.ip",
              "module.security.aws_security_group.ACS"
            ],
            "create_before_destroy": true
          }
        ]
      },
      {
        "module": "module.AutoScaling",
        "mode": "managed",
        "type": "aws_launch_template",
        "name": "tooling-launch-template",
        "provider": "provider[\"registry.terraform.io/hashicorp/aws\"]",
        "instances": [
          {
            "schema_version": 0,
            "attributes": {
              "arn": "arn:aws:ec2:us-east-1:571207880192:launch-template/lt-010dc7c25bc9ec001",
              "block_device_mappings": [],
              "capacity_reservation_specification": [],
              "cpu_options": [],
              "credit_specification": [],
              "default_version": 1,
              "description": "",
              "disable_api_stop": false,
              "disable_api_termination": false,
              "ebs_optimized": "",
              "elastic_gpu_specifications": [],
              "elastic_inference_accelerator": [],
              "enclave_options": [],
              "hibernation_options": [],
              "iam_instance_profile": [
                {
                  "arn": "",
                  "name": "aws_instance_profile_test"
                }
              ],
              "id": "lt-010dc7c25bc9ec001",
              "image_id": "ami-06640050dc3f556bb",
              "instance_initiated_shutdown_behavior": "",
              "instance_market_options": [],
              "instance_requirements": [],
              "instance_type": "t2.micro",
              "kernel_id": "",
              "key_name": "Darey-AWS",
              "latest_version": 1,
              "license_specification": [],
              "maintenance_options": [],
              "metadata_options": [],
              "monitoring": [],
              "name": "terraform-20230817101705237400000001",
              "name_prefix": "terraform-",
              "network_interfaces": [],
              "placement": [
                {
                  "affinity": "",
                  "availability_zone": "random_shuffle.az_list.result",
                  "group_name": "",
                  "host_id": "",
                  "host_resource_group_arn": "",
                  "partition_number": 0,
                  "spread_domain": "",
                  "tenancy": ""
                }
              ],
              "private_dns_name_options": [],
              "ram_disk_id": "",
              "security_group_names": null,
              "tag_specifications": [
                {
                  "resource_type": "instance",
                  "tags": {
                    "Name": "tooling-launch-template"
                  }
                }
              ],
              "tags": null,
              "tags_all": {},
              "update_default_version": null,
              "user_data": "",
              "vpc_security_group_ids": [
                "sg-0f3f9ba45f3a53429"
              ]
            },
            "sensitive_attributes": [],
            "private": "bnVsbA==",
            "dependencies": [
              "module.VPC.aws_iam_instance_profile.ip",
              "module.security.aws_security_group.ACS"
            ],
            "create_before_destroy": true
          }
        ]
      },
      {
        "module": "module.AutoScaling",
        "mode": "managed",
        "type": "aws_launch_template",
        "name": "wordpress-launch-template",
        "provider": "provider[\"registry.terraform.io/hashicorp/aws\"]",
        "instances": [
          {
            "schema_version": 0,
            "attributes": {
              "arn": "arn:aws:ec2:us-east-1:571207880192:launch-template/lt-068b546cee09756a2",
              "block_device_mappings": [],
              "capacity_reservation_specification": [],
              "cpu_options": [],
              "credit_specification": [],
              "default_version": 1,
              "description": "",
              "disable_api_stop": false,
              "disable_api_termination": false,
              "ebs_optimized": "",
              "elastic_gpu_specifications": [],
              "elastic_inference_accelerator": [],
              "enclave_options": [],
              "hibernation_options": [],
              "iam_instance_profile": [
                {
                  "arn": "",
                  "name": "aws_instance_profile_test"
                }
              ],
              "id": "lt-068b546cee09756a2",
              "image_id": "ami-06640050dc3f556bb",
              "instance_initiated_shutdown_behavior": "",
              "instance_market_options": [],
              "instance_requirements": [],
              "instance_type": "t2.micro",
              "kernel_id": "",
              "key_name": "Darey-AWS",
              "latest_version": 1,
              "license_specification": [],
              "maintenance_options": [],
              "metadata_options": [],
              "monitoring": [],
              "name": "terraform-20230817101705419100000005",
              "name_prefix": "terraform-",
              "network_interfaces": [],
              "placement": [
                {
                  "affinity": "",
                  "availability_zone": "random_shuffle.az_list.result",
                  "group_name": "",
                  "host_id": "",
                  "host_resource_group_arn": "",
                  "partition_number": 0,
                  "spread_domain": "",
                  "tenancy": ""
                }
              ],
              "private_dns_name_options": [],
              "ram_disk_id": "",
              "security_group_names": null,
              "tag_specifications": [
                {
                  "resource_type": "instance",
                  "tags": {
                    "Name": "wordpress-launch-template"
                  }
                }
              ],
              "tags": null,
              "tags_all": {},
              "update_default_version": null,
              "user_data": "",
              "vpc_security_group_ids": [
                "sg-0f3f9ba45f3a53429"
              ]
            },
            "sensitive_attributes": [],
            "private": "bnVsbA==",
            "dependencies": [
              "module.VPC.aws_iam_instance_profile.ip",
              "module.security.aws_security_group.ACS"
            ],
            "create_before_destroy": true
          }
        ]
      },
      {
        "module": "module.AutoScaling",
        "mode": "managed",
        "type": "aws_sns_topic",
        "name": "ACS-sns",
        "provider": "provider[\"registry.terraform.io/hashicorp/aws\"]",
        "instances": [
          {
            "schema_version": 0,
            "attributes": {
              "application_failure_feedback_role_arn": "",
              "application_success_feedback_role_arn": "",
              "application_success_feedback_sample_rate": 0,
              "arn": "arn:aws:sns:us-east-1:571207880192:Default_CloudWatch_Alarms_Topic",
              "content_based_deduplication": false,
              "delivery_policy": "",
              "display_name": "",
              "fifo_topic": false,
              "firehose_failure_feedback_role_arn": "",
              "firehose_success_feedback_role_arn": "",
              "firehose_success_feedback_sample_rate": 0,
              "http_failure_feedback_role_arn": "",
              "http_success_feedback_role_arn": "",
              "http_success_feedback_sample_rate": 0,
              "id": "arn:aws:sns:us-east-1:571207880192:Default_CloudWatch_Alarms_Topic",
              "kms_master_key_id": "",
              "lambda_failure_feedback_role_arn": "",
              "lambda_success_feedback_role_arn": "",
              "lambda_success_feedback_sample_rate": 0,
              "name": "Default_CloudWatch_Alarms_Topic",
              "name_prefix": "",
              "owner": "571207880192",
              "policy": "{\"Id\":\"__default_policy_ID\",\"Statement\":[{\"Action\":[\"SNS:GetTopicAttributes\",\"SNS:SetTopicAttributes\",\"SNS:AddPermission\",\"SNS:RemovePermission\",\"SNS:DeleteTopic\",\"SNS:Subscribe\",\"SNS:ListSubscriptionsByTopic\",\"SNS:Publish\"],\"Condition\":{\"StringEquals\":{\"AWS:SourceOwner\":\"571207880192\"}},\"Effect\":\"Allow\",\"Principal\":{\"AWS\":\"*\"},\"Resource\":\"arn:aws:sns:us-east-1:571207880192:Default_CloudWatch_Alarms_Topic\",\"Sid\":\"__default_statement_ID\"}],\"Version\":\"2008-10-17\"}",
              "signature_version": 0,
              "sqs_failure_feedback_role_arn": "",
              "sqs_success_feedback_role_arn": "",
              "sqs_success_feedback_sample_rate": 0,
              "tags": {},
              "tags_all": {},
              "tracing_config": ""
            },
            "sensitive_attributes": [],
            "private": "bnVsbA=="
          }
        ]
      },
      {
        "module": "module.AutoScaling",
        "mode": "managed",
        "type": "random_shuffle",
        "name": "az_list",
        "provider": "provider[\"registry.terraform.io/hashicorp/random\"]",
        "instances": [
          {
            "schema_version": 0,
            "attributes": {
              "id": "-",
              "input": [
                "us-east-1a",
                "us-east-1b",
                "us-east-1c",
                "us-east-1d",
                "us-east-1e",
                "us-east-1f"
              ],
              "keepers": null,
              "result": [
                "us-east-1e",
                "us-east-1d",
                "us-east-1c",
                "us-east-1b",
                "us-east-1f",
                "us-east-1a"
              ],
              "result_count": null,
              "seed": null
            },
            "sensitive_attributes": [],
            "dependencies": [
              "module.AutoScaling.data.aws_availability_zones.available"
            ]
          }
        ]
      },
      {
        "module": "module.EFS",
        "mode": "managed",
        "type": "aws_efs_access_point",
        "name": "tooling",
        "provider": "provider[\"registry.terraform.io/hashicorp/aws\"]",
        "instances": [
          {
            "schema_version": 0,
            "attributes": {
              "arn": "arn:aws:elasticfilesystem:us-east-1:571207880192:access-point/fsap-0aac0e728b628cd9f",
              "file_system_arn": "arn:aws:elasticfilesystem:us-east-1:571207880192:file-system/fs-0d8bdc89ea3ffeaeb",
              "file_system_id": "fs-0d8bdc89ea3ffeaeb",
              "id": "fsap-0aac0e728b628cd9f",
              "owner_id": "571207880192",
              "posix_user": [
                {
                  "gid": 0,
                  "secondary_gids": [],
                  "uid": 0
                }
              ],
              "root_directory": [
                {
                  "creation_info": [
                    {
                      "owner_gid": 0,
                      "owner_uid": 0,
                      "permissions": "755"
                    }
                  ],
                  "path": "/tooling"
                }
              ],
              "tags": {},
              "tags_all": {}
            },
            "sensitive_attributes": [],
            "private": "bnVsbA==",
            "dependencies": [
              "module.EFS.aws_efs_file_system.ACS-efs",
              "module.EFS.aws_kms_key.ACS-kms"
            ]
          }
        ]
      },
      {
        "module": "module.EFS",
        "mode": "managed",
        "type": "aws_efs_access_point",
        "name": "wordpress",
        "provider": "provider[\"registry.terraform.io/hashicorp/aws\"]",
        "instances": [
          {
            "schema_version": 0,
            "attributes": {
              "arn": "arn:aws:elasticfilesystem:us-east-1:571207880192:access-point/fsap-0315916c11550e68a",
              "file_system_arn": "arn:aws:elasticfilesystem:us-east-1:571207880192:file-system/fs-0d8bdc89ea3ffeaeb",
              "file_system_id": "fs-0d8bdc89ea3ffeaeb",
              "id": "fsap-0315916c11550e68a",
              "owner_id": "571207880192",
              "posix_user": [
                {
                  "gid": 0,
                  "secondary_gids": [],
                  "uid": 0
                }
              ],
              "root_directory": [
                {
                  "creation_info": [
                    {
                      "owner_gid": 0,
                      "owner_uid": 0,
                      "permissions": "755"
                    }
                  ],
                  "path": "/wordpress"
                }
              ],
              "tags": {},
              "tags_all": {}
            },
            "sensitive_attributes": [],
            "private": "bnVsbA==",
            "dependencies": [
              "module.EFS.aws_efs_file_system.ACS-efs",
              "module.EFS.aws_kms_key.ACS-kms"
            ]
          }
        ]
      },
      {
        "module": "module.EFS",
        "mode": "managed",
        "type": "aws_efs_file_system",
        "name": "ACS-efs",
        "provider": "provider[\"registry.terraform.io/hashicorp/aws\"]",
        "instances": [
          {
            "schema_version": 0,
            "attributes": {
              "arn": "arn:aws:elasticfilesystem:us-east-1:571207880192:file-system/fs-0d8bdc89ea3ffeaeb",
              "availability_zone_id": "",
              "availability_zone_name": "",
              "creation_token": "terraform-20230817101626798300000003",
              "dns_name": "fs-0d8bdc89ea3ffeaeb.efs.us-east-1.amazonaws.com",
              "encrypted": true,
              "id": "fs-0d8bdc89ea3ffeaeb",
              "kms_key_id": "arn:aws:kms:us-east-1:571207880192:key/ee0b55ca-69cd-4adf-9f98-eab381d8d531",
              "lifecycle_policy": [],
              "number_of_mount_targets": 0,
              "owner_id": "571207880192",
              "performance_mode": "generalPurpose",
              "provisioned_throughput_in_mibps": 0,
              "size_in_bytes": [
                {
                  "value": 6144,
                  "value_in_ia": 0,
                  "value_in_standard": 6144
                }
              ],
              "tags": {
                "Name": "ACS-file-system"
              },
              "tags_all": {
                "Name": "ACS-file-system"
              },
              "throughput_mode": "bursting"
            },
            "sensitive_attributes": [],
            "private": "bnVsbA==",
            "dependencies": [
              "module.EFS.aws_kms_key.ACS-kms"
            ]
          }
        ]
      },
      {
        "module": "module.EFS",
        "mode": "managed",
        "type": "aws_efs_mount_target",
        "name": "subnet-1",
        "provider": "provider[\"registry.terraform.io/hashicorp/aws\"]",
        "instances": []
      },
      {
        "module": "module.EFS",
        "mode": "managed",
        "type": "aws_efs_mount_target",
        "name": "subnet-2",
        "provider": "provider[\"registry.terraform.io/hashicorp/aws\"]",
        "instances": []
      },
      {
        "module": "module.EFS",
        "mode": "managed",
        "type": "aws_kms_alias",
        "name": "alias",
        "provider": "provider[\"registry.terraform.io/hashicorp/aws\"]",
        "instances": [
          {
            "schema_version": 0,
            "attributes": {
              "arn": "arn:aws:kms:us-east-1:571207880192:alias/kms",
              "id": "alias/kms",
              "name": "alias/kms",
              "name_prefix": "",
              "target_key_arn": "arn:aws:kms:us-east-1:571207880192:key/ee0b55ca-69cd-4adf-9f98-eab381d8d531",
              "target_key_id": "ee0b55ca-69cd-4adf-9f98-eab381d8d531"
            },
            "sensitive_attributes": [],
            "private": "bnVsbA==",
            "dependencies": [
              "module.EFS.aws_kms_key.ACS-kms"
            ]
          }
        ]
      },
      {
        "module": "module.EFS",
        "mode": "managed",
        "type": "aws_kms_key",
        "name": "ACS-kms",
        "provider": "provider[\"registry.terraform.io/hashicorp/aws\"]",
        "instances": [
          {
            "schema_version": 0,
            "attributes": {
              "arn": "arn:aws:kms:us-east-1:571207880192:key/ee0b55ca-69cd-4adf-9f98-eab381d8d531",
              "bypass_policy_lockout_safety_check": false,
              "custom_key_store_id": "",
              "customer_master_key_spec": "SYMMETRIC_DEFAULT",
              "deletion_window_in_days": null,
              "description": "KMS key ",
              "enable_key_rotation": false,
              "id": "ee0b55ca-69cd-4adf-9f98-eab381d8d531",
              "is_enabled": true,
              "key_id": "ee0b55ca-69cd-4adf-9f98-eab381d8d531",
              "key_usage": "ENCRYPT_DECRYPT",
              "multi_region": false,
              "policy": "{\"Id\":\"kms-key-policy\",\"Statement\":[{\"Action\":\"kms:*\",\"Effect\":\"Allow\",\"Principal\":{\"AWS\":\"arn:aws:iam::571207880192:user/terraform\"},\"Resource\":\"*\",\"Sid\":\"Enable IAM User Permissions\"}],\"Version\":\"2012-10-17\"}",
              "tags": {},
              "tags_all": {}
            },
            "sensitive_attributes": [],
            "private": "bnVsbA=="
          }
        ]
      },
      {
        "module": "module.RDS",
        "mode": "managed",
        "type": "aws_db_instance",
        "name": "ACS-rds",
        "provider": "provider[\"registry.terraform.io/hashicorp/aws\"]",
        "instances": []
      },
      {
        "module": "module.RDS",
        "mode": "managed",
        "type": "aws_db_subnet_group",
        "name": "ACS-rds",
        "provider": "provider[\"registry.terraform.io/hashicorp/aws\"]",
        "instances": []
      },
      {
        "module": "module.VPC",
        "mode": "data",
        "type": "aws_availability_zones",
        "name": "available",
        "provider": "provider[\"registry.terraform.io/hashicorp/aws\"]",
        "instances": [
          {
            "schema_version": 0,
            "attributes": {
              "all_availability_zones": null,
              "exclude_names": null,
              "exclude_zone_ids": null,
              "filter": null,
              "group_names": [
                "us-east-1"
              ],
              "id": "us-east-1",
              "names": [
                "us-east-1a",
                "us-east-1b",
                "us-east-1c",
                "us-east-1d",
                "us-east-1e",
                "us-east-1f"
              ],
              "state": "available",
              "timeouts": null,
              "zone_ids": [
                "use1-az4",
                "use1-az6",
                "use1-az1",
                "use1-az2",
                "use1-az3",
                "use1-az5"
              ]
            },
            "sensitive_attributes": []
          }
        ]
      },
      {
        "module": "module.VPC",
        "mode": "managed",
        "type": "aws_eip",
        "name": "nat_eip",
        "provider": "provider[\"registry.terraform.io/hashicorp/aws\"]",
        "instances": [
          {
            "schema_version": 0,
            "attributes": {
              "address": null,
              "allocation_id": "eipalloc-00d3927701c1c10e7",
              "associate_with_private_ip": null,
              "association_id": "",
              "carrier_ip": "",
              "customer_owned_ip": "",
              "customer_owned_ipv4_pool": "",
              "domain": "vpc",
              "id": "eipalloc-00d3927701c1c10e7",
              "instance": "",
              "network_border_group": "us-east-1",
              "network_interface": "",
              "private_dns": null,
              "private_ip": "",
              "public_dns": "ec2-44-212-133-44.compute-1.amazonaws.com",
              "public_ip": "44.212.133.44",
              "public_ipv4_pool": "amazon",
              "tags": {
                "Name": "ACS-EIP"
              },
              "tags_all": {
                "Name": "ACS-EIP"
              },
              "timeouts": null,
              "vpc": true
            },
            "sensitive_attributes": [],
            "private": "eyJlMmJmYjczMC1lY2FhLTExZTYtOGY4OC0zNDM2M2JjN2M0YzAiOnsiZGVsZXRlIjoxODAwMDAwMDAwMDAsInJlYWQiOjkwMDAwMDAwMDAwMCwidXBkYXRlIjozMDAwMDAwMDAwMDB9fQ==",
            "dependencies": [
              "module.VPC.aws_internet_gateway.ig"
            ]
          }
        ]
      },
      {
        "module": "module.VPC",
        "mode": "managed",
        "type": "aws_iam_instance_profile",
        "name": "ip",
        "provider": "provider[\"registry.terraform.io/hashicorp/aws\"]",
        "instances": [
          {
            "schema_version": 0,
            "attributes": {
              "arn": "arn:aws:iam::571207880192:instance-profile/aws_instance_profile_test",
              "create_date": "2023-08-17T10:16:22Z",
              "id": "aws_instance_profile_test",
              "name": "aws_instance_profile_test",
              "name_prefix": "",
              "path": "/",
              "role": "ec2_instance_role",
              "tags": {},
              "tags_all": {},
              "unique_id": "AIPAYJ7VERYALLNS3UPJU"
            },
            "sensitive_attributes": [],
            "private": "bnVsbA==",
            "dependencies": [
              "module.VPC.aws_iam_role.ec2_instance_role"
            ],
            "create_before_destroy": true
          }
        ]
      },
      {
        "module": "module.VPC",
        "mode": "managed",
        "type": "aws_iam_policy",
        "name": "policy",
        "provider": "provider[\"registry.terraform.io/hashicorp/aws\"]",
        "instances": [
          {
            "schema_version": 0,
            "attributes": {
              "arn": "arn:aws:iam::571207880192:policy/ec2_instance_policy",
              "description": "A test policy",
              "id": "arn:aws:iam::571207880192:policy/ec2_instance_policy",
              "name": "ec2_instance_policy",
              "name_prefix": "",
              "path": "/",
              "policy": "{\"Statement\":[{\"Action\":[\"ec2:Describe*\"],\"Effect\":\"Allow\",\"Resource\":\"*\"}],\"Version\":\"2012-10-17\"}",
              "policy_id": "ANPAYJ7VERYAGPO3SSZXY",
              "tags": {
                "Name": "aws assume policy"
              },
              "tags_all": {
                "Name": "aws assume policy"
              }
            },
            "sensitive_attributes": [],
            "private": "bnVsbA=="
          }
        ]
      },
      {
        "module": "module.VPC",
        "mode": "managed",
        "type": "aws_iam_role",
        "name": "ec2_instance_role",
        "provider": "provider[\"registry.terraform.io/hashicorp/aws\"]",
        "instances": [
          {
            "schema_version": 0,
            "attributes": {
              "arn": "arn:aws:iam::571207880192:role/ec2_instance_role",
              "assume_role_policy": "{\"Statement\":[{\"Action\":\"sts:AssumeRole\",\"Effect\":\"Allow\",\"Principal\":{\"Service\":\"ec2.amazonaws.com\"},\"Sid\":\"\"}],\"Version\":\"2012-10-17\"}",
              "create_date": "2023-08-17T10:16:22Z",
              "description": "",
              "force_detach_policies": false,
              "id": "ec2_instance_role",
              "inline_policy": [],
              "managed_policy_arns": [
                "arn:aws:iam::571207880192:policy/ec2_instance_policy"
              ],
              "max_session_duration": 3600,
              "name": "ec2_instance_role",
              "name_prefix": "",
              "path": "/",
              "permissions_boundary": null,
              "tags": {
                "Name": "aws assume role"
              },
              "tags_all": {
                "Name": "aws assume role"
              },
              "unique_id": "AROAYJ7VERYAFKY5ANUEC"
            },
            "sensitive_attributes": [],
            "private": "bnVsbA==",
            "create_before_destroy": true
          }
        ]
      },
      {
        "module": "module.VPC",
        "mode": "managed",
        "type": "aws_iam_role_policy_attachment",
        "name": "test-attach",
        "provider": "provider[\"registry.terraform.io/hashicorp/aws\"]",
        "instances": [
          {
            "schema_version": 0,
            "attributes": {
              "id": "ec2_instance_role-20230817101622728000000002",
              "policy_arn": "arn:aws:iam::571207880192:policy/ec2_instance_policy",
              "role": "ec2_instance_role"
            },
            "sensitive_attributes": [],
            "private": "bnVsbA==",
            "dependencies": [
              "module.VPC.aws_iam_policy.policy",
              "module.VPC.aws_iam_role.ec2_instance_role"
            ]
          }
        ]
      },
      {
        "module": "module.VPC",
        "mode": "managed",
        "type": "aws_internet_gateway",
        "name": "ig",
        "provider": "provider[\"registry.terraform.io/hashicorp/aws\"]",
        "instances": [
          {
            "schema_version": 0,
            "attributes": {
              "arn": "arn:aws:ec2:us-east-1:571207880192:internet-gateway/igw-0258cd214f8950397",
              "id": "igw-0258cd214f8950397",
              "owner_id": "571207880192",
              "tags": {
                "Name": "vpc-0a9086fc52c029f0c-IG!"
              },
              "tags_all": {
                "Name": "vpc-0a9086fc52c029f0c-IG!"
              },
              "timeouts": null,
              "vpc_id": "vpc-0a9086fc52c029f0c"
            },
            "sensitive_attributes": [],
            "private": "eyJlMmJmYjczMC1lY2FhLTExZTYtOGY4OC0zNDM2M2JjN2M0YzAiOnsiY3JlYXRlIjoxMjAwMDAwMDAwMDAwLCJkZWxldGUiOjEyMDAwMDAwMDAwMDAsInVwZGF0ZSI6MTIwMDAwMDAwMDAwMH19",
            "dependencies": [
              "module.VPC.aws_vpc.main"
            ]
          }
        ]
      },
      {
        "module": "module.VPC",
        "mode": "managed",
        "type": "aws_nat_gateway",
        "name": "nat",
        "provider": "provider[\"registry.terraform.io/hashicorp/aws\"]",
        "instances": []
      },
      {
        "module": "module.VPC",
        "mode": "managed",
        "type": "aws_route",
        "name": "public-rtb-route",
        "provider": "provider[\"registry.terraform.io/hashicorp/aws\"]",
        "instances": [
          {
            "schema_version": 0,
            "attributes": {
              "carrier_gateway_id": "",
              "core_network_arn": "",
              "destination_cidr_block": "0.0.0.0/0",
              "destination_ipv6_cidr_block": "",
              "destination_prefix_list_id": "",
              "egress_only_gateway_id": "",
              "gateway_id": "igw-0258cd214f8950397",
              "id": "r-rtb-0889f74f700f6a41a1080289494",
              "instance_id": "",
              "instance_owner_id": "",
              "local_gateway_id": "",
              "nat_gateway_id": "",
              "network_interface_id": "",
              "origin": "CreateRoute",
              "route_table_id": "rtb-0889f74f700f6a41a",
              "state": "active",
              "timeouts": null,
              "transit_gateway_id": "",
              "vpc_endpoint_id": "",
              "vpc_peering_connection_id": ""
            },
            "sensitive_attributes": [],
            "private": "eyJlMmJmYjczMC1lY2FhLTExZTYtOGY4OC0zNDM2M2JjN2M0YzAiOnsiY3JlYXRlIjozMDAwMDAwMDAwMDAsImRlbGV0ZSI6MzAwMDAwMDAwMDAwLCJ1cGRhdGUiOjEyMDAwMDAwMDAwMH19",
            "dependencies": [
              "module.VPC.aws_internet_gateway.ig",
              "module.VPC.aws_route_table.public-rtb"
            ]
          }
        ]
      },
      {
        "module": "module.VPC",
        "mode": "managed",
        "type": "aws_route_table",
        "name": "private-rtb",
        "provider": "provider[\"registry.terraform.io/hashicorp/aws\"]",
        "instances": [
          {
            "schema_version": 0,
            "attributes": {
              "arn": "arn:aws:ec2:us-east-1:571207880192:route-table/rtb-0eb9a43fe45b83df6",
              "id": "rtb-0eb9a43fe45b83df6",
              "owner_id": "571207880192",
              "propagating_vgws": [],
              "route": [],
              "tags": {
                "Name": "ACS-Private-Route-Table"
              },
              "tags_all": {
                "Name": "ACS-Private-Route-Table"
              },
              "timeouts": null,
              "vpc_id": "vpc-0a9086fc52c029f0c"
            },
            "sensitive_attributes": [],
            "private": "eyJlMmJmYjczMC1lY2FhLTExZTYtOGY4OC0zNDM2M2JjN2M0YzAiOnsiY3JlYXRlIjozMDAwMDAwMDAwMDAsImRlbGV0ZSI6MzAwMDAwMDAwMDAwLCJ1cGRhdGUiOjEyMDAwMDAwMDAwMH19",
            "dependencies": [
              "module.VPC.aws_vpc.main"
            ]
          }
        ]
      },
      {
        "module": "module.VPC",
        "mode": "managed",
        "type": "aws_route_table",
        "name": "public-rtb",
        "provider": "provider[\"registry.terraform.io/hashicorp/aws\"]",
        "instances": [
          {
            "schema_version": 0,
            "attributes": {
              "arn": "arn:aws:ec2:us-east-1:571207880192:route-table/rtb-0889f74f700f6a41a",
              "id": "rtb-0889f74f700f6a41a",
              "owner_id": "571207880192",
              "propagating_vgws": [],
              "route": [
                {
                  "carrier_gateway_id": "",
                  "cidr_block": "0.0.0.0/0",
                  "core_network_arn": "",
                  "destination_prefix_list_id": "",
                  "egress_only_gateway_id": "",
                  "gateway_id": "igw-0258cd214f8950397",
                  "ipv6_cidr_block": "",
                  "local_gateway_id": "",
                  "nat_gateway_id": "",
                  "network_interface_id": "",
                  "transit_gateway_id": "",
                  "vpc_endpoint_id": "",
                  "vpc_peering_connection_id": ""
                }
              ],
              "tags": {
                "Name": "ACS-Public-Route-Table"
              },
              "tags_all": {
                "Name": "ACS-Public-Route-Table"
              },
              "timeouts": null,
              "vpc_id": "vpc-0a9086fc52c029f0c"
            },
            "sensitive_attributes": [],
            "private": "eyJlMmJmYjczMC1lY2FhLTExZTYtOGY4OC0zNDM2M2JjN2M0YzAiOnsiY3JlYXRlIjozMDAwMDAwMDAwMDAsImRlbGV0ZSI6MzAwMDAwMDAwMDAwLCJ1cGRhdGUiOjEyMDAwMDAwMDAwMH19",
            "dependencies": [
              "module.VPC.aws_vpc.main"
            ]
          }
        ]
      },
      {
        "module": "module.VPC",
        "mode": "managed",
        "type": "aws_subnet",
        "name": "private",
        "provider": "provider[\"registry.terraform.io/hashicorp/aws\"]",
        "instances": [
          {
            "index_key": 0,
            "status": "tainted",
            "schema_version": 1,
            "attributes": {
              "arn": null,
              "assign_ipv6_address_on_creation": false,
              "availability_zone": "us-east-1a",
              "availability_zone_id": null,
              "cidr_block": "172.16.1.0/24",
              "customer_owned_ipv4_pool": null,
              "enable_dns64": false,
              "enable_lni_at_device_index": null,
              "enable_resource_name_dns_a_record_on_launch": false,
              "enable_resource_name_dns_aaaa_record_on_launch": false,
              "id": "subnet-0dbf98a4ea27441a3",
              "ipv6_cidr_block": null,
              "ipv6_cidr_block_association_id": null,
              "ipv6_native": false,
              "map_customer_owned_ip_on_launch": null,
              "map_public_ip_on_launch": true,
              "outpost_arn": null,
              "owner_id": null,
              "private_dns_hostname_type_on_launch": null,
              "tags": {
                "Name": "ACS-PrivateSubnet-0"
              },
              "tags_all": {
                "Name": "ACS-PrivateSubnet-0"
              },
              "timeouts": null,
              "vpc_id": "vpc-0a9086fc52c029f0c"
            },
            "sensitive_attributes": [],
            "private": "eyJlMmJmYjczMC1lY2FhLTExZTYtOGY4OC0zNDM2M2JjN2M0YzAiOnsiY3JlYXRlIjo2MDAwMDAwMDAwMDAsImRlbGV0ZSI6MTIwMDAwMDAwMDAwMH0sInNjaGVtYV92ZXJzaW9uIjoiMSJ9",
            "dependencies": [
              "module.VPC.aws_vpc.main",
              "module.VPC.data.aws_availability_zones.available"
            ]
          },
          {
            "index_key": 1,
            "status": "tainted",
            "schema_version": 1,
            "attributes": {
              "arn": null,
              "assign_ipv6_address_on_creation": false,
              "availability_zone": "us-east-1b",
              "availability_zone_id": null,
              "cidr_block": "172.16.3.0/24",
              "customer_owned_ipv4_pool": null,
              "enable_dns64": false,
              "enable_lni_at_device_index": null,
              "enable_resource_name_dns_a_record_on_launch": false,
              "enable_resource_name_dns_aaaa_record_on_launch": false,
              "id": "subnet-0e9a8f8d5a422853d",
              "ipv6_cidr_block": null,
              "ipv6_cidr_block_association_id": null,
              "ipv6_native": false,
              "map_customer_owned_ip_on_launch": null,
              "map_public_ip_on_launch": true,
              "outpost_arn": null,
              "owner_id": null,
              "private_dns_hostname_type_on_launch": null,
              "tags": {
                "Name": "ACS-PrivateSubnet-1"
              },
              "tags_all": {
                "Name": "ACS-PrivateSubnet-1"
              },
              "timeouts": null,
              "vpc_id": "vpc-0a9086fc52c029f0c"
            },
            "sensitive_attributes": [],
            "private": "eyJlMmJmYjczMC1lY2FhLTExZTYtOGY4OC0zNDM2M2JjN2M0YzAiOnsiY3JlYXRlIjo2MDAwMDAwMDAwMDAsImRlbGV0ZSI6MTIwMDAwMDAwMDAwMH0sInNjaGVtYV92ZXJzaW9uIjoiMSJ9",
            "dependencies": [
              "module.VPC.aws_vpc.main",
              "module.VPC.data.aws_availability_zones.available"
            ]
          },
          {
            "index_key": 2,
            "status": "tainted",
            "schema_version": 1,
            "attributes": {
              "arn": null,
              "assign_ipv6_address_on_creation": false,
              "availability_zone": "us-east-1c",
              "availability_zone_id": null,
              "cidr_block": "172.16.5.0/24",
              "customer_owned_ipv4_pool": null,
              "enable_dns64": false,
              "enable_lni_at_device_index": null,
              "enable_resource_name_dns_a_record_on_launch": false,
              "enable_resource_name_dns_aaaa_record_on_launch": false,
              "id": "subnet-039f17a6e1f13525f",
              "ipv6_cidr_block": null,
              "ipv6_cidr_block_association_id": null,
              "ipv6_native": false,
              "map_customer_owned_ip_on_launch": null,
              "map_public_ip_on_launch": true,
              "outpost_arn": null,
              "owner_id": null,
              "private_dns_hostname_type_on_launch": null,
              "tags": {
                "Name": "ACS-PrivateSubnet-2"
              },
              "tags_all": {
                "Name": "ACS-PrivateSubnet-2"
              },
              "timeouts": null,
              "vpc_id": "vpc-0a9086fc52c029f0c"
            },
            "sensitive_attributes": [],
            "private": "eyJlMmJmYjczMC1lY2FhLTExZTYtOGY4OC0zNDM2M2JjN2M0YzAiOnsiY3JlYXRlIjo2MDAwMDAwMDAwMDAsImRlbGV0ZSI6MTIwMDAwMDAwMDAwMH0sInNjaGVtYV92ZXJzaW9uIjoiMSJ9",
            "dependencies": [
              "module.VPC.aws_vpc.main",
              "module.VPC.data.aws_availability_zones.available"
            ]
          },
          {
            "index_key": 3,
            "status": "tainted",
            "schema_version": 1,
            "attributes": {
              "arn": null,
              "assign_ipv6_address_on_creation": false,
              "availability_zone": "us-east-1d",
              "availability_zone_id": null,
              "cidr_block": "172.16.7.0/24",
              "customer_owned_ipv4_pool": null,
              "enable_dns64": false,
              "enable_lni_at_device_index": null,
              "enable_resource_name_dns_a_record_on_launch": false,
              "enable_resource_name_dns_aaaa_record_on_launch": false,
              "id": "subnet-0850e717dc13f792d",
              "ipv6_cidr_block": null,
              "ipv6_cidr_block_association_id": null,
              "ipv6_native": false,
              "map_customer_owned_ip_on_launch": null,
              "map_public_ip_on_launch": true,
              "outpost_arn": null,
              "owner_id": null,
              "private_dns_hostname_type_on_launch": null,
              "tags": {
                "Name": "ACS-PrivateSubnet-3"
              },
              "tags_all": {
                "Name": "ACS-PrivateSubnet-3"
              },
              "timeouts": null,
              "vpc_id": "vpc-0a9086fc52c029f0c"
            },
            "sensitive_attributes": [],
            "private": "eyJlMmJmYjczMC1lY2FhLTExZTYtOGY4OC0zNDM2M2JjN2M0YzAiOnsiY3JlYXRlIjo2MDAwMDAwMDAwMDAsImRlbGV0ZSI6MTIwMDAwMDAwMDAwMH0sInNjaGVtYV92ZXJzaW9uIjoiMSJ9",
            "dependencies": [
              "module.VPC.aws_vpc.main",
              "module.VPC.data.aws_availability_zones.available"
            ]
          }
        ]
      },
      {
        "module": "module.VPC",
        "mode": "managed",
        "type": "aws_subnet",
        "name": "public",
        "provider": "provider[\"registry.terraform.io/hashicorp/aws\"]",
        "instances": [
          {
            "index_key": 0,
            "status": "tainted",
            "schema_version": 1,
            "attributes": {
              "arn": null,
              "assign_ipv6_address_on_creation": false,
              "availability_zone": "us-east-1a",
              "availability_zone_id": null,
              "cidr_block": "172.16.2.0/24",
              "customer_owned_ipv4_pool": null,
              "enable_dns64": false,
              "enable_lni_at_device_index": null,
              "enable_resource_name_dns_a_record_on_launch": false,
              "enable_resource_name_dns_aaaa_record_on_launch": false,
              "id": "subnet-0c4700824cc391b5e",
              "ipv6_cidr_block": null,
              "ipv6_cidr_block_association_id": null,
              "ipv6_native": false,
              "map_customer_owned_ip_on_launch": null,
              "map_public_ip_on_launch": true,
              "outpost_arn": null,
              "owner_id": null,
              "private_dns_hostname_type_on_launch": null,
              "tags": {
                "Name": "ACS-PublicSubnet-0"
              },
              "tags_all": {
                "Name": "ACS-PublicSubnet-0"
              },
              "timeouts": null,
              "vpc_id": "vpc-0a9086fc52c029f0c"
            },
            "sensitive_attributes": [],
            "private": "eyJlMmJmYjczMC1lY2FhLTExZTYtOGY4OC0zNDM2M2JjN2M0YzAiOnsiY3JlYXRlIjo2MDAwMDAwMDAwMDAsImRlbGV0ZSI6MTIwMDAwMDAwMDAwMH0sInNjaGVtYV92ZXJzaW9uIjoiMSJ9",
            "dependencies": [
              "module.VPC.aws_vpc.main",
              "module.VPC.data.aws_availability_zones.available"
            ]
          },
          {
            "index_key": 1,
            "status": "tainted",
            "schema_version": 1,
            "attributes": {
              "arn": null,
              "assign_ipv6_address_on_creation": false,
              "availability_zone": "us-east-1b",
              "availability_zone_id": null,
              "cidr_block": "172.16.4.0/24",
              "customer_owned_ipv4_pool": null,
              "enable_dns64": false,
              "enable_lni_at_device_index": null,
              "enable_resource_name_dns_a_record_on_launch": false,
              "enable_resource_name_dns_aaaa_record_on_launch": false,
              "id": "subnet-02ab5a724f499ba28",
              "ipv6_cidr_block": null,
              "ipv6_cidr_block_association_id": null,
              "ipv6_native": false,
              "map_customer_owned_ip_on_launch": null,
              "map_public_ip_on_launch": true,
              "outpost_arn": null,
              "owner_id": null,
              "private_dns_hostname_type_on_launch": null,
              "tags": {
                "Name": "ACS-PublicSubnet-1"
              },
              "tags_all": {
                "Name": "ACS-PublicSubnet-1"
              },
              "timeouts": null,
              "vpc_id": "vpc-0a9086fc52c029f0c"
            },
            "sensitive_attributes": [],
            "private": "eyJlMmJmYjczMC1lY2FhLTExZTYtOGY4OC0zNDM2M2JjN2M0YzAiOnsiY3JlYXRlIjo2MDAwMDAwMDAwMDAsImRlbGV0ZSI6MTIwMDAwMDAwMDAwMH0sInNjaGVtYV92ZXJzaW9uIjoiMSJ9",
            "dependencies": [
              "module.VPC.aws_vpc.main",
              "module.VPC.data.aws_availability_zones.available"
            ]
          }
        ]
      },
      {
        "module": "module.VPC",
        "mode": "managed",
        "type": "aws_vpc",
        "name": "main",
        "provider": "provider[\"registry.terraform.io/hashicorp/aws\"]",
        "instances": [
          {
            "schema_version": 1,
            "attributes": {
              "arn": "arn:aws:ec2:us-east-1:571207880192:vpc/vpc-0a9086fc52c029f0c",
              "assign_generated_ipv6_cidr_block": false,
              "cidr_block": "172.16.0.0/16",
              "default_network_acl_id": "acl-0288353c1e4cf0aae",
              "default_route_table_id": "rtb-05b7ef5a0db8415c8",
              "default_security_group_id": "sg-00c0405b7dea894d3",
              "dhcp_options_id": "dopt-0c14cd89513e0e4ca",
              "enable_dns_hostnames": true,
              "enable_dns_support": true,
              "enable_network_address_usage_metrics": false,
              "id": "vpc-0a9086fc52c029f0c",
              "instance_tenancy": "default",
              "ipv4_ipam_pool_id": null,
              "ipv4_netmask_length": null,
              "ipv6_association_id": "",
              "ipv6_cidr_block": "",
              "ipv6_cidr_block_network_border_group": "",
              "ipv6_ipam_pool_id": "",
              "ipv6_netmask_length": 0,
              "main_route_table_id": "rtb-05b7ef5a0db8415c8",
              "owner_id": "571207880192",
              "tags": {
                "Name": "ACS-VPC"
              },
              "tags_all": {
                "Name": "ACS-VPC"
              }
            },
            "sensitive_attributes": [],
            "private": "eyJzY2hlbWFfdmVyc2lvbiI6IjEifQ==",
            "create_before_destroy": true
          }
        ]
      },
      {
        "module": "module.compute",
        "mode": "managed",
        "type": "aws_instance",
        "name": "Jenkins",
        "provider": "provider[\"registry.terraform.io/hashicorp/aws\"]",
        "instances": []
      },
      {
        "module": "module.compute",
        "mode": "managed",
        "type": "aws_instance",
        "name": "artifactory",
        "provider": "provider[\"registry.terraform.io/hashicorp/aws\"]",
        "instances": []
      },
      {
        "module": "module.compute",
        "mode": "managed",
        "type": "aws_instance",
        "name": "sonbarqube",
        "provider": "provider[\"registry.terraform.io/hashicorp/aws\"]",
        "instances": []
      },
      {
        "module": "module.security",
        "mode": "managed",
        "type": "aws_security_group",
        "name": "ACS",
        "provider": "provider[\"registry.terraform.io/hashicorp/aws\"]",
        "instances": [
          {
            "index_key": "bastion-sg",
            "schema_version": 1,
            "attributes": {
              "arn": "arn:aws:ec2:us-east-1:571207880192:security-group/sg-03e9dcb24af112d24",
              "description": "for bastion instances",
              "egress": [
                {
                  "cidr_blocks": [
                    "0.0.0.0/0"
                  ],
                  "description": "",
                  "from_port": 0,
                  "ipv6_cidr_blocks": [],
                  "prefix_list_ids": [],
                  "protocol": "-1",
                  "security_groups": [],
                  "self": false,
                  "to_port": 0
                }
              ],
              "id": "sg-03e9dcb24af112d24",
              "ingress": [],
              "name": "bastion-sg",
              "name_prefix": "",
              "owner_id": "571207880192",
              "revoke_rules_on_delete": false,
              "tags": {
                "Name": "bastion-sg"
              },
              "tags_all": {
                "Name": "bastion-sg"
              },
              "timeouts": null,
              "vpc_id": "vpc-0a9086fc52c029f0c"
            },
            "sensitive_attributes": [],
            "private": "eyJlMmJmYjczMC1lY2FhLTExZTYtOGY4OC0zNDM2M2JjN2M0YzAiOnsiY3JlYXRlIjo2MDAwMDAwMDAwMDAsImRlbGV0ZSI6OTAwMDAwMDAwMDAwfSwic2NoZW1hX3ZlcnNpb24iOiIxIn0=",
            "dependencies": [
              "module.VPC.aws_vpc.main"
            ],
            "create_before_destroy": true
          },
          {
            "index_key": "datalayer-sg",
            "schema_version": 1,
            "attributes": {
              "arn": "arn:aws:ec2:us-east-1:571207880192:security-group/sg-095e6ee09e2665bef",
              "description": "data layer security group",
              "egress": [
                {
                  "cidr_blocks": [
                    "0.0.0.0/0"
                  ],
                  "description": "",
                  "from_port": 0,
                  "ipv6_cidr_blocks": [],
                  "prefix_list_ids": [],
                  "protocol": "-1",
                  "security_groups": [],
                  "self": false,
                  "to_port": 0
                }
              ],
              "id": "sg-095e6ee09e2665bef",
              "ingress": [],
              "name": "datalayer-sg",
              "name_prefix": "",
              "owner_id": "571207880192",
              "revoke_rules_on_delete": false,
              "tags": {
                "Name": "datalayer-sg"
              },
              "tags_all": {
                "Name": "datalayer-sg"
              },
              "timeouts": null,
              "vpc_id": "vpc-0a9086fc52c029f0c"
            },
            "sensitive_attributes": [],
            "private": "eyJlMmJmYjczMC1lY2FhLTExZTYtOGY4OC0zNDM2M2JjN2M0YzAiOnsiY3JlYXRlIjo2MDAwMDAwMDAwMDAsImRlbGV0ZSI6OTAwMDAwMDAwMDAwfSwic2NoZW1hX3ZlcnNpb24iOiIxIn0=",
            "dependencies": [
              "module.VPC.aws_vpc.main"
            ],
            "create_before_destroy": true
          },
          {
            "index_key": "ext-alb-sg",
            "schema_version": 1,
            "attributes": {
              "arn": "arn:aws:ec2:us-east-1:571207880192:security-group/sg-0650de47bc8a7c395",
              "description": "for external loadbalncer",
              "egress": [
                {
                  "cidr_blocks": [
                    "0.0.0.0/0"
                  ],
                  "description": "",
                  "from_port": 0,
                  "ipv6_cidr_blocks": [],
                  "prefix_list_ids": [],
                  "protocol": "-1",
                  "security_groups": [],
                  "self": false,
                  "to_port": 0
                }
              ],
              "id": "sg-0650de47bc8a7c395",
              "ingress": [],
              "name": "ext-alb-sg",
              "name_prefix": "",
              "owner_id": "571207880192",
              "revoke_rules_on_delete": false,
              "tags": {
                "Name": "ext-alb-sg"
              },
              "tags_all": {
                "Name": "ext-alb-sg"
              },
              "timeouts": null,
              "vpc_id": "vpc-0a9086fc52c029f0c"
            },
            "sensitive_attributes": [],
            "private": "eyJlMmJmYjczMC1lY2FhLTExZTYtOGY4OC0zNDM2M2JjN2M0YzAiOnsiY3JlYXRlIjo2MDAwMDAwMDAwMDAsImRlbGV0ZSI6OTAwMDAwMDAwMDAwfSwic2NoZW1hX3ZlcnNpb24iOiIxIn0=",
            "dependencies": [
              "module.VPC.aws_vpc.main"
            ],
            "create_before_destroy": true
          },
          {
            "index_key": "int-alb-sg",
            "schema_version": 1,
            "attributes": {
              "arn": "arn:aws:ec2:us-east-1:571207880192:security-group/sg-0086747d122a851ea",
              "description": "IALB security group",
              "egress": [
                {
                  "cidr_blocks": [
                    "0.0.0.0/0"
                  ],
                  "description": "",
                  "from_port": 0,
                  "ipv6_cidr_blocks": [],
                  "prefix_list_ids": [],
                  "protocol": "-1",
                  "security_groups": [],
                  "self": false,
                  "to_port": 0
                }
              ],
              "id": "sg-0086747d122a851ea",
              "ingress": [],
              "name": "int-alb-sg",
              "name_prefix": "",
              "owner_id": "571207880192",
              "revoke_rules_on_delete": false,
              "tags": {
                "Name": "int-alb-sg"
              },
              "tags_all": {
                "Name": "int-alb-sg"
              },
              "timeouts": null,
              "vpc_id": "vpc-0a9086fc52c029f0c"
            },
            "sensitive_attributes": [],
            "private": "eyJlMmJmYjczMC1lY2FhLTExZTYtOGY4OC0zNDM2M2JjN2M0YzAiOnsiY3JlYXRlIjo2MDAwMDAwMDAwMDAsImRlbGV0ZSI6OTAwMDAwMDAwMDAwfSwic2NoZW1hX3ZlcnNpb24iOiIxIn0=",
            "dependencies": [
              "module.VPC.aws_vpc.main"
            ],
            "create_before_destroy": true
          },
          {
            "index_key": "nginx-sg",
            "schema_version": 1,
            "attributes": {
              "arn": "arn:aws:ec2:us-east-1:571207880192:security-group/sg-0f98ecd23dc8c7e14",
              "description": "nginx instances",
              "egress": [
                {
                  "cidr_blocks": [
                    "0.0.0.0/0"
                  ],
                  "description": "",
                  "from_port": 0,
                  "ipv6_cidr_blocks": [],
                  "prefix_list_ids": [],
                  "protocol": "-1",
                  "security_groups": [],
                  "self": false,
                  "to_port": 0
                }
              ],
              "id": "sg-0f98ecd23dc8c7e14",
              "ingress": [],
              "name": "nginx-sg",
              "name_prefix": "",
              "owner_id": "571207880192",
              "revoke_rules_on_delete": false,
              "tags": {
                "Name": "nginx-sg"
              },
              "tags_all": {
                "Name": "nginx-sg"
              },
              "timeouts": null,
              "vpc_id": "vpc-0a9086fc52c029f0c"
            },
            "sensitive_attributes": [],
            "private": "eyJlMmJmYjczMC1lY2FhLTExZTYtOGY4OC0zNDM2M2JjN2M0YzAiOnsiY3JlYXRlIjo2MDAwMDAwMDAwMDAsImRlbGV0ZSI6OTAwMDAwMDAwMDAwfSwic2NoZW1hX3ZlcnNpb24iOiIxIn0=",
            "dependencies": [
              "module.VPC.aws_vpc.main"
            ],
            "create_before_destroy": true
          },
          {
            "index_key": "webserver-sg",
            "schema_version": 1,
            "attributes": {
              "arn": "arn:aws:ec2:us-east-1:571207880192:security-group/sg-0f3f9ba45f3a53429",
              "description": "webservers security group",
              "egress": [
                {
                  "cidr_blocks": [
                    "0.0.0.0/0"
                  ],
                  "description": "",
                  "from_port": 0,
                  "ipv6_cidr_blocks": [],
                  "prefix_list_ids": [],
                  "protocol": "-1",
                  "security_groups": [],
                  "self": false,
                  "to_port": 0
                }
              ],
              "id": "sg-0f3f9ba45f3a53429",
              "ingress": [
                {
                  "cidr_blocks": [],
                  "description": "",
                  "from_port": 443,
                  "ipv6_cidr_blocks": [],
                  "prefix_list_ids": [],
                  "protocol": "tcp",
                  "security_groups": [
                    "sg-0086747d122a851ea"
                  ],
                  "self": false,
                  "to_port": 443
                }
              ],
              "name": "webserver-sg",
              "name_prefix": "",
              "owner_id": "571207880192",
              "revoke_rules_on_delete": false,
              "tags": {
                "Name": "webserver-sg"
              },
              "tags_all": {
                "Name": "webserver-sg"
              },
              "timeouts": null,
              "vpc_id": "vpc-0a9086fc52c029f0c"
            },
            "sensitive_attributes": [],
            "private": "eyJlMmJmYjczMC1lY2FhLTExZTYtOGY4OC0zNDM2M2JjN2M0YzAiOnsiY3JlYXRlIjo2MDAwMDAwMDAwMDAsImRlbGV0ZSI6OTAwMDAwMDAwMDAwfSwic2NoZW1hX3ZlcnNpb24iOiIxIn0=",
            "dependencies": [
              "module.VPC.aws_vpc.main"
            ],
            "create_before_destroy": true
          }
        ]
      },
      {
        "module": "module.security",
        "mode": "managed",
        "type": "aws_security_group_rule",
        "name": "inbound-alb-http",
        "provider": "provider[\"registry.terraform.io/hashicorp/aws\"]",
        "instances": [
          {
            "schema_version": 2,
            "attributes": {
              "cidr_blocks": [
                "0.0.0.0/0"
              ],
              "description": null,
              "from_port": 80,
              "id": "sgrule-2695939510",
              "ipv6_cidr_blocks": null,
              "prefix_list_ids": null,
              "protocol": "tcp",
              "security_group_id": "sg-0650de47bc8a7c395",
              "security_group_rule_id": "sgr-089a981bedc378bb8",
              "self": false,
              "source_security_group_id": null,
              "timeouts": null,
              "to_port": 80,
              "type": "ingress"
            },
            "sensitive_attributes": [],
            "private": "eyJlMmJmYjczMC1lY2FhLTExZTYtOGY4OC0zNDM2M2JjN2M0YzAiOnsiY3JlYXRlIjozMDAwMDAwMDAwMDB9LCJzY2hlbWFfdmVyc2lvbiI6IjIifQ==",
            "dependencies": [
              "module.security.aws_security_group.ACS"
            ]
          }
        ]
      },
      {
        "module": "module.security",
        "mode": "managed",
        "type": "aws_security_group_rule",
        "name": "inbound-alb-https",
        "provider": "provider[\"registry.terraform.io/hashicorp/aws\"]",
        "instances": [
          {
            "schema_version": 2,
            "attributes": {
              "cidr_blocks": [
                "0.0.0.0/0"
              ],
              "description": null,
              "from_port": 443,
              "id": "sgrule-4289920323",
              "ipv6_cidr_blocks": null,
              "prefix_list_ids": null,
              "protocol": "tcp",
              "security_group_id": "sg-0650de47bc8a7c395",
              "security_group_rule_id": "sgr-0c27631f1abff253c",
              "self": false,
              "source_security_group_id": null,
              "timeouts": null,
              "to_port": 443,
              "type": "ingress"
            },
            "sensitive_attributes": [],
            "private": "eyJlMmJmYjczMC1lY2FhLTExZTYtOGY4OC0zNDM2M2JjN2M0YzAiOnsiY3JlYXRlIjozMDAwMDAwMDAwMDB9LCJzY2hlbWFfdmVyc2lvbiI6IjIifQ==",
            "dependencies": [
              "module.security.aws_security_group.ACS"
            ]
          }
        ]
      },
      {
        "module": "module.security",
        "mode": "managed",
        "type": "aws_security_group_rule",
        "name": "inbound-bastion-ssh",
        "provider": "provider[\"registry.terraform.io/hashicorp/aws\"]",
        "instances": [
          {
            "schema_version": 2,
            "attributes": {
              "cidr_blocks": null,
              "description": null,
              "from_port": 22,
              "id": "sgrule-2490698148",
              "ipv6_cidr_blocks": null,
              "prefix_list_ids": null,
              "protocol": "tcp",
              "security_group_id": "sg-0f98ecd23dc8c7e14",
              "security_group_rule_id": "sgr-00c25efa4cf072377",
              "self": false,
              "source_security_group_id": "sg-03e9dcb24af112d24",
              "timeouts": null,
              "to_port": 22,
              "type": "ingress"
            },
            "sensitive_attributes": [],
            "private": "eyJlMmJmYjczMC1lY2FhLTExZTYtOGY4OC0zNDM2M2JjN2M0YzAiOnsiY3JlYXRlIjozMDAwMDAwMDAwMDB9LCJzY2hlbWFfdmVyc2lvbiI6IjIifQ==",
            "dependencies": [
              "module.security.aws_security_group.ACS"
            ]
          }
        ]
      },
      {
        "module": "module.security",
        "mode": "managed",
        "type": "aws_security_group_rule",
        "name": "inbound-ialb-https",
        "provider": "provider[\"registry.terraform.io/hashicorp/aws\"]",
        "instances": [
          {
            "schema_version": 2,
            "attributes": {
              "cidr_blocks": null,
              "description": null,
              "from_port": 443,
              "id": "sgrule-82555471",
              "ipv6_cidr_blocks": null,
              "prefix_list_ids": null,
              "protocol": "tcp",
              "security_group_id": "sg-0086747d122a851ea",
              "security_group_rule_id": "sgr-0cf864351de5bbe47",
              "self": false,
              "source_security_group_id": "sg-0f98ecd23dc8c7e14",
              "timeouts": null,
              "to_port": 443,
              "type": "ingress"
            },
            "sensitive_attributes": [],
            "private": "eyJlMmJmYjczMC1lY2FhLTExZTYtOGY4OC0zNDM2M2JjN2M0YzAiOnsiY3JlYXRlIjozMDAwMDAwMDAwMDB9LCJzY2hlbWFfdmVyc2lvbiI6IjIifQ==",
            "dependencies": [
              "module.security.aws_security_group.ACS"
            ]
          }
        ]
      },
      {
        "module": "module.security",
        "mode": "managed",
        "type": "aws_security_group_rule",
        "name": "inbound-mysql-bastion",
        "provider": "provider[\"registry.terraform.io/hashicorp/aws\"]",
        "instances": [
          {
            "schema_version": 2,
            "attributes": {
              "cidr_blocks": null,
              "description": null,
              "from_port": 3306,
              "id": "sgrule-136812030",
              "ipv6_cidr_blocks": null,
              "prefix_list_ids": null,
              "protocol": "tcp",
              "security_group_id": "sg-095e6ee09e2665bef",
              "security_group_rule_id": "sgr-016d70b1f0fed982a",
              "self": false,
              "source_security_group_id": "sg-03e9dcb24af112d24",
              "timeouts": null,
              "to_port": 3306,
              "type": "ingress"
            },
            "sensitive_attributes": [],
            "private": "eyJlMmJmYjczMC1lY2FhLTExZTYtOGY4OC0zNDM2M2JjN2M0YzAiOnsiY3JlYXRlIjozMDAwMDAwMDAwMDB9LCJzY2hlbWFfdmVyc2lvbiI6IjIifQ==",
            "dependencies": [
              "module.security.aws_security_group.ACS"
            ]
          }
        ]
      },
      {
        "module": "module.security",
        "mode": "managed",
        "type": "aws_security_group_rule",
        "name": "inbound-mysql-webserver",
        "provider": "provider[\"registry.terraform.io/hashicorp/aws\"]",
        "instances": [
          {
            "schema_version": 2,
            "attributes": {
              "cidr_blocks": null,
              "description": null,
              "from_port": 3306,
              "id": "sgrule-795155120",
              "ipv6_cidr_blocks": null,
              "prefix_list_ids": null,
              "protocol": "tcp",
              "security_group_id": "sg-095e6ee09e2665bef",
              "security_group_rule_id": "sgr-04b25f5ec226279de",
              "self": false,
              "source_security_group_id": "sg-0f3f9ba45f3a53429",
              "timeouts": null,
              "to_port": 3306,
              "type": "ingress"
            },
            "sensitive_attributes": [],
            "private": "eyJlMmJmYjczMC1lY2FhLTExZTYtOGY4OC0zNDM2M2JjN2M0YzAiOnsiY3JlYXRlIjozMDAwMDAwMDAwMDB9LCJzY2hlbWFfdmVyc2lvbiI6IjIifQ==",
            "dependencies": [
              "module.security.aws_security_group.ACS"
            ]
          }
        ]
      },
      {
        "module": "module.security",
        "mode": "managed",
        "type": "aws_security_group_rule",
        "name": "inbound-nfs-port",
        "provider": "provider[\"registry.terraform.io/hashicorp/aws\"]",
        "instances": [
          {
            "schema_version": 2,
            "attributes": {
              "cidr_blocks": null,
              "description": null,
              "from_port": 2049,
              "id": "sgrule-3164834362",
              "ipv6_cidr_blocks": null,
              "prefix_list_ids": null,
              "protocol": "tcp",
              "security_group_id": "sg-095e6ee09e2665bef",
              "security_group_rule_id": "sgr-0f3e469149372d034",
              "self": false,
              "source_security_group_id": "sg-0f3f9ba45f3a53429",
              "timeouts": null,
              "to_port": 2049,
              "type": "ingress"
            },
            "sensitive_attributes": [],
            "private": "eyJlMmJmYjczMC1lY2FhLTExZTYtOGY4OC0zNDM2M2JjN2M0YzAiOnsiY3JlYXRlIjozMDAwMDAwMDAwMDB9LCJzY2hlbWFfdmVyc2lvbiI6IjIifQ==",
            "dependencies": [
              "module.security.aws_security_group.ACS"
            ]
          }
        ]
      },
      {
        "module": "module.security",
        "mode": "managed",
        "type": "aws_security_group_rule",
        "name": "inbound-nginx-http",
        "provider": "provider[\"registry.terraform.io/hashicorp/aws\"]",
        "instances": [
          {
            "schema_version": 2,
            "attributes": {
              "cidr_blocks": null,
              "description": null,
              "from_port": 443,
              "id": "sgrule-3215378430",
              "ipv6_cidr_blocks": null,
              "prefix_list_ids": null,
              "protocol": "tcp",
              "security_group_id": "sg-0f98ecd23dc8c7e14",
              "security_group_rule_id": "sgr-0314e193f52d5cc43",
              "self": false,
              "source_security_group_id": "sg-0650de47bc8a7c395",
              "timeouts": null,
              "to_port": 443,
              "type": "ingress"
            },
            "sensitive_attributes": [],
            "private": "eyJlMmJmYjczMC1lY2FhLTExZTYtOGY4OC0zNDM2M2JjN2M0YzAiOnsiY3JlYXRlIjozMDAwMDAwMDAwMDB9LCJzY2hlbWFfdmVyc2lvbiI6IjIifQ==",
            "dependencies": [
              "module.security.aws_security_group.ACS"
            ]
          }
        ]
      },
      {
        "module": "module.security",
        "mode": "managed",
        "type": "aws_security_group_rule",
        "name": "inbound-ssh-bastion",
        "provider": "provider[\"registry.terraform.io/hashicorp/aws\"]",
        "instances": [
          {
            "schema_version": 2,
            "attributes": {
              "cidr_blocks": [
                "0.0.0.0/0"
              ],
              "description": null,
              "from_port": 22,
              "id": "sgrule-2503805449",
              "ipv6_cidr_blocks": null,
              "prefix_list_ids": null,
              "protocol": "tcp",
              "security_group_id": "sg-03e9dcb24af112d24",
              "security_group_rule_id": "sgr-03be5de610985e44d",
              "self": false,
              "source_security_group_id": null,
              "timeouts": null,
              "to_port": 22,
              "type": "ingress"
            },
            "sensitive_attributes": [],
            "private": "eyJlMmJmYjczMC1lY2FhLTExZTYtOGY4OC0zNDM2M2JjN2M0YzAiOnsiY3JlYXRlIjozMDAwMDAwMDAwMDB9LCJzY2hlbWFfdmVyc2lvbiI6IjIifQ==",
            "dependencies": [
              "module.security.aws_security_group.ACS"
            ]
          }
        ]
      },
      {
        "module": "module.security",
        "mode": "managed",
        "type": "aws_security_group_rule",
        "name": "inbound-web-ssh",
        "provider": "provider[\"registry.terraform.io/hashicorp/aws\"]",
        "instances": [
          {
            "schema_version": 2,
            "attributes": {
              "cidr_blocks": null,
              "description": null,
              "from_port": 22,
              "id": "sgrule-469018268",
              "ipv6_cidr_blocks": null,
              "prefix_list_ids": null,
              "protocol": "tcp",
              "security_group_id": "sg-0f3f9ba45f3a53429",
              "security_group_rule_id": "sgr-0ecf14c16caf74ca0",
              "self": false,
              "source_security_group_id": "sg-03e9dcb24af112d24",
              "timeouts": null,
              "to_port": 22,
              "type": "ingress"
            },
            "sensitive_attributes": [],
            "private": "eyJlMmJmYjczMC1lY2FhLTExZTYtOGY4OC0zNDM2M2JjN2M0YzAiOnsiY3JlYXRlIjozMDAwMDAwMDAwMDB9LCJzY2hlbWFfdmVyc2lvbiI6IjIifQ==",
            "dependencies": [
              "module.security.aws_security_group.ACS"
            ]
          }
        ]
      }
    ],
    "check_results": null
  }
  