{
  "version": 4,
  "terraform_version": "1.5.4",
  "serial": 357,
  "lineage": "e8242487-81ee-ce4f-00b9-d10de807d1b7",
  "outputs": {
    "lb_dns_name": {
      "value": "ext-alb-267009284.us-east-1.elb.amazonaws.com",
      "type": "string"
    },
    "lb_target_group_arn": {
      "value": "arn:aws:elasticloadbalancing:us-east-1:571207880192:targetgroup/nginx-tgt/cad8870fd2d858d4",
      "type": "string"
    }
  },
  "resources": [
    {
      "mode": "data",
      "type": "aws_availability_zones",
      "name": "available",
      "provider": "provider[\"registry.terraform.io/hashicorp/aws\"]",
      "instances": [
        {
          "schema_version": 0,
          "attributes": {
            "all_availability_zones": null,
            "exclude_names": null,
            "exclude_zone_ids": null,
            "filter": null,
            "group_names": [
              "us-east-1"
            ],
            "id": "us-east-1",
            "names": [
              "us-east-1a",
              "us-east-1b",
              "us-east-1c",
              "us-east-1d",
              "us-east-1e",
              "us-east-1f"
            ],
            "state": "available",
            "timeouts": null,
            "zone_ids": [
              "use1-az4",
              "use1-az6",
              "use1-az1",
              "use1-az2",
              "use1-az3",
              "use1-az5"
            ]
          },
          "sensitive_attributes": []
        }
      ]
    },
    {
      "mode": "data",
      "type": "aws_route53_zone",
      "name": "jendyjasper",
      "provider": "provider[\"registry.terraform.io/hashicorp/aws\"]",
      "instances": [
        {
          "schema_version": 0,
          "attributes": {
            "arn": "arn:aws:route53:::hostedzone/Z07196322SM2KABU84T85",
            "caller_reference": "ba9d0e1b-a6b4-45a0-85c2-fc0c3dfcbefa",
            "comment": "",
            "id": "Z07196322SM2KABU84T85",
            "linked_service_description": null,
            "linked_service_principal": null,
            "name": "jendyjasper.com",
            "name_servers": [
              "ns-262.awsdns-32.com",
              "ns-1721.awsdns-23.co.uk",
              "ns-617.awsdns-13.net",
              "ns-1397.awsdns-46.org"
            ],
            "primary_name_server": "ns-262.awsdns-32.com",
            "private_zone": false,
            "resource_record_set_count": 8,
            "tags": {},
            "vpc_id": null,
            "zone_id": "Z07196322SM2KABU84T85"
          },
          "sensitive_attributes": []
        }
      ]
    },
    {
      "mode": "managed",
      "type": "aws_acm_certificate",
      "name": "jendyjasper",
      "provider": "provider[\"registry.terraform.io/hashicorp/aws\"]",
      "instances": [
        {
          "schema_version": 0,
          "attributes": {
            "arn": "arn:aws:acm:us-east-1:571207880192:certificate/d9fa2769-f4df-4881-9eeb-6d149a26a6bb",
            "certificate_authority_arn": "",
            "certificate_body": null,
            "certificate_chain": null,
            "domain_name": "*.jendyjasper.com",
            "domain_validation_options": [
              {
                "domain_name": "*.jendyjasper.com",
                "resource_record_name": "_07b510157d642e36557aee3a58b8980f.jendyjasper.com.",
                "resource_record_type": "CNAME",
                "resource_record_value": "_bf7d60d432e866ee78212fc37e0eb8a3.zxstmrtdtf.acm-validations.aws."
              }
            ],
            "early_renewal_duration": "",
            "id": "arn:aws:acm:us-east-1:571207880192:certificate/d9fa2769-f4df-4881-9eeb-6d149a26a6bb",
            "key_algorithm": "RSA_2048",
            "not_after": "2024-09-12T23:59:59Z",
            "not_before": "2023-08-15T00:00:00Z",
            "options": [
              {
                "certificate_transparency_logging_preference": "ENABLED"
              }
            ],
            "pending_renewal": false,
            "private_key": null,
            "renewal_eligibility": "ELIGIBLE",
            "renewal_summary": [],
            "status": "ISSUED",
            "subject_alternative_names": [
              "*.jendyjasper.com"
            ],
            "tags": {},
            "tags_all": {},
            "type": "AMAZON_ISSUED",
            "validation_emails": [],
            "validation_method": "DNS",
            "validation_option": []
          },
          "sensitive_attributes": [],
          "private": "bnVsbA=="
        }
      ]
    },
    {
      "mode": "managed",
      "type": "aws_acm_certificate_validation",
      "name": "jendyjasper",
      "provider": "provider[\"registry.terraform.io/hashicorp/aws\"]",
      "instances": [
        {
          "schema_version": 0,
          "attributes": {
            "certificate_arn": "arn:aws:acm:us-east-1:571207880192:certificate/d9fa2769-f4df-4881-9eeb-6d149a26a6bb",
            "id": "2023-08-15 16:24:40.636 +0000 UTC",
            "timeouts": null,
            "validation_record_fqdns": [
              "_07b510157d642e36557aee3a58b8980f.jendyjasper.com"
            ]
          },
          "sensitive_attributes": [],
          "private": "eyJlMmJmYjczMC1lY2FhLTExZTYtOGY4OC0zNDM2M2JjN2M0YzAiOnsiY3JlYXRlIjo0NTAwMDAwMDAwMDAwfX0=",
          "dependencies": [
            "aws_acm_certificate.jendyjasper",
            "aws_route53_record.jendyjasper",
            "data.aws_route53_zone.jendyjasper"
          ]
        }
      ]
    },
    {
      "mode": "managed",
      "type": "aws_autoscaling_attachment",
      "name": "asg_attachment_nginx",
      "provider": "provider[\"registry.terraform.io/hashicorp/aws\"]",
      "instances": [
        {
          "schema_version": 0,
          "attributes": {
            "autoscaling_group_name": "nginx-asg",
            "elb": null,
            "id": "nginx-asg-20230815171055395500000007",
            "lb_target_group_arn": "arn:aws:elasticloadbalancing:us-east-1:571207880192:targetgroup/nginx-tgt/cad8870fd2d858d4"
          },
          "sensitive_attributes": [],
          "private": "bnVsbA==",
          "dependencies": [
            "aws_autoscaling_group.nginx-asg",
            "aws_iam_instance_profile.ip",
            "aws_iam_role.ec2_instance_role",
            "aws_launch_template.nginx-launch-template",
            "aws_lb_target_group.nginx-tgt",
            "aws_security_group.nginx-sg",
            "aws_subnet.public",
            "aws_vpc.main",
            "data.aws_availability_zones.available"
          ]
        }
      ]
    },
    {
      "mode": "managed",
      "type": "aws_autoscaling_attachment",
      "name": "asg_attachment_tooling",
      "provider": "provider[\"registry.terraform.io/hashicorp/aws\"]",
      "instances": [
        {
          "schema_version": 0,
          "attributes": {
            "autoscaling_group_name": "tooling-asg",
            "elb": null,
            "id": "tooling-asg-20230815171052843800000006",
            "lb_target_group_arn": "arn:aws:elasticloadbalancing:us-east-1:571207880192:targetgroup/tooling-tgt/a4e648c53c886507"
          },
          "sensitive_attributes": [],
          "private": "bnVsbA==",
          "dependencies": [
            "aws_autoscaling_group.tooling-asg",
            "aws_iam_instance_profile.ip",
            "aws_iam_role.ec2_instance_role",
            "aws_launch_template.tooling-launch-template",
            "aws_lb_target_group.tooling-tgt",
            "aws_security_group.webserver-sg",
            "aws_subnet.private",
            "aws_vpc.main",
            "data.aws_availability_zones.available"
          ]
        }
      ]
    },
    {
      "mode": "managed",
      "type": "aws_autoscaling_attachment",
      "name": "asg_attachment_wordpress",
      "provider": "provider[\"registry.terraform.io/hashicorp/aws\"]",
      "instances": [
        {
          "schema_version": 0,
          "attributes": {
            "autoscaling_group_name": "wordpress-asg",
            "elb": null,
            "id": "wordpress-asg-20230815171002206400000005",
            "lb_target_group_arn": "arn:aws:elasticloadbalancing:us-east-1:571207880192:targetgroup/wordpress-tgt/c0157357b151c235"
          },
          "sensitive_attributes": [],
          "private": "bnVsbA==",
          "dependencies": [
            "aws_autoscaling_group.wordpress-asg",
            "aws_iam_instance_profile.ip",
            "aws_iam_role.ec2_instance_role",
            "aws_launch_template.wordpress-launch-template",
            "aws_lb_target_group.wordpress-tgt",
            "aws_security_group.webserver-sg",
            "aws_subnet.private",
            "aws_vpc.main",
            "data.aws_availability_zones.available"
          ]
        }
      ]
    },
    {
      "mode": "managed",
      "type": "aws_autoscaling_group",
      "name": "bastion-asg",
      "provider": "provider[\"registry.terraform.io/hashicorp/aws\"]",
      "instances": [
        {
          "schema_version": 1,
          "attributes": {
            "arn": "arn:aws:autoscaling:us-east-1:571207880192:autoScalingGroup:42493d5a-c1a4-411a-9706-ef0e40616aae:autoScalingGroupName/bastion-asg",
            "availability_zones": [
              "us-east-1a",
              "us-east-1b"
            ],
            "capacity_rebalance": false,
            "context": "",
            "default_cooldown": 300,
            "default_instance_warmup": 0,
            "desired_capacity": 1,
            "desired_capacity_type": "",
            "enabled_metrics": [],
            "force_delete": false,
            "force_delete_warm_pool": false,
            "health_check_grace_period": 300,
            "health_check_type": "ELB",
            "id": "bastion-asg",
            "ignore_failed_scaling_activities": false,
            "initial_lifecycle_hook": [],
            "instance_refresh": [],
            "launch_configuration": "",
            "launch_template": [
              {
                "id": "lt-0b01e51b7e6baaa62",
                "name": "terraform-20230815162423899100000002",
                "version": "$Latest"
              }
            ],
            "load_balancers": [],
            "max_instance_lifetime": 0,
            "max_size": 2,
            "metrics_granularity": "1Minute",
            "min_elb_capacity": null,
            "min_size": 1,
            "mixed_instances_policy": [],
            "name": "bastion-asg",
            "name_prefix": "",
            "placement_group": "",
            "predicted_capacity": 0,
            "protect_from_scale_in": false,
            "service_linked_role_arn": "arn:aws:iam::571207880192:role/aws-service-role/autoscaling.amazonaws.com/AWSServiceRoleForAutoScaling",
            "suspended_processes": [],
            "tag": [
              {
                "key": "Name",
                "propagate_at_launch": true,
                "value": "bastion-launch-template"
              }
            ],
            "target_group_arns": [],
            "termination_policies": [],
            "timeouts": null,
            "traffic_source": [],
            "vpc_zone_identifier": [
              "subnet-00a170d8e4e515fbe",
              "subnet-064c9cf55661fcdb2"
            ],
            "wait_for_capacity_timeout": "10m",
            "wait_for_elb_capacity": null,
            "warm_pool": [],
            "warm_pool_size": 0
          },
          "sensitive_attributes": [],
          "private": "eyJlMmJmYjczMC1lY2FhLTExZTYtOGY4OC0zNDM2M2JjN2M0YzAiOnsiZGVsZXRlIjo2MDAwMDAwMDAwMDAsInVwZGF0ZSI6NjAwMDAwMDAwMDAwfSwic2NoZW1hX3ZlcnNpb24iOiIxIn0=",
          "dependencies": [
            "aws_iam_instance_profile.ip",
            "aws_iam_role.ec2_instance_role",
            "aws_launch_template.bastion-launch-template",
            "aws_security_group.bastion_sg",
            "aws_subnet.public",
            "aws_vpc.main",
            "data.aws_availability_zones.available"
          ]
        }
      ]
    },
    {
      "mode": "managed",
      "type": "aws_autoscaling_group",
      "name": "nginx-asg",
      "provider": "provider[\"registry.terraform.io/hashicorp/aws\"]",
      "instances": [
        {
          "schema_version": 1,
          "attributes": {
            "arn": "arn:aws:autoscaling:us-east-1:571207880192:autoScalingGroup:ed0e9949-bec3-48af-95f5-2ef024790a9f:autoScalingGroupName/nginx-asg",
            "availability_zones": [
              "us-east-1a",
              "us-east-1b"
            ],
            "capacity_rebalance": false,
            "context": "",
            "default_cooldown": 300,
            "default_instance_warmup": 0,
            "desired_capacity": 1,
            "desired_capacity_type": "",
            "enabled_metrics": [],
            "force_delete": false,
            "force_delete_warm_pool": false,
            "health_check_grace_period": 300,
            "health_check_type": "ELB",
            "id": "nginx-asg",
            "ignore_failed_scaling_activities": false,
            "initial_lifecycle_hook": [],
            "instance_refresh": [],
            "launch_configuration": "",
            "launch_template": [
              {
                "id": "lt-082f65b34dc982346",
                "name": "terraform-20230815162424166500000008",
                "version": "$Latest"
              }
            ],
            "load_balancers": [],
            "max_instance_lifetime": 0,
            "max_size": 2,
            "metrics_granularity": "1Minute",
            "min_elb_capacity": null,
            "min_size": 1,
            "mixed_instances_policy": [],
            "name": "nginx-asg",
            "name_prefix": "",
            "placement_group": "",
            "predicted_capacity": 0,
            "protect_from_scale_in": false,
            "service_linked_role_arn": "arn:aws:iam::571207880192:role/aws-service-role/autoscaling.amazonaws.com/AWSServiceRoleForAutoScaling",
            "suspended_processes": [],
            "tag": [
              {
                "key": "Name",
                "propagate_at_launch": true,
                "value": "nginx-launch-template"
              }
            ],
            "target_group_arns": [
              "arn:aws:elasticloadbalancing:us-east-1:571207880192:targetgroup/nginx-tgt/cad8870fd2d858d4"
            ],
            "termination_policies": [],
            "timeouts": null,
            "traffic_source": [
              {
                "identifier": "arn:aws:elasticloadbalancing:us-east-1:571207880192:targetgroup/nginx-tgt/cad8870fd2d858d4",
                "type": "elbv2"
              }
            ],
            "vpc_zone_identifier": [
              "subnet-00a170d8e4e515fbe",
              "subnet-064c9cf55661fcdb2"
            ],
            "wait_for_capacity_timeout": "10m",
            "wait_for_elb_capacity": null,
            "warm_pool": [],
            "warm_pool_size": 0
          },
          "sensitive_attributes": [],
          "private": "eyJlMmJmYjczMC1lY2FhLTExZTYtOGY4OC0zNDM2M2JjN2M0YzAiOnsiZGVsZXRlIjo2MDAwMDAwMDAwMDAsInVwZGF0ZSI6NjAwMDAwMDAwMDAwfSwic2NoZW1hX3ZlcnNpb24iOiIxIn0=",
          "dependencies": [
            "aws_iam_instance_profile.ip",
            "aws_iam_role.ec2_instance_role",
            "aws_launch_template.nginx-launch-template",
            "aws_security_group.nginx-sg",
            "aws_subnet.public",
            "aws_vpc.main",
            "data.aws_availability_zones.available"
          ]
        }
      ]
    },
    {
      "mode": "managed",
      "type": "aws_autoscaling_group",
      "name": "tooling-asg",
      "provider": "provider[\"registry.terraform.io/hashicorp/aws\"]",
      "instances": [
        {
          "schema_version": 1,
          "attributes": {
            "arn": "arn:aws:autoscaling:us-east-1:571207880192:autoScalingGroup:c2a42a68-e9bb-4155-99f6-e953c5755595:autoScalingGroupName/tooling-asg",
            "availability_zones": [
              "us-east-1a",
              "us-east-1b"
            ],
            "capacity_rebalance": false,
            "context": "",
            "default_cooldown": 300,
            "default_instance_warmup": 0,
            "desired_capacity": 1,
            "desired_capacity_type": "",
            "enabled_metrics": [],
            "force_delete": false,
            "force_delete_warm_pool": false,
            "health_check_grace_period": 300,
            "health_check_type": "ELB",
            "id": "tooling-asg",
            "ignore_failed_scaling_activities": false,
            "initial_lifecycle_hook": [],
            "instance_refresh": [],
            "launch_configuration": "",
            "launch_template": [
              {
                "id": "lt-0ba3eb6ff880316a5",
                "name": "terraform-20230815162424157100000006",
                "version": "$Latest"
              }
            ],
            "load_balancers": [],
            "max_instance_lifetime": 0,
            "max_size": 2,
            "metrics_granularity": "1Minute",
            "min_elb_capacity": null,
            "min_size": 1,
            "mixed_instances_policy": [],
            "name": "tooling-asg",
            "name_prefix": "",
            "placement_group": "",
            "predicted_capacity": 0,
            "protect_from_scale_in": false,
            "service_linked_role_arn": "arn:aws:iam::571207880192:role/aws-service-role/autoscaling.amazonaws.com/AWSServiceRoleForAutoScaling",
            "suspended_processes": [],
            "tag": [
              {
                "key": "Name",
                "propagate_at_launch": true,
                "value": "tooling-launch-template"
              }
            ],
            "target_group_arns": [
              "arn:aws:elasticloadbalancing:us-east-1:571207880192:targetgroup/tooling-tgt/a4e648c53c886507"
            ],
            "termination_policies": [],
            "timeouts": null,
            "traffic_source": [
              {
                "identifier": "arn:aws:elasticloadbalancing:us-east-1:571207880192:targetgroup/tooling-tgt/a4e648c53c886507",
                "type": "elbv2"
              }
            ],
            "vpc_zone_identifier": [
              "subnet-04def4831210f7089",
              "subnet-0b3e872d1a6e7c07d"
            ],
            "wait_for_capacity_timeout": "10m",
            "wait_for_elb_capacity": null,
            "warm_pool": [],
            "warm_pool_size": 0
          },
          "sensitive_attributes": [],
          "private": "eyJlMmJmYjczMC1lY2FhLTExZTYtOGY4OC0zNDM2M2JjN2M0YzAiOnsiZGVsZXRlIjo2MDAwMDAwMDAwMDAsInVwZGF0ZSI6NjAwMDAwMDAwMDAwfSwic2NoZW1hX3ZlcnNpb24iOiIxIn0=",
          "dependencies": [
            "aws_iam_instance_profile.ip",
            "aws_iam_role.ec2_instance_role",
            "aws_launch_template.tooling-launch-template",
            "aws_security_group.webserver-sg",
            "aws_subnet.private",
            "aws_vpc.main",
            "data.aws_availability_zones.available"
          ]
        }
      ]
    },
    {
      "mode": "managed",
      "type": "aws_autoscaling_group",
      "name": "wordpress-asg",
      "provider": "provider[\"registry.terraform.io/hashicorp/aws\"]",
      "instances": [
        {
          "schema_version": 1,
          "attributes": {
            "arn": "arn:aws:autoscaling:us-east-1:571207880192:autoScalingGroup:71a9b5dd-a695-4b54-9207-3e28af060f4f:autoScalingGroupName/wordpress-asg",
            "availability_zones": [
              "us-east-1a",
              "us-east-1b"
            ],
            "capacity_rebalance": false,
            "context": "",
            "default_cooldown": 300,
            "default_instance_warmup": 0,
            "desired_capacity": 1,
            "desired_capacity_type": "",
            "enabled_metrics": [],
            "force_delete": false,
            "force_delete_warm_pool": false,
            "health_check_grace_period": 300,
            "health_check_type": "ELB",
            "id": "wordpress-asg",
            "ignore_failed_scaling_activities": false,
            "initial_lifecycle_hook": [],
            "instance_refresh": [],
            "launch_configuration": "",
            "launch_template": [
              {
                "id": "lt-090803c5300c09f98",
                "name": "terraform-20230815162424084900000004",
                "version": "$Latest"
              }
            ],
            "load_balancers": [],
            "max_instance_lifetime": 0,
            "max_size": 2,
            "metrics_granularity": "1Minute",
            "min_elb_capacity": null,
            "min_size": 1,
            "mixed_instances_policy": [],
            "name": "wordpress-asg",
            "name_prefix": "",
            "placement_group": "",
            "predicted_capacity": 0,
            "protect_from_scale_in": false,
            "service_linked_role_arn": "arn:aws:iam::571207880192:role/aws-service-role/autoscaling.amazonaws.com/AWSServiceRoleForAutoScaling",
            "suspended_processes": [],
            "tag": [
              {
                "key": "Name",
                "propagate_at_launch": true,
                "value": "wordpress-asg"
              }
            ],
            "target_group_arns": [
              "arn:aws:elasticloadbalancing:us-east-1:571207880192:targetgroup/wordpress-tgt/c0157357b151c235"
            ],
            "termination_policies": [],
            "timeouts": null,
            "traffic_source": [
              {
                "identifier": "arn:aws:elasticloadbalancing:us-east-1:571207880192:targetgroup/wordpress-tgt/c0157357b151c235",
                "type": "elbv2"
              }
            ],
            "vpc_zone_identifier": [
              "subnet-04def4831210f7089",
              "subnet-0b3e872d1a6e7c07d"
            ],
            "wait_for_capacity_timeout": "10m",
            "wait_for_elb_capacity": null,
            "warm_pool": [],
            "warm_pool_size": 0
          },
          "sensitive_attributes": [],
          "private": "eyJlMmJmYjczMC1lY2FhLTExZTYtOGY4OC0zNDM2M2JjN2M0YzAiOnsiZGVsZXRlIjo2MDAwMDAwMDAwMDAsInVwZGF0ZSI6NjAwMDAwMDAwMDAwfSwic2NoZW1hX3ZlcnNpb24iOiIxIn0=",
          "dependencies": [
            "aws_iam_instance_profile.ip",
            "aws_iam_role.ec2_instance_role",
            "aws_launch_template.wordpress-launch-template",
            "aws_security_group.webserver-sg",
            "aws_subnet.private",
            "aws_vpc.main",
            "data.aws_availability_zones.available"
          ]
        }
      ]
    },
    {
      "mode": "managed",
      "type": "aws_autoscaling_notification",
      "name": "jendy_notifications",
      "provider": "provider[\"registry.terraform.io/hashicorp/aws\"]",
      "instances": [
        {
          "schema_version": 0,
          "attributes": {
            "group_names": [
              "bastion-asg",
              "nginx-asg",
              "tooling-asg",
              "wordpress-asg"
            ],
            "id": "arn:aws:sns:us-east-1:571207880192:Default_CloudWatch_Alarms_Topic",
            "notifications": [
              "autoscaling:EC2_INSTANCE_LAUNCH",
              "autoscaling:EC2_INSTANCE_LAUNCH_ERROR",
              "autoscaling:EC2_INSTANCE_TERMINATE",
              "autoscaling:EC2_INSTANCE_TERMINATE_ERROR"
            ],
            "topic_arn": "arn:aws:sns:us-east-1:571207880192:Default_CloudWatch_Alarms_Topic"
          },
          "sensitive_attributes": [],
          "private": "bnVsbA==",
          "dependencies": [
            "aws_autoscaling_group.bastion-asg",
            "aws_autoscaling_group.nginx-asg",
            "aws_autoscaling_group.tooling-asg",
            "aws_autoscaling_group.wordpress-asg",
            "aws_iam_instance_profile.ip",
            "aws_iam_role.ec2_instance_role",
            "aws_launch_template.bastion-launch-template",
            "aws_launch_template.nginx-launch-template",
            "aws_launch_template.tooling-launch-template",
            "aws_launch_template.wordpress-launch-template",
            "aws_security_group.bastion_sg",
            "aws_security_group.nginx-sg",
            "aws_security_group.webserver-sg",
            "aws_sns_topic.jendy-sns",
            "aws_subnet.private",
            "aws_subnet.public",
            "aws_vpc.main",
            "data.aws_availability_zones.available"
          ]
        }
      ]
    },
    {
      "mode": "managed",
      "type": "aws_db_instance",
      "name": "ACS-rds",
      "provider": "provider[\"registry.terraform.io/hashicorp/aws\"]",
      "instances": [
        {
          "schema_version": 2,
          "attributes": {
            "address": "terraform-2023081516242529480000000a.c1o5egw4sid4.us-east-1.rds.amazonaws.com",
            "allocated_storage": 20,
            "allow_major_version_upgrade": null,
            "apply_immediately": false,
            "arn": "arn:aws:rds:us-east-1:571207880192:db:terraform-2023081516242529480000000a",
            "auto_minor_version_upgrade": true,
            "availability_zone": "us-east-1d",
            "backup_retention_period": 0,
            "backup_target": "region",
            "backup_window": "08:22-08:52",
            "blue_green_update": [],
            "ca_cert_identifier": "",
            "character_set_name": "",
            "copy_tags_to_snapshot": false,
            "custom_iam_instance_profile": "",
            "customer_owned_ip_enabled": false,
            "db_name": "daviddb",
            "db_subnet_group_name": "acs-rds",
            "delete_automated_backups": true,
            "deletion_protection": false,
            "domain": "",
            "domain_iam_role_name": "",
            "enabled_cloudwatch_logs_exports": [],
            "endpoint": "terraform-2023081516242529480000000a.c1o5egw4sid4.us-east-1.rds.amazonaws.com:3306",
            "engine": "mysql",
            "engine_version": "5.7",
            "engine_version_actual": "5.7.42",
            "final_snapshot_identifier": null,
            "hosted_zone_id": "Z2R2ITUGPM61AM",
            "iam_database_authentication_enabled": false,
            "id": "db-KFJZLCJ55YVBBJYXP4XTXZIIIM",
            "identifier": "terraform-2023081516242529480000000a",
            "identifier_prefix": "terraform-",
            "instance_class": "db.t2.micro",
            "iops": 0,
            "kms_key_id": "",
            "latest_restorable_time": "",
            "license_model": "general-public-license",
            "listener_endpoint": [],
            "maintenance_window": "fri:06:37-fri:07:07",
            "manage_master_user_password": null,
            "master_user_secret": [],
            "master_user_secret_kms_key_id": null,
            "max_allocated_storage": 0,
            "monitoring_interval": 0,
            "monitoring_role_arn": "",
            "multi_az": true,
            "nchar_character_set_name": "",
            "network_type": "IPV4",
            "option_group_name": "default:mysql-5-7",
            "parameter_group_name": "default.mysql5.7",
            "password": "devopspbl",
            "performance_insights_enabled": false,
            "performance_insights_kms_key_id": "",
            "performance_insights_retention_period": 0,
            "port": 3306,
            "publicly_accessible": false,
            "replica_mode": "",
            "replicas": [],
            "replicate_source_db": "",
            "resource_id": "db-KFJZLCJ55YVBBJYXP4XTXZIIIM",
            "restore_to_point_in_time": [],
            "s3_import": [],
            "skip_final_snapshot": true,
            "snapshot_identifier": null,
            "status": "deleting",
            "storage_encrypted": false,
            "storage_throughput": 0,
            "storage_type": "gp2",
            "tags": {},
            "tags_all": {},
            "timeouts": null,
            "timezone": "",
            "username": "jendyjasper",
            "vpc_security_group_ids": [
              "sg-0bc83c2a97baffcfe"
            ]
          },
          "sensitive_attributes": [],
          "private": "eyJlMmJmYjczMC1lY2FhLTExZTYtOGY4OC0zNDM2M2JjN2M0YzAiOnsiY3JlYXRlIjoyNDAwMDAwMDAwMDAwLCJkZWxldGUiOjM2MDAwMDAwMDAwMDAsInVwZGF0ZSI6NDgwMDAwMDAwMDAwMH0sInNjaGVtYV92ZXJzaW9uIjoiMiJ9",
          "dependencies": [
            "aws_db_subnet_group.ACS-rds",
            "aws_security_group.datalayer-sg"
          ]
        }
      ]
    },
    {
      "mode": "managed",
      "type": "aws_db_subnet_group",
      "name": "ACS-rds",
      "provider": "provider[\"registry.terraform.io/hashicorp/aws\"]",
      "instances": [
        {
          "schema_version": 0,
          "attributes": {
            "arn": "arn:aws:rds:us-east-1:571207880192:subgrp:acs-rds",
            "description": "Managed by Terraform",
            "id": "acs-rds",
            "name": "acs-rds",
            "name_prefix": "",
            "subnet_ids": [
              "subnet-0b6ed754394a38a5d",
              "subnet-0eb2dfcd8c56f5142"
            ],
            "supported_network_types": [
              "IPV4"
            ],
            "tags": {
              "Billing-Account": "571207880192",
              "Enviroment": "production",
              "Managed-By": "Terraform",
              "Name": "ACS-rds",
              "Owner-Email": "jendydevops@gmail.com"
            },
            "tags_all": {
              "Billing-Account": "571207880192",
              "Enviroment": "production",
              "Managed-By": "Terraform",
              "Name": "ACS-rds",
              "Owner-Email": "jendydevops@gmail.com"
            },
            "vpc_id": "vpc-0104401bbe4d87c65"
          },
          "sensitive_attributes": [],
          "private": "bnVsbA==",
          "dependencies": [
            "aws_subnet.private",
            "aws_vpc.main",
            "data.aws_availability_zones.available"
          ]
        }
      ]
    },
    {
      "mode": "managed",
      "type": "aws_efs_access_point",
      "name": "tooling",
      "provider": "provider[\"registry.terraform.io/hashicorp/aws\"]",
      "instances": [
        {
          "schema_version": 0,
          "attributes": {
            "arn": "arn:aws:elasticfilesystem:us-east-1:571207880192:access-point/fsap-090498819b3b0fec5",
            "file_system_arn": "arn:aws:elasticfilesystem:us-east-1:571207880192:file-system/fs-0fa5b64c8d916c8b9",
            "file_system_id": "fs-0fa5b64c8d916c8b9",
            "id": "fsap-090498819b3b0fec5",
            "owner_id": "571207880192",
            "posix_user": [
              {
                "gid": 0,
                "secondary_gids": [],
                "uid": 0
              }
            ],
            "root_directory": [
              {
                "creation_info": [
                  {
                    "owner_gid": 0,
                    "owner_uid": 0,
                    "permissions": "755"
                  }
                ],
                "path": "/tooling"
              }
            ],
            "tags": {},
            "tags_all": {}
          },
          "sensitive_attributes": [],
          "private": "bnVsbA==",
          "dependencies": [
            "aws_efs_file_system.ACS-efs",
            "aws_kms_key.ACS-kms"
          ]
        }
      ]
    },
    {
      "mode": "managed",
      "type": "aws_efs_access_point",
      "name": "wordpress",
      "provider": "provider[\"registry.terraform.io/hashicorp/aws\"]",
      "instances": [
        {
          "schema_version": 0,
          "attributes": {
            "arn": "arn:aws:elasticfilesystem:us-east-1:571207880192:access-point/fsap-0cf29114892652f91",
            "file_system_arn": "arn:aws:elasticfilesystem:us-east-1:571207880192:file-system/fs-0fa5b64c8d916c8b9",
            "file_system_id": "fs-0fa5b64c8d916c8b9",
            "id": "fsap-0cf29114892652f91",
            "owner_id": "571207880192",
            "posix_user": [
              {
                "gid": 0,
                "secondary_gids": [],
                "uid": 0
              }
            ],
            "root_directory": [
              {
                "creation_info": [
                  {
                    "owner_gid": 0,
                    "owner_uid": 0,
                    "permissions": "755"
                  }
                ],
                "path": "/wordpress"
              }
            ],
            "tags": {},
            "tags_all": {}
          },
          "sensitive_attributes": [],
          "private": "bnVsbA==",
          "dependencies": [
            "aws_efs_file_system.ACS-efs",
            "aws_kms_key.ACS-kms"
          ]
        }
      ]
    },
    {
      "mode": "managed",
      "type": "aws_efs_file_system",
      "name": "ACS-efs",
      "provider": "provider[\"registry.terraform.io/hashicorp/aws\"]",
      "instances": [
        {
          "schema_version": 0,
          "attributes": {
            "arn": "arn:aws:elasticfilesystem:us-east-1:571207880192:file-system/fs-0fa5b64c8d916c8b9",
            "availability_zone_id": "",
            "availability_zone_name": "",
            "creation_token": "terraform-20230815172519293700000001",
            "dns_name": "fs-0fa5b64c8d916c8b9.efs.us-east-1.amazonaws.com",
            "encrypted": true,
            "id": "fs-0fa5b64c8d916c8b9",
            "kms_key_id": "arn:aws:kms:us-east-1:571207880192:key/21d1257a-c156-442a-b5db-2c8ac5aa3907",
            "lifecycle_policy": [],
            "number_of_mount_targets": 2,
            "owner_id": "571207880192",
            "performance_mode": "generalPurpose",
            "provisioned_throughput_in_mibps": 0,
            "size_in_bytes": [
              {
                "value": 6144,
                "value_in_ia": 0,
                "value_in_standard": 6144
              }
            ],
            "tags": {
              "Billing-Account": "571207880192",
              "Enviroment": "production",
              "Managed-By": "Terraform",
              "Name": "ACS-efs",
              "Owner-Email": "jendydevops@gmail.com"
            },
            "tags_all": {
              "Billing-Account": "571207880192",
              "Enviroment": "production",
              "Managed-By": "Terraform",
              "Name": "ACS-efs",
              "Owner-Email": "jendydevops@gmail.com"
            },
            "throughput_mode": "bursting"
          },
          "sensitive_attributes": [],
          "private": "bnVsbA==",
          "dependencies": [
            "aws_kms_key.ACS-kms"
          ]
        }
      ]
    },
    {
      "mode": "managed",
      "type": "aws_efs_mount_target",
      "name": "subnet-1",
      "provider": "provider[\"registry.terraform.io/hashicorp/aws\"]",
      "instances": [
        {
          "schema_version": 0,
          "attributes": {
            "availability_zone_id": "use1-az1",
            "availability_zone_name": "us-east-1c",
            "dns_name": "fs-0fa5b64c8d916c8b9.efs.us-east-1.amazonaws.com",
            "file_system_arn": "arn:aws:elasticfilesystem:us-east-1:571207880192:file-system/fs-0fa5b64c8d916c8b9",
            "file_system_id": "fs-0fa5b64c8d916c8b9",
            "id": "fsmt-044e917e5c92db65d",
            "ip_address": "172.16.4.140",
            "mount_target_dns_name": "us-east-1c.fs-0fa5b64c8d916c8b9.efs.us-east-1.amazonaws.com",
            "network_interface_id": "eni-04ca77aebcfb190f6",
            "owner_id": "571207880192",
            "security_groups": [
              "sg-0bc83c2a97baffcfe"
            ],
            "subnet_id": "subnet-0b6ed754394a38a5d",
            "timeouts": null
          },
          "sensitive_attributes": [],
          "private": "eyJlMmJmYjczMC1lY2FhLTExZTYtOGY4OC0zNDM2M2JjN2M0YzAiOnsiY3JlYXRlIjoxODAwMDAwMDAwMDAwLCJkZWxldGUiOjYwMDAwMDAwMDAwMH19",
          "dependencies": [
            "aws_efs_file_system.ACS-efs",
            "aws_kms_key.ACS-kms",
            "aws_security_group.datalayer-sg",
            "aws_subnet.private",
            "aws_vpc.main",
            "data.aws_availability_zones.available"
          ]
        }
      ]
    },
    {
      "mode": "managed",
      "type": "aws_efs_mount_target",
      "name": "subnet-2",
      "provider": "provider[\"registry.terraform.io/hashicorp/aws\"]",
      "instances": [
        {
          "schema_version": 0,
          "attributes": {
            "availability_zone_id": "use1-az2",
            "availability_zone_name": "us-east-1d",
            "dns_name": "fs-0fa5b64c8d916c8b9.efs.us-east-1.amazonaws.com",
            "file_system_arn": "arn:aws:elasticfilesystem:us-east-1:571207880192:file-system/fs-0fa5b64c8d916c8b9",
            "file_system_id": "fs-0fa5b64c8d916c8b9",
            "id": "fsmt-094434b2325da5687",
            "ip_address": "172.16.5.9",
            "mount_target_dns_name": "us-east-1d.fs-0fa5b64c8d916c8b9.efs.us-east-1.amazonaws.com",
            "network_interface_id": "eni-0821216599a66d468",
            "owner_id": "571207880192",
            "security_groups": [
              "sg-0bc83c2a97baffcfe"
            ],
            "subnet_id": "subnet-0eb2dfcd8c56f5142",
            "timeouts": null
          },
          "sensitive_attributes": [],
          "private": "eyJlMmJmYjczMC1lY2FhLTExZTYtOGY4OC0zNDM2M2JjN2M0YzAiOnsiY3JlYXRlIjoxODAwMDAwMDAwMDAwLCJkZWxldGUiOjYwMDAwMDAwMDAwMH19",
          "dependencies": [
            "aws_efs_file_system.ACS-efs",
            "aws_kms_key.ACS-kms",
            "aws_security_group.datalayer-sg",
            "aws_subnet.private",
            "aws_vpc.main",
            "data.aws_availability_zones.available"
          ]
        }
      ]
    },
    {
      "mode": "managed",
      "type": "aws_eip",
      "name": "nat_eip",
      "provider": "provider[\"registry.terraform.io/hashicorp/aws\"]",
      "instances": [
        {
          "schema_version": 0,
          "attributes": {
            "address": null,
            "allocation_id": "eipalloc-0b1cf0cad30561aac",
            "associate_with_private_ip": null,
            "association_id": "eipassoc-09507eaff8d4a9d01",
            "carrier_ip": "",
            "customer_owned_ip": "",
            "customer_owned_ipv4_pool": "",
            "domain": "vpc",
            "id": "eipalloc-0b1cf0cad30561aac",
            "instance": "",
            "network_border_group": "us-east-1",
            "network_interface": "eni-01ee14ff4fbe57e48",
            "private_dns": "ip-172-16-0-62.ec2.internal",
            "private_ip": "172.16.0.62",
            "public_dns": "ec2-3-232-162-126.compute-1.amazonaws.com",
            "public_ip": "3.232.162.126",
            "public_ipv4_pool": "amazon",
            "tags": {
              "Billing-Account": "571207880192",
              "Enviroment": "production",
              "Managed-By": "Terraform",
              "Name": "aws vpc-EIP",
              "Owner-Email": "jendydevops@gmail.com"
            },
            "tags_all": {
              "Billing-Account": "571207880192",
              "Enviroment": "production",
              "Managed-By": "Terraform",
              "Name": "aws vpc-EIP",
              "Owner-Email": "jendydevops@gmail.com"
            },
            "timeouts": null,
            "vpc": true
          },
          "sensitive_attributes": [],
          "private": "eyJlMmJmYjczMC1lY2FhLTExZTYtOGY4OC0zNDM2M2JjN2M0YzAiOnsiZGVsZXRlIjoxODAwMDAwMDAwMDAsInJlYWQiOjkwMDAwMDAwMDAwMCwidXBkYXRlIjozMDAwMDAwMDAwMDB9fQ==",
          "dependencies": [
            "aws_internet_gateway.ig",
            "aws_vpc.main"
          ]
        }
      ]
    },
    {
      "mode": "managed",
      "type": "aws_iam_instance_profile",
      "name": "ip",
      "provider": "provider[\"registry.terraform.io/hashicorp/aws\"]",
      "instances": [
        {
          "schema_version": 0,
          "attributes": {
            "arn": "arn:aws:iam::571207880192:instance-profile/aws_instance_profile_test",
            "create_date": "2023-08-15T13:20:39Z",
            "id": "aws_instance_profile_test",
            "name": "aws_instance_profile_test",
            "name_prefix": "",
            "path": "/",
            "role": "ec2_instance_role",
            "tags": {},
            "tags_all": {},
            "unique_id": "AIPAYJ7VERYABSMW5HOPE"
          },
          "sensitive_attributes": [],
          "private": "bnVsbA==",
          "dependencies": [
            "aws_iam_role.ec2_instance_role"
          ],
          "create_before_destroy": true
        }
      ]
    },
    {
      "mode": "managed",
      "type": "aws_iam_policy",
      "name": "policy",
      "provider": "provider[\"registry.terraform.io/hashicorp/aws\"]",
      "instances": [
        {
          "schema_version": 0,
          "attributes": {
            "arn": "arn:aws:iam::571207880192:policy/ec2_instance_policy",
            "description": "A test policy",
            "id": "arn:aws:iam::571207880192:policy/ec2_instance_policy",
            "name": "ec2_instance_policy",
            "name_prefix": "",
            "path": "/",
            "policy": "{\"Statement\":[{\"Action\":[\"ec2:Describe*\"],\"Effect\":\"Allow\",\"Resource\":\"*\"}],\"Version\":\"2012-10-17\"}",
            "policy_id": "ANPAYJ7VERYAKDFO72VYK",
            "tags": {
              "Billing-Account": "571207880192",
              "Enviroment": "production",
              "Managed-By": "Terraform",
              "Name": "aws assume policy",
              "Owner-Email": "jendydevops@gmail.com"
            },
            "tags_all": {
              "Billing-Account": "571207880192",
              "Enviroment": "production",
              "Managed-By": "Terraform",
              "Name": "aws assume policy",
              "Owner-Email": "jendydevops@gmail.com"
            }
          },
          "sensitive_attributes": [],
          "private": "bnVsbA=="
        }
      ]
    },
    {
      "mode": "managed",
      "type": "aws_iam_role",
      "name": "ec2_instance_role",
      "provider": "provider[\"registry.terraform.io/hashicorp/aws\"]",
      "instances": [
        {
          "schema_version": 0,
          "attributes": {
            "arn": "arn:aws:iam::571207880192:role/ec2_instance_role",
            "assume_role_policy": "{\"Statement\":[{\"Action\":\"sts:AssumeRole\",\"Effect\":\"Allow\",\"Principal\":{\"Service\":\"ec2.amazonaws.com\"},\"Sid\":\"\"}],\"Version\":\"2012-10-17\"}",
            "create_date": "2023-08-15T13:09:10Z",
            "description": "",
            "force_detach_policies": false,
            "id": "ec2_instance_role",
            "inline_policy": [],
            "managed_policy_arns": [
              "arn:aws:iam::571207880192:policy/ec2_instance_policy"
            ],
            "max_session_duration": 3600,
            "name": "ec2_instance_role",
            "name_prefix": "",
            "path": "/",
            "permissions_boundary": null,
            "tags": {
              "Billing-Account": "571207880192",
              "Enviroment": "production",
              "Managed-By": "Terraform",
              "Name": "aws assume role",
              "Owner-Email": "jendydevops@gmail.com"
            },
            "tags_all": {
              "Billing-Account": "571207880192",
              "Enviroment": "production",
              "Managed-By": "Terraform",
              "Name": "aws assume role",
              "Owner-Email": "jendydevops@gmail.com"
            },
            "unique_id": "AROAYJ7VERYAAKHXR2COO"
          },
          "sensitive_attributes": [],
          "private": "bnVsbA==",
          "create_before_destroy": true
        }
      ]
    },
    {
      "mode": "managed",
      "type": "aws_iam_role_policy_attachment",
      "name": "test-attach",
      "provider": "provider[\"registry.terraform.io/hashicorp/aws\"]",
      "instances": [
        {
          "schema_version": 0,
          "attributes": {
            "id": "ec2_instance_role-20230815132220859100000001",
            "policy_arn": "arn:aws:iam::571207880192:policy/ec2_instance_policy",
            "role": "ec2_instance_role"
          },
          "sensitive_attributes": [],
          "private": "bnVsbA==",
          "dependencies": [
            "aws_iam_policy.policy",
            "aws_iam_role.ec2_instance_role"
          ]
        }
      ]
    },
    {
      "mode": "managed",
      "type": "aws_internet_gateway",
      "name": "ig",
      "provider": "provider[\"registry.terraform.io/hashicorp/aws\"]",
      "instances": [
        {
          "schema_version": 0,
          "attributes": {
            "arn": "arn:aws:ec2:us-east-1:571207880192:internet-gateway/igw-005cc81c65545f673",
            "id": "igw-005cc81c65545f673",
            "owner_id": "571207880192",
            "tags": {
              "Billing-Account": "571207880192",
              "Enviroment": "production",
              "Managed-By": "Terraform",
              "Name": "vpc-0104401bbe4d87c65-IG!",
              "Owner-Email": "jendydevops@gmail.com"
            },
            "tags_all": {
              "Billing-Account": "571207880192",
              "Enviroment": "production",
              "Managed-By": "Terraform",
              "Name": "vpc-0104401bbe4d87c65-IG!",
              "Owner-Email": "jendydevops@gmail.com"
            },
            "timeouts": null,
            "vpc_id": "vpc-0104401bbe4d87c65"
          },
          "sensitive_attributes": [],
          "private": "eyJlMmJmYjczMC1lY2FhLTExZTYtOGY4OC0zNDM2M2JjN2M0YzAiOnsiY3JlYXRlIjoxMjAwMDAwMDAwMDAwLCJkZWxldGUiOjEyMDAwMDAwMDAwMDAsInVwZGF0ZSI6MTIwMDAwMDAwMDAwMH19",
          "dependencies": [
            "aws_vpc.main"
          ]
        }
      ]
    },
    {
      "mode": "managed",
      "type": "aws_kms_alias",
      "name": "alias",
      "provider": "provider[\"registry.terraform.io/hashicorp/aws\"]",
      "instances": [
        {
          "schema_version": 0,
          "attributes": {
            "arn": "arn:aws:kms:us-east-1:571207880192:alias/kms",
            "id": "alias/kms",
            "name": "alias/kms",
            "name_prefix": "",
            "target_key_arn": "arn:aws:kms:us-east-1:571207880192:key/21d1257a-c156-442a-b5db-2c8ac5aa3907",
            "target_key_id": "21d1257a-c156-442a-b5db-2c8ac5aa3907"
          },
          "sensitive_attributes": [],
          "private": "bnVsbA==",
          "dependencies": [
            "aws_kms_key.ACS-kms"
          ]
        }
      ]
    },
    {
      "mode": "managed",
      "type": "aws_kms_key",
      "name": "ACS-kms",
      "provider": "provider[\"registry.terraform.io/hashicorp/aws\"]",
      "instances": [
        {
          "schema_version": 0,
          "attributes": {
            "arn": "arn:aws:kms:us-east-1:571207880192:key/21d1257a-c156-442a-b5db-2c8ac5aa3907",
            "bypass_policy_lockout_safety_check": false,
            "custom_key_store_id": "",
            "customer_master_key_spec": "SYMMETRIC_DEFAULT",
            "deletion_window_in_days": null,
            "description": "KMS key ",
            "enable_key_rotation": false,
            "id": "21d1257a-c156-442a-b5db-2c8ac5aa3907",
            "is_enabled": true,
            "key_id": "21d1257a-c156-442a-b5db-2c8ac5aa3907",
            "key_usage": "ENCRYPT_DECRYPT",
            "multi_region": false,
            "policy": "{\"Id\":\"kms-key-policy\",\"Statement\":[{\"Action\":\"kms:*\",\"Effect\":\"Allow\",\"Principal\":{\"AWS\":\"arn:aws:iam::571207880192:user/terraform\"},\"Resource\":\"*\",\"Sid\":\"Enable IAM User Permissions\"}],\"Version\":\"2012-10-17\"}",
            "tags": {},
            "tags_all": {}
          },
          "sensitive_attributes": [],
          "private": "bnVsbA=="
        }
      ]
    },
    {
      "mode": "managed",
      "type": "aws_launch_template",
      "name": "bastion-launch-template",
      "provider": "provider[\"registry.terraform.io/hashicorp/aws\"]",
      "instances": [
        {
          "schema_version": 0,
          "attributes": {
            "arn": "arn:aws:ec2:us-east-1:571207880192:launch-template/lt-0b01e51b7e6baaa62",
            "block_device_mappings": [],
            "capacity_reservation_specification": [],
            "cpu_options": [],
            "credit_specification": [],
            "default_version": 1,
            "description": "",
            "disable_api_stop": false,
            "disable_api_termination": false,
            "ebs_optimized": "",
            "elastic_gpu_specifications": [],
            "elastic_inference_accelerator": [],
            "enclave_options": [],
            "hibernation_options": [],
            "iam_instance_profile": [
              {
                "arn": "",
                "name": "aws_instance_profile_test"
              }
            ],
            "id": "lt-0b01e51b7e6baaa62",
            "image_id": "ami-06640050dc3f556bb",
            "instance_initiated_shutdown_behavior": "",
            "instance_market_options": [],
            "instance_requirements": [],
            "instance_type": "t2.micro",
            "kernel_id": "",
            "key_name": "Darey-AWS",
            "latest_version": 3,
            "license_specification": [],
            "maintenance_options": [],
            "metadata_options": [],
            "monitoring": [],
            "name": "terraform-20230815162423899100000002",
            "name_prefix": "terraform-",
            "network_interfaces": [],
            "placement": [
              {
                "affinity": "",
                "availability_zone": "random_shuffle.az_list.result",
                "group_name": "",
                "host_id": "",
                "host_resource_group_arn": "",
                "partition_number": 0,
                "spread_domain": "",
                "tenancy": ""
              }
            ],
            "private_dns_name_options": [],
            "ram_disk_id": "",
            "security_group_names": [],
            "tag_specifications": [
              {
                "resource_type": "instance",
                "tags": {
                  "Billing-Account": "571207880192",
                  "Enviroment": "production",
                  "Managed-By": "Terraform",
                  "Name": "bastion-launch-template",
                  "Owner-Email": "jendydevops@gmail.com"
                }
              }
            ],
            "tags": {},
            "tags_all": {},
            "update_default_version": null,
            "user_data": "",
            "vpc_security_group_ids": [
              "sg-0fb6c83849b24713d"
            ]
          },
          "sensitive_attributes": [],
          "private": "bnVsbA==",
          "dependencies": [
            "aws_iam_instance_profile.ip",
            "aws_iam_role.ec2_instance_role",
            "aws_security_group.bastion_sg",
            "aws_vpc.main"
          ],
          "create_before_destroy": true
        }
      ]
    },
    {
      "mode": "managed",
      "type": "aws_launch_template",
      "name": "nginx-launch-template",
      "provider": "provider[\"registry.terraform.io/hashicorp/aws\"]",
      "instances": [
        {
          "schema_version": 0,
          "attributes": {
            "arn": "arn:aws:ec2:us-east-1:571207880192:launch-template/lt-082f65b34dc982346",
            "block_device_mappings": [],
            "capacity_reservation_specification": [],
            "cpu_options": [],
            "credit_specification": [],
            "default_version": 1,
            "description": "",
            "disable_api_stop": false,
            "disable_api_termination": false,
            "ebs_optimized": "",
            "elastic_gpu_specifications": [],
            "elastic_inference_accelerator": [],
            "enclave_options": [],
            "hibernation_options": [],
            "iam_instance_profile": [
              {
                "arn": "",
                "name": "aws_instance_profile_test"
              }
            ],
            "id": "lt-082f65b34dc982346",
            "image_id": "ami-06640050dc3f556bb",
            "instance_initiated_shutdown_behavior": "",
            "instance_market_options": [],
            "instance_requirements": [],
            "instance_type": "t2.micro",
            "kernel_id": "",
            "key_name": "Darey-AWS",
            "latest_version": 3,
            "license_specification": [],
            "maintenance_options": [],
            "metadata_options": [],
            "monitoring": [],
            "name": "terraform-20230815162424166500000008",
            "name_prefix": "terraform-",
            "network_interfaces": [],
            "placement": [
              {
                "affinity": "",
                "availability_zone": "random_shuffle.az_list.result",
                "group_name": "",
                "host_id": "",
                "host_resource_group_arn": "",
                "partition_number": 0,
                "spread_domain": "",
                "tenancy": ""
              }
            ],
            "private_dns_name_options": [],
            "ram_disk_id": "",
            "security_group_names": [],
            "tag_specifications": [
              {
                "resource_type": "instance",
                "tags": {
                  "Billing-Account": "571207880192",
                  "Enviroment": "production",
                  "Managed-By": "Terraform",
                  "Name": "nginx-launch-template",
                  "Owner-Email": "jendydevops@gmail.com"
                }
              }
            ],
            "tags": {},
            "tags_all": {},
            "update_default_version": null,
            "user_data": "",
            "vpc_security_group_ids": [
              "sg-02d5bb043589e2230"
            ]
          },
          "sensitive_attributes": [],
          "private": "bnVsbA==",
          "dependencies": [
            "aws_iam_instance_profile.ip",
            "aws_iam_role.ec2_instance_role",
            "aws_security_group.nginx-sg",
            "aws_vpc.main"
          ],
          "create_before_destroy": true
        }
      ]
    },
    {
      "mode": "managed",
      "type": "aws_launch_template",
      "name": "tooling-launch-template",
      "provider": "provider[\"registry.terraform.io/hashicorp/aws\"]",
      "instances": [
        {
          "schema_version": 0,
          "attributes": {
            "arn": "arn:aws:ec2:us-east-1:571207880192:launch-template/lt-0ba3eb6ff880316a5",
            "block_device_mappings": [],
            "capacity_reservation_specification": [],
            "cpu_options": [],
            "credit_specification": [],
            "default_version": 1,
            "description": "",
            "disable_api_stop": false,
            "disable_api_termination": false,
            "ebs_optimized": "",
            "elastic_gpu_specifications": [],
            "elastic_inference_accelerator": [],
            "enclave_options": [],
            "hibernation_options": [],
            "iam_instance_profile": [
              {
                "arn": "",
                "name": "aws_instance_profile_test"
              }
            ],
            "id": "lt-0ba3eb6ff880316a5",
            "image_id": "ami-06640050dc3f556bb",
            "instance_initiated_shutdown_behavior": "",
            "instance_market_options": [],
            "instance_requirements": [],
            "instance_type": "t2.micro",
            "kernel_id": "",
            "key_name": "Darey-AWS",
            "latest_version": 3,
            "license_specification": [],
            "maintenance_options": [],
            "metadata_options": [],
            "monitoring": [],
            "name": "terraform-20230815162424157100000006",
            "name_prefix": "terraform-",
            "network_interfaces": [],
            "placement": [
              {
                "affinity": "",
                "availability_zone": "random_shuffle.az_list.result",
                "group_name": "",
                "host_id": "",
                "host_resource_group_arn": "",
                "partition_number": 0,
                "spread_domain": "",
                "tenancy": ""
              }
            ],
            "private_dns_name_options": [],
            "ram_disk_id": "",
            "security_group_names": [],
            "tag_specifications": [
              {
                "resource_type": "instance",
                "tags": {
                  "Billing-Account": "571207880192",
                  "Enviroment": "production",
                  "Managed-By": "Terraform",
                  "Name": "tooling-launch-template",
                  "Owner-Email": "jendydevops@gmail.com"
                }
              }
            ],
            "tags": {},
            "tags_all": {},
            "update_default_version": null,
            "user_data": "",
            "vpc_security_group_ids": [
              "sg-0bd89223c5d7661ca"
            ]
          },
          "sensitive_attributes": [],
          "private": "bnVsbA==",
          "dependencies": [
            "aws_iam_instance_profile.ip",
            "aws_iam_role.ec2_instance_role",
            "aws_security_group.webserver-sg",
            "aws_vpc.main"
          ],
          "create_before_destroy": true
        }
      ]
    },
    {
      "mode": "managed",
      "type": "aws_launch_template",
      "name": "wordpress-launch-template",
      "provider": "provider[\"registry.terraform.io/hashicorp/aws\"]",
      "instances": [
        {
          "schema_version": 0,
          "attributes": {
            "arn": "arn:aws:ec2:us-east-1:571207880192:launch-template/lt-090803c5300c09f98",
            "block_device_mappings": [],
            "capacity_reservation_specification": [],
            "cpu_options": [],
            "credit_specification": [],
            "default_version": 1,
            "description": "",
            "disable_api_stop": false,
            "disable_api_termination": false,
            "ebs_optimized": "",
            "elastic_gpu_specifications": [],
            "elastic_inference_accelerator": [],
            "enclave_options": [],
            "hibernation_options": [],
            "iam_instance_profile": [
              {
                "arn": "",
                "name": "aws_instance_profile_test"
              }
            ],
            "id": "lt-090803c5300c09f98",
            "image_id": "ami-06640050dc3f556bb",
            "instance_initiated_shutdown_behavior": "",
            "instance_market_options": [],
            "instance_requirements": [],
            "instance_type": "t2.micro",
            "kernel_id": "",
            "key_name": "Darey-AWS",
            "latest_version": 3,
            "license_specification": [],
            "maintenance_options": [],
            "metadata_options": [],
            "monitoring": [],
            "name": "terraform-20230815162424084900000004",
            "name_prefix": "terraform-",
            "network_interfaces": [],
            "placement": [
              {
                "affinity": "",
                "availability_zone": "random_shuffle.az_list.result",
                "group_name": "",
                "host_id": "",
                "host_resource_group_arn": "",
                "partition_number": 0,
                "spread_domain": "",
                "tenancy": ""
              }
            ],
            "private_dns_name_options": [],
            "ram_disk_id": "",
            "security_group_names": [],
            "tag_specifications": [
              {
                "resource_type": "instance",
                "tags": {
                  "Billing-Account": "571207880192",
                  "Enviroment": "production",
                  "Managed-By": "Terraform",
                  "Name": "wordpress-launch-template",
                  "Owner-Email": "jendydevops@gmail.com"
                }
              }
            ],
            "tags": {},
            "tags_all": {},
            "update_default_version": null,
            "user_data": "",
            "vpc_security_group_ids": [
              "sg-0bd89223c5d7661ca"
            ]
          },
          "sensitive_attributes": [],
          "private": "bnVsbA==",
          "dependencies": [
            "aws_iam_instance_profile.ip",
            "aws_iam_role.ec2_instance_role",
            "aws_security_group.webserver-sg",
            "aws_vpc.main"
          ],
          "create_before_destroy": true
        }
      ]
    },
    {
      "mode": "managed",
      "type": "aws_lb",
      "name": "ext-alb",
      "provider": "provider[\"registry.terraform.io/hashicorp/aws\"]",
      "instances": [
        {
          "schema_version": 0,
          "attributes": {
            "access_logs": [
              {
                "bucket": "",
                "enabled": false,
                "prefix": ""
              }
            ],
            "arn": "arn:aws:elasticloadbalancing:us-east-1:571207880192:loadbalancer/app/ext-alb/bf27651725892c41",
            "arn_suffix": "app/ext-alb/bf27651725892c41",
            "customer_owned_ipv4_pool": "",
            "desync_mitigation_mode": "defensive",
            "dns_name": "ext-alb-267009284.us-east-1.elb.amazonaws.com",
            "drop_invalid_header_fields": false,
            "enable_cross_zone_load_balancing": true,
            "enable_deletion_protection": false,
            "enable_http2": true,
            "enable_tls_version_and_cipher_suite_headers": false,
            "enable_waf_fail_open": false,
            "enable_xff_client_port": false,
            "id": "arn:aws:elasticloadbalancing:us-east-1:571207880192:loadbalancer/app/ext-alb/bf27651725892c41",
            "idle_timeout": 60,
            "internal": false,
            "ip_address_type": "ipv4",
            "load_balancer_type": "application",
            "name": "ext-alb",
            "name_prefix": null,
            "preserve_host_header": false,
            "security_groups": [
              "sg-05e2272b5eab480f6"
            ],
            "subnet_mapping": [
              {
                "allocation_id": "",
                "ipv6_address": "",
                "outpost_id": "",
                "private_ipv4_address": "",
                "subnet_id": "subnet-00a170d8e4e515fbe"
              },
              {
                "allocation_id": "",
                "ipv6_address": "",
                "outpost_id": "",
                "private_ipv4_address": "",
                "subnet_id": "subnet-064c9cf55661fcdb2"
              }
            ],
            "subnets": [
              "subnet-00a170d8e4e515fbe",
              "subnet-064c9cf55661fcdb2"
            ],
            "tags": {
              "Billing-Account": "571207880192",
              "Enviroment": "production",
              "Managed-By": "Terraform",
              "Name": "ACS-ext-alb",
              "Owner-Email": "jendydevops@gmail.com"
            },
            "tags_all": {
              "Billing-Account": "571207880192",
              "Enviroment": "production",
              "Managed-By": "Terraform",
              "Name": "ACS-ext-alb",
              "Owner-Email": "jendydevops@gmail.com"
            },
            "timeouts": null,
            "vpc_id": "vpc-0104401bbe4d87c65",
            "xff_header_processing_mode": "append",
            "zone_id": "Z35SXDOTRQ7X7K"
          },
          "sensitive_attributes": [],
          "private": "eyJlMmJmYjczMC1lY2FhLTExZTYtOGY4OC0zNDM2M2JjN2M0YzAiOnsiY3JlYXRlIjo2MDAwMDAwMDAwMDAsImRlbGV0ZSI6NjAwMDAwMDAwMDAwLCJ1cGRhdGUiOjYwMDAwMDAwMDAwMH19",
          "dependencies": [
            "aws_security_group.ext-alb-sg",
            "aws_subnet.public",
            "aws_vpc.main",
            "data.aws_availability_zones.available"
          ]
        }
      ]
    },
    {
      "mode": "managed",
      "type": "aws_lb",
      "name": "ialb",
      "provider": "provider[\"registry.terraform.io/hashicorp/aws\"]",
      "instances": [
        {
          "schema_version": 0,
          "attributes": {
            "access_logs": [
              {
                "bucket": "",
                "enabled": false,
                "prefix": ""
              }
            ],
            "arn": "arn:aws:elasticloadbalancing:us-east-1:571207880192:loadbalancer/app/ialb/b4631edaf97f8218",
            "arn_suffix": "app/ialb/b4631edaf97f8218",
            "customer_owned_ipv4_pool": "",
            "desync_mitigation_mode": "defensive",
            "dns_name": "internal-ialb-491987123.us-east-1.elb.amazonaws.com",
            "drop_invalid_header_fields": false,
            "enable_cross_zone_load_balancing": true,
            "enable_deletion_protection": false,
            "enable_http2": true,
            "enable_tls_version_and_cipher_suite_headers": false,
            "enable_waf_fail_open": false,
            "enable_xff_client_port": false,
            "id": "arn:aws:elasticloadbalancing:us-east-1:571207880192:loadbalancer/app/ialb/b4631edaf97f8218",
            "idle_timeout": 60,
            "internal": true,
            "ip_address_type": "ipv4",
            "load_balancer_type": "application",
            "name": "ialb",
            "name_prefix": null,
            "preserve_host_header": false,
            "security_groups": [
              "sg-05a37662c78a63ab3"
            ],
            "subnet_mapping": [
              {
                "allocation_id": "",
                "ipv6_address": "",
                "outpost_id": "",
                "private_ipv4_address": "",
                "subnet_id": "subnet-04def4831210f7089"
              },
              {
                "allocation_id": "",
                "ipv6_address": "",
                "outpost_id": "",
                "private_ipv4_address": "",
                "subnet_id": "subnet-0b3e872d1a6e7c07d"
              }
            ],
            "subnets": [
              "subnet-04def4831210f7089",
              "subnet-0b3e872d1a6e7c07d"
            ],
            "tags": {
              "Billing-Account": "571207880192",
              "Enviroment": "production",
              "Managed-By": "Terraform",
              "Name": "ACS-int-alb",
              "Owner-Email": "jendydevops@gmail.com"
            },
            "tags_all": {
              "Billing-Account": "571207880192",
              "Enviroment": "production",
              "Managed-By": "Terraform",
              "Name": "ACS-int-alb",
              "Owner-Email": "jendydevops@gmail.com"
            },
            "timeouts": null,
            "vpc_id": "vpc-0104401bbe4d87c65",
            "xff_header_processing_mode": "append",
            "zone_id": "Z35SXDOTRQ7X7K"
          },
          "sensitive_attributes": [],
          "private": "eyJlMmJmYjczMC1lY2FhLTExZTYtOGY4OC0zNDM2M2JjN2M0YzAiOnsiY3JlYXRlIjo2MDAwMDAwMDAwMDAsImRlbGV0ZSI6NjAwMDAwMDAwMDAwLCJ1cGRhdGUiOjYwMDAwMDAwMDAwMH19",
          "dependencies": [
            "aws_security_group.int-alb-sg",
            "aws_subnet.private",
            "aws_vpc.main",
            "data.aws_availability_zones.available"
          ]
        }
      ]
    },
    {
      "mode": "managed",
      "type": "aws_lb_listener",
      "name": "nginx-listner",
      "provider": "provider[\"registry.terraform.io/hashicorp/aws\"]",
      "instances": [
        {
          "schema_version": 0,
          "attributes": {
            "alpn_policy": null,
            "arn": "arn:aws:elasticloadbalancing:us-east-1:571207880192:listener/app/ext-alb/bf27651725892c41/1ff3d953cf99d68d",
            "certificate_arn": "arn:aws:acm:us-east-1:571207880192:certificate/d9fa2769-f4df-4881-9eeb-6d149a26a6bb",
            "default_action": [
              {
                "authenticate_cognito": [],
                "authenticate_oidc": [],
                "fixed_response": [],
                "forward": [],
                "order": 1,
                "redirect": [],
                "target_group_arn": "arn:aws:elasticloadbalancing:us-east-1:571207880192:targetgroup/nginx-tgt/cad8870fd2d858d4",
                "type": "forward"
              }
            ],
            "id": "arn:aws:elasticloadbalancing:us-east-1:571207880192:listener/app/ext-alb/bf27651725892c41/1ff3d953cf99d68d",
            "load_balancer_arn": "arn:aws:elasticloadbalancing:us-east-1:571207880192:loadbalancer/app/ext-alb/bf27651725892c41",
            "port": 443,
            "protocol": "HTTPS",
            "ssl_policy": "ELBSecurityPolicy-2016-08",
            "tags": {},
            "tags_all": {},
            "timeouts": null
          },
          "sensitive_attributes": [],
          "private": "eyJlMmJmYjczMC1lY2FhLTExZTYtOGY4OC0zNDM2M2JjN2M0YzAiOnsicmVhZCI6NjAwMDAwMDAwMDAwfX0=",
          "dependencies": [
            "aws_acm_certificate.jendyjasper",
            "aws_acm_certificate_validation.jendyjasper",
            "aws_lb.ext-alb",
            "aws_lb_target_group.nginx-tgt",
            "aws_route53_record.jendyjasper",
            "aws_security_group.ext-alb-sg",
            "aws_subnet.public",
            "aws_vpc.main",
            "data.aws_availability_zones.available",
            "data.aws_route53_zone.jendyjasper"
          ]
        }
      ]
    },
    {
      "mode": "managed",
      "type": "aws_lb_listener",
      "name": "web-listener",
      "provider": "provider[\"registry.terraform.io/hashicorp/aws\"]",
      "instances": [
        {
          "schema_version": 0,
          "attributes": {
            "alpn_policy": null,
            "arn": "arn:aws:elasticloadbalancing:us-east-1:571207880192:listener/app/ialb/b4631edaf97f8218/651c783f1b59e6f7",
            "certificate_arn": "arn:aws:acm:us-east-1:571207880192:certificate/d9fa2769-f4df-4881-9eeb-6d149a26a6bb",
            "default_action": [
              {
                "authenticate_cognito": [],
                "authenticate_oidc": [],
                "fixed_response": [],
                "forward": [],
                "order": 1,
                "redirect": [],
                "target_group_arn": "arn:aws:elasticloadbalancing:us-east-1:571207880192:targetgroup/wordpress-tgt/c0157357b151c235",
                "type": "forward"
              }
            ],
            "id": "arn:aws:elasticloadbalancing:us-east-1:571207880192:listener/app/ialb/b4631edaf97f8218/651c783f1b59e6f7",
            "load_balancer_arn": "arn:aws:elasticloadbalancing:us-east-1:571207880192:loadbalancer/app/ialb/b4631edaf97f8218",
            "port": 443,
            "protocol": "HTTPS",
            "ssl_policy": "ELBSecurityPolicy-2016-08",
            "tags": {},
            "tags_all": {},
            "timeouts": null
          },
          "sensitive_attributes": [],
          "private": "eyJlMmJmYjczMC1lY2FhLTExZTYtOGY4OC0zNDM2M2JjN2M0YzAiOnsicmVhZCI6NjAwMDAwMDAwMDAwfX0=",
          "dependencies": [
            "aws_acm_certificate.jendyjasper",
            "aws_acm_certificate_validation.jendyjasper",
            "aws_lb.ialb",
            "aws_lb_target_group.wordpress-tgt",
            "aws_route53_record.jendyjasper",
            "aws_security_group.int-alb-sg",
            "aws_subnet.private",
            "aws_vpc.main",
            "data.aws_availability_zones.available",
            "data.aws_route53_zone.jendyjasper"
          ]
        }
      ]
    },
    {
      "mode": "managed",
      "type": "aws_lb_listener_rule",
      "name": "tooling-listener",
      "provider": "provider[\"registry.terraform.io/hashicorp/aws\"]",
      "instances": [
        {
          "schema_version": 0,
          "attributes": {
            "action": [
              {
                "authenticate_cognito": [],
                "authenticate_oidc": [],
                "fixed_response": [],
                "forward": [],
                "order": 1,
                "redirect": [],
                "target_group_arn": "arn:aws:elasticloadbalancing:us-east-1:571207880192:targetgroup/tooling-tgt/a4e648c53c886507",
                "type": "forward"
              }
            ],
            "arn": "arn:aws:elasticloadbalancing:us-east-1:571207880192:listener-rule/app/ialb/b4631edaf97f8218/651c783f1b59e6f7/af08e820e30c9e2b",
            "condition": [
              {
                "host_header": [
                  {
                    "values": [
                      "tooling.jendyjasper.com"
                    ]
                  }
                ],
                "http_header": [],
                "http_request_method": [],
                "path_pattern": [],
                "query_string": [],
                "source_ip": []
              }
            ],
            "id": "arn:aws:elasticloadbalancing:us-east-1:571207880192:listener-rule/app/ialb/b4631edaf97f8218/651c783f1b59e6f7/af08e820e30c9e2b",
            "listener_arn": "arn:aws:elasticloadbalancing:us-east-1:571207880192:listener/app/ialb/b4631edaf97f8218/651c783f1b59e6f7",
            "priority": 99,
            "tags": {},
            "tags_all": {}
          },
          "sensitive_attributes": [],
          "private": "bnVsbA==",
          "dependencies": [
            "aws_acm_certificate.jendyjasper",
            "aws_acm_certificate_validation.jendyjasper",
            "aws_lb.ialb",
            "aws_lb_listener.web-listener",
            "aws_lb_target_group.tooling-tgt",
            "aws_lb_target_group.wordpress-tgt",
            "aws_route53_record.jendyjasper",
            "aws_security_group.int-alb-sg",
            "aws_subnet.private",
            "aws_vpc.main",
            "data.aws_availability_zones.available",
            "data.aws_route53_zone.jendyjasper"
          ]
        }
      ]
    },
    {
      "mode": "managed",
      "type": "aws_lb_target_group",
      "name": "nginx-tgt",
      "provider": "provider[\"registry.terraform.io/hashicorp/aws\"]",
      "instances": [
        {
          "schema_version": 0,
          "attributes": {
            "arn": "arn:aws:elasticloadbalancing:us-east-1:571207880192:targetgroup/nginx-tgt/cad8870fd2d858d4",
            "arn_suffix": "targetgroup/nginx-tgt/cad8870fd2d858d4",
            "connection_termination": false,
            "deregistration_delay": "300",
            "health_check": [
              {
                "enabled": true,
                "healthy_threshold": 5,
                "interval": 10,
                "matcher": "200",
                "path": "/healthstatus",
                "port": "traffic-port",
                "protocol": "HTTPS",
                "timeout": 5,
                "unhealthy_threshold": 2
              }
            ],
            "id": "arn:aws:elasticloadbalancing:us-east-1:571207880192:targetgroup/nginx-tgt/cad8870fd2d858d4",
            "ip_address_type": "ipv4",
            "lambda_multi_value_headers_enabled": false,
            "load_balancing_algorithm_type": "round_robin",
            "load_balancing_cross_zone_enabled": "use_load_balancer_configuration",
            "name": "nginx-tgt",
            "name_prefix": null,
            "port": 443,
            "preserve_client_ip": null,
            "protocol": "HTTPS",
            "protocol_version": "HTTP1",
            "proxy_protocol_v2": false,
            "slow_start": 0,
            "stickiness": [
              {
                "cookie_duration": 86400,
                "cookie_name": "",
                "enabled": false,
                "type": "lb_cookie"
              }
            ],
            "tags": {},
            "tags_all": {},
            "target_failover": [
              {
                "on_deregistration": null,
                "on_unhealthy": null
              }
            ],
            "target_type": "instance",
            "vpc_id": "vpc-0104401bbe4d87c65"
          },
          "sensitive_attributes": [],
          "private": "bnVsbA==",
          "dependencies": [
            "aws_vpc.main"
          ]
        }
      ]
    },
    {
      "mode": "managed",
      "type": "aws_lb_target_group",
      "name": "tooling-tgt",
      "provider": "provider[\"registry.terraform.io/hashicorp/aws\"]",
      "instances": [
        {
          "schema_version": 0,
          "attributes": {
            "arn": "arn:aws:elasticloadbalancing:us-east-1:571207880192:targetgroup/tooling-tgt/a4e648c53c886507",
            "arn_suffix": "targetgroup/tooling-tgt/a4e648c53c886507",
            "connection_termination": false,
            "deregistration_delay": "300",
            "health_check": [
              {
                "enabled": true,
                "healthy_threshold": 5,
                "interval": 10,
                "matcher": "200",
                "path": "/healthstatus",
                "port": "traffic-port",
                "protocol": "HTTPS",
                "timeout": 5,
                "unhealthy_threshold": 2
              }
            ],
            "id": "arn:aws:elasticloadbalancing:us-east-1:571207880192:targetgroup/tooling-tgt/a4e648c53c886507",
            "ip_address_type": "ipv4",
            "lambda_multi_value_headers_enabled": false,
            "load_balancing_algorithm_type": "round_robin",
            "load_balancing_cross_zone_enabled": "use_load_balancer_configuration",
            "name": "tooling-tgt",
            "name_prefix": null,
            "port": 443,
            "preserve_client_ip": null,
            "protocol": "HTTPS",
            "protocol_version": "HTTP1",
            "proxy_protocol_v2": false,
            "slow_start": 0,
            "stickiness": [
              {
                "cookie_duration": 86400,
                "cookie_name": "",
                "enabled": false,
                "type": "lb_cookie"
              }
            ],
            "tags": {},
            "tags_all": {},
            "target_failover": [
              {
                "on_deregistration": null,
                "on_unhealthy": null
              }
            ],
            "target_type": "instance",
            "vpc_id": "vpc-0104401bbe4d87c65"
          },
          "sensitive_attributes": [],
          "private": "bnVsbA==",
          "dependencies": [
            "aws_vpc.main"
          ]
        }
      ]
    },
    {
      "mode": "managed",
      "type": "aws_lb_target_group",
      "name": "wordpress-tgt",
      "provider": "provider[\"registry.terraform.io/hashicorp/aws\"]",
      "instances": [
        {
          "schema_version": 0,
          "attributes": {
            "arn": "arn:aws:elasticloadbalancing:us-east-1:571207880192:targetgroup/wordpress-tgt/c0157357b151c235",
            "arn_suffix": "targetgroup/wordpress-tgt/c0157357b151c235",
            "connection_termination": false,
            "deregistration_delay": "300",
            "health_check": [
              {
                "enabled": true,
                "healthy_threshold": 5,
                "interval": 10,
                "matcher": "200",
                "path": "/healthstatus",
                "port": "traffic-port",
                "protocol": "HTTPS",
                "timeout": 5,
                "unhealthy_threshold": 2
              }
            ],
            "id": "arn:aws:elasticloadbalancing:us-east-1:571207880192:targetgroup/wordpress-tgt/c0157357b151c235",
            "ip_address_type": "ipv4",
            "lambda_multi_value_headers_enabled": false,
            "load_balancing_algorithm_type": "round_robin",
            "load_balancing_cross_zone_enabled": "use_load_balancer_configuration",
            "name": "wordpress-tgt",
            "name_prefix": null,
            "port": 443,
            "preserve_client_ip": null,
            "protocol": "HTTPS",
            "protocol_version": "HTTP1",
            "proxy_protocol_v2": false,
            "slow_start": 0,
            "stickiness": [
              {
                "cookie_duration": 86400,
                "cookie_name": "",
                "enabled": false,
                "type": "lb_cookie"
              }
            ],
            "tags": {},
            "tags_all": {},
            "target_failover": [
              {
                "on_deregistration": null,
                "on_unhealthy": null
              }
            ],
            "target_type": "instance",
            "vpc_id": "vpc-0104401bbe4d87c65"
          },
          "sensitive_attributes": [],
          "private": "bnVsbA==",
          "dependencies": [
            "aws_vpc.main"
          ]
        }
      ]
    },
    {
      "mode": "managed",
      "type": "aws_nat_gateway",
      "name": "nat",
      "provider": "provider[\"registry.terraform.io/hashicorp/aws\"]",
      "instances": [
        {
          "schema_version": 0,
          "attributes": {
            "allocation_id": "eipalloc-0b1cf0cad30561aac",
            "association_id": "eipassoc-09507eaff8d4a9d01",
            "connectivity_type": "public",
            "id": "nat-0f4b9ab82cc42c7e1",
            "network_interface_id": "eni-01ee14ff4fbe57e48",
            "private_ip": "172.16.0.62",
            "public_ip": "3.232.162.126",
            "secondary_allocation_ids": [],
            "secondary_private_ip_address_count": 0,
            "secondary_private_ip_addresses": [],
            "subnet_id": "subnet-00a170d8e4e515fbe",
            "tags": {
              "Billing-Account": "571207880192",
              "Enviroment": "production",
              "Managed-By": "Terraform",
              "Name": "aws vpc-Nat",
              "Owner-Email": "jendydevops@gmail.com"
            },
            "tags_all": {
              "Billing-Account": "571207880192",
              "Enviroment": "production",
              "Managed-By": "Terraform",
              "Name": "aws vpc-Nat",
              "Owner-Email": "jendydevops@gmail.com"
            },
            "timeouts": null
          },
          "sensitive_attributes": [],
          "private": "eyJlMmJmYjczMC1lY2FhLTExZTYtOGY4OC0zNDM2M2JjN2M0YzAiOnsiY3JlYXRlIjo2MDAwMDAwMDAwMDAsImRlbGV0ZSI6MTgwMDAwMDAwMDAwMCwidXBkYXRlIjo2MDAwMDAwMDAwMDB9fQ==",
          "dependencies": [
            "aws_eip.nat_eip",
            "aws_internet_gateway.ig",
            "aws_subnet.public",
            "aws_vpc.main",
            "data.aws_availability_zones.available"
          ]
        }
      ]
    },
    {
      "mode": "managed",
      "type": "aws_route",
      "name": "public-rtb-route",
      "provider": "provider[\"registry.terraform.io/hashicorp/aws\"]",
      "instances": [
        {
          "schema_version": 0,
          "attributes": {
            "carrier_gateway_id": "",
            "core_network_arn": "",
            "destination_cidr_block": "0.0.0.0/0",
            "destination_ipv6_cidr_block": "",
            "destination_prefix_list_id": "",
            "egress_only_gateway_id": "",
            "gateway_id": "igw-005cc81c65545f673",
            "id": "r-rtb-00ef888cbefcc561b1080289494",
            "instance_id": "",
            "instance_owner_id": "",
            "local_gateway_id": "",
            "nat_gateway_id": "",
            "network_interface_id": "",
            "origin": "CreateRoute",
            "route_table_id": "rtb-00ef888cbefcc561b",
            "state": "active",
            "timeouts": null,
            "transit_gateway_id": "",
            "vpc_endpoint_id": "",
            "vpc_peering_connection_id": ""
          },
          "sensitive_attributes": [],
          "private": "eyJlMmJmYjczMC1lY2FhLTExZTYtOGY4OC0zNDM2M2JjN2M0YzAiOnsiY3JlYXRlIjozMDAwMDAwMDAwMDAsImRlbGV0ZSI6MzAwMDAwMDAwMDAwLCJ1cGRhdGUiOjEyMDAwMDAwMDAwMH19",
          "dependencies": [
            "aws_internet_gateway.ig",
            "aws_route_table.public-rtb",
            "aws_vpc.main"
          ]
        }
      ]
    },
    {
      "mode": "managed",
      "type": "aws_route53_record",
      "name": "jendyjasper",
      "provider": "provider[\"registry.terraform.io/hashicorp/aws\"]",
      "instances": [
        {
          "index_key": "*.jendyjasper.com",
          "schema_version": 2,
          "attributes": {
            "alias": [],
            "allow_overwrite": true,
            "cidr_routing_policy": [],
            "failover_routing_policy": [],
            "fqdn": "_07b510157d642e36557aee3a58b8980f.jendyjasper.com",
            "geolocation_routing_policy": [],
            "health_check_id": "",
            "id": "Z07196322SM2KABU84T85__07b510157d642e36557aee3a58b8980f.jendyjasper.com._CNAME",
            "latency_routing_policy": [],
            "multivalue_answer_routing_policy": false,
            "name": "_07b510157d642e36557aee3a58b8980f.jendyjasper.com",
            "records": [
              "_bf7d60d432e866ee78212fc37e0eb8a3.zxstmrtdtf.acm-validations.aws."
            ],
            "set_identifier": "",
            "ttl": 60,
            "type": "CNAME",
            "weighted_routing_policy": [],
            "zone_id": "Z07196322SM2KABU84T85"
          },
          "sensitive_attributes": [],
          "private": "eyJzY2hlbWFfdmVyc2lvbiI6IjIifQ==",
          "dependencies": [
            "aws_acm_certificate.jendyjasper",
            "data.aws_route53_zone.jendyjasper"
          ]
        }
      ]
    },
    {
      "mode": "managed",
      "type": "aws_route53_record",
      "name": "tooling",
      "provider": "provider[\"registry.terraform.io/hashicorp/aws\"]",
      "instances": [
        {
          "schema_version": 2,
          "attributes": {
            "alias": [
              {
                "evaluate_target_health": true,
                "name": "ext-alb-267009284.us-east-1.elb.amazonaws.com",
                "zone_id": "Z35SXDOTRQ7X7K"
              }
            ],
            "allow_overwrite": null,
            "cidr_routing_policy": [],
            "failover_routing_policy": [],
            "fqdn": "tooling.jendyjasper.com",
            "geolocation_routing_policy": [],
            "health_check_id": "",
            "id": "Z07196322SM2KABU84T85_tooling.jendyjasper.com_A",
            "latency_routing_policy": [],
            "multivalue_answer_routing_policy": false,
            "name": "tooling.jendyjasper.com",
            "records": [],
            "set_identifier": "",
            "ttl": 0,
            "type": "A",
            "weighted_routing_policy": [],
            "zone_id": "Z07196322SM2KABU84T85"
          },
          "sensitive_attributes": [],
          "private": "eyJzY2hlbWFfdmVyc2lvbiI6IjIifQ==",
          "dependencies": [
            "aws_lb.ext-alb",
            "aws_security_group.ext-alb-sg",
            "aws_subnet.public",
            "aws_vpc.main",
            "data.aws_availability_zones.available",
            "data.aws_route53_zone.jendyjasper"
          ]
        }
      ]
    },
    {
      "mode": "managed",
      "type": "aws_route53_record",
      "name": "wordpress",
      "provider": "provider[\"registry.terraform.io/hashicorp/aws\"]",
      "instances": [
        {
          "schema_version": 2,
          "attributes": {
            "alias": [
              {
                "evaluate_target_health": true,
                "name": "ext-alb-267009284.us-east-1.elb.amazonaws.com",
                "zone_id": "Z35SXDOTRQ7X7K"
              }
            ],
            "allow_overwrite": null,
            "cidr_routing_policy": [],
            "failover_routing_policy": [],
            "fqdn": "wordpress.jendyjasper.com",
            "geolocation_routing_policy": [],
            "health_check_id": "",
            "id": "Z07196322SM2KABU84T85_wordpress.jendyjasper.com_A",
            "latency_routing_policy": [],
            "multivalue_answer_routing_policy": false,
            "name": "wordpress.jendyjasper.com",
            "records": [],
            "set_identifier": "",
            "ttl": 0,
            "type": "A",
            "weighted_routing_policy": [],
            "zone_id": "Z07196322SM2KABU84T85"
          },
          "sensitive_attributes": [],
          "private": "eyJzY2hlbWFfdmVyc2lvbiI6IjIifQ==",
          "dependencies": [
            "aws_lb.ext-alb",
            "aws_security_group.ext-alb-sg",
            "aws_subnet.public",
            "aws_vpc.main",
            "data.aws_availability_zones.available",
            "data.aws_route53_zone.jendyjasper"
          ]
        }
      ]
    },
    {
      "mode": "managed",
      "type": "aws_route_table",
      "name": "private-rtb",
      "provider": "provider[\"registry.terraform.io/hashicorp/aws\"]",
      "instances": [
        {
          "schema_version": 0,
          "attributes": {
            "arn": "arn:aws:ec2:us-east-1:571207880192:route-table/rtb-0a226f48faa28f36d",
            "id": "rtb-0a226f48faa28f36d",
            "owner_id": "571207880192",
            "propagating_vgws": [],
            "route": [],
            "tags": {
              "Billing-Account": "571207880192",
              "Enviroment": "production",
              "Managed-By": "Terraform",
              "Name": "aws vpc-Private-Route-Table",
              "Owner-Email": "jendydevops@gmail.com"
            },
            "tags_all": {
              "Billing-Account": "571207880192",
              "Enviroment": "production",
              "Managed-By": "Terraform",
              "Name": "aws vpc-Private-Route-Table",
              "Owner-Email": "jendydevops@gmail.com"
            },
            "timeouts": null,
            "vpc_id": "vpc-0104401bbe4d87c65"
          },
          "sensitive_attributes": [],
          "private": "eyJlMmJmYjczMC1lY2FhLTExZTYtOGY4OC0zNDM2M2JjN2M0YzAiOnsiY3JlYXRlIjozMDAwMDAwMDAwMDAsImRlbGV0ZSI6MzAwMDAwMDAwMDAwLCJ1cGRhdGUiOjEyMDAwMDAwMDAwMH19",
          "dependencies": [
            "aws_vpc.main"
          ]
        }
      ]
    },
    {
      "mode": "managed",
      "type": "aws_route_table",
      "name": "public-rtb",
      "provider": "provider[\"registry.terraform.io/hashicorp/aws\"]",
      "instances": [
        {
          "schema_version": 0,
          "attributes": {
            "arn": "arn:aws:ec2:us-east-1:571207880192:route-table/rtb-00ef888cbefcc561b",
            "id": "rtb-00ef888cbefcc561b",
            "owner_id": "571207880192",
            "propagating_vgws": [],
            "route": [
              {
                "carrier_gateway_id": "",
                "cidr_block": "0.0.0.0/0",
                "core_network_arn": "",
                "destination_prefix_list_id": "",
                "egress_only_gateway_id": "",
                "gateway_id": "igw-005cc81c65545f673",
                "ipv6_cidr_block": "",
                "local_gateway_id": "",
                "nat_gateway_id": "",
                "network_interface_id": "",
                "transit_gateway_id": "",
                "vpc_endpoint_id": "",
                "vpc_peering_connection_id": ""
              }
            ],
            "tags": {
              "Billing-Account": "571207880192",
              "Enviroment": "production",
              "Managed-By": "Terraform",
              "Name": "aws vpc-Public-Route-Table",
              "Owner-Email": "jendydevops@gmail.com"
            },
            "tags_all": {
              "Billing-Account": "571207880192",
              "Enviroment": "production",
              "Managed-By": "Terraform",
              "Name": "aws vpc-Public-Route-Table",
              "Owner-Email": "jendydevops@gmail.com"
            },
            "timeouts": null,
            "vpc_id": "vpc-0104401bbe4d87c65"
          },
          "sensitive_attributes": [],
          "private": "eyJlMmJmYjczMC1lY2FhLTExZTYtOGY4OC0zNDM2M2JjN2M0YzAiOnsiY3JlYXRlIjozMDAwMDAwMDAwMDAsImRlbGV0ZSI6MzAwMDAwMDAwMDAwLCJ1cGRhdGUiOjEyMDAwMDAwMDAwMH19",
          "dependencies": [
            "aws_vpc.main"
          ]
        }
      ]
    },
    {
      "mode": "managed",
      "type": "aws_route_table_association",
      "name": "private-subnets-assoc",
      "provider": "provider[\"registry.terraform.io/hashicorp/aws\"]",
      "instances": [
        {
          "index_key": 0,
          "schema_version": 0,
          "attributes": {
            "gateway_id": "",
            "id": "rtbassoc-005ff999c7800c97c",
            "route_table_id": "rtb-0a226f48faa28f36d",
            "subnet_id": "subnet-0b3e872d1a6e7c07d",
            "timeouts": null
          },
          "sensitive_attributes": [],
          "private": "eyJlMmJmYjczMC1lY2FhLTExZTYtOGY4OC0zNDM2M2JjN2M0YzAiOnsiY3JlYXRlIjozMDAwMDAwMDAwMDAsImRlbGV0ZSI6MzAwMDAwMDAwMDAwLCJ1cGRhdGUiOjEyMDAwMDAwMDAwMH19",
          "dependencies": [
            "aws_route_table.private-rtb",
            "aws_subnet.private",
            "aws_vpc.main",
            "data.aws_availability_zones.available"
          ]
        },
        {
          "index_key": 1,
          "schema_version": 0,
          "attributes": {
            "gateway_id": "",
            "id": "rtbassoc-006684024742b805f",
            "route_table_id": "rtb-0a226f48faa28f36d",
            "subnet_id": "subnet-04def4831210f7089",
            "timeouts": null
          },
          "sensitive_attributes": [],
          "private": "eyJlMmJmYjczMC1lY2FhLTExZTYtOGY4OC0zNDM2M2JjN2M0YzAiOnsiY3JlYXRlIjozMDAwMDAwMDAwMDAsImRlbGV0ZSI6MzAwMDAwMDAwMDAwLCJ1cGRhdGUiOjEyMDAwMDAwMDAwMH19",
          "dependencies": [
            "aws_route_table.private-rtb",
            "aws_subnet.private",
            "aws_vpc.main",
            "data.aws_availability_zones.available"
          ]
        },
        {
          "index_key": 2,
          "schema_version": 0,
          "attributes": {
            "gateway_id": "",
            "id": "rtbassoc-004f6d45ee983b669",
            "route_table_id": "rtb-0a226f48faa28f36d",
            "subnet_id": "subnet-0b6ed754394a38a5d",
            "timeouts": null
          },
          "sensitive_attributes": [],
          "private": "eyJlMmJmYjczMC1lY2FhLTExZTYtOGY4OC0zNDM2M2JjN2M0YzAiOnsiY3JlYXRlIjozMDAwMDAwMDAwMDAsImRlbGV0ZSI6MzAwMDAwMDAwMDAwLCJ1cGRhdGUiOjEyMDAwMDAwMDAwMH19",
          "dependencies": [
            "aws_route_table.private-rtb",
            "aws_subnet.private",
            "aws_vpc.main",
            "data.aws_availability_zones.available"
          ]
        },
        {
          "index_key": 3,
          "schema_version": 0,
          "attributes": {
            "gateway_id": "",
            "id": "rtbassoc-07eda938c7388ea53",
            "route_table_id": "rtb-0a226f48faa28f36d",
            "subnet_id": "subnet-0eb2dfcd8c56f5142",
            "timeouts": null
          },
          "sensitive_attributes": [],
          "private": "eyJlMmJmYjczMC1lY2FhLTExZTYtOGY4OC0zNDM2M2JjN2M0YzAiOnsiY3JlYXRlIjozMDAwMDAwMDAwMDAsImRlbGV0ZSI6MzAwMDAwMDAwMDAwLCJ1cGRhdGUiOjEyMDAwMDAwMDAwMH19",
          "dependencies": [
            "aws_route_table.private-rtb",
            "aws_subnet.private",
            "aws_vpc.main",
            "data.aws_availability_zones.available"
          ]
        }
      ]
    },
    {
      "mode": "managed",
      "type": "aws_route_table_association",
      "name": "public-subnets-assoc",
      "provider": "provider[\"registry.terraform.io/hashicorp/aws\"]",
      "instances": [
        {
          "index_key": 0,
          "schema_version": 0,
          "attributes": {
            "gateway_id": "",
            "id": "rtbassoc-04f874409fe702b78",
            "route_table_id": "rtb-00ef888cbefcc561b",
            "subnet_id": "subnet-00a170d8e4e515fbe",
            "timeouts": null
          },
          "sensitive_attributes": [],
          "private": "eyJlMmJmYjczMC1lY2FhLTExZTYtOGY4OC0zNDM2M2JjN2M0YzAiOnsiY3JlYXRlIjozMDAwMDAwMDAwMDAsImRlbGV0ZSI6MzAwMDAwMDAwMDAwLCJ1cGRhdGUiOjEyMDAwMDAwMDAwMH19",
          "dependencies": [
            "aws_route_table.public-rtb",
            "aws_subnet.public",
            "aws_vpc.main",
            "data.aws_availability_zones.available"
          ]
        },
        {
          "index_key": 1,
          "schema_version": 0,
          "attributes": {
            "gateway_id": "",
            "id": "rtbassoc-040f947a5f6a15967",
            "route_table_id": "rtb-00ef888cbefcc561b",
            "subnet_id": "subnet-064c9cf55661fcdb2",
            "timeouts": null
          },
          "sensitive_attributes": [],
          "private": "eyJlMmJmYjczMC1lY2FhLTExZTYtOGY4OC0zNDM2M2JjN2M0YzAiOnsiY3JlYXRlIjozMDAwMDAwMDAwMDAsImRlbGV0ZSI6MzAwMDAwMDAwMDAwLCJ1cGRhdGUiOjEyMDAwMDAwMDAwMH19",
          "dependencies": [
            "aws_route_table.public-rtb",
            "aws_subnet.public",
            "aws_vpc.main",
            "data.aws_availability_zones.available"
          ]
        }
      ]
    },
    {
      "mode": "managed",
      "type": "aws_security_group",
      "name": "bastion_sg",
      "provider": "provider[\"registry.terraform.io/hashicorp/aws\"]",
      "instances": [
        {
          "schema_version": 1,
          "attributes": {
            "arn": "arn:aws:ec2:us-east-1:571207880192:security-group/sg-0fb6c83849b24713d",
            "description": "Allow incoming HTTP connections.",
            "egress": [
              {
                "cidr_blocks": [
                  "0.0.0.0/0"
                ],
                "description": "",
                "from_port": 0,
                "ipv6_cidr_blocks": [],
                "prefix_list_ids": [],
                "protocol": "-1",
                "security_groups": [],
                "self": false,
                "to_port": 0
              }
            ],
            "id": "sg-0fb6c83849b24713d",
            "ingress": [
              {
                "cidr_blocks": [
                  "0.0.0.0/0"
                ],
                "description": "SSH",
                "from_port": 22,
                "ipv6_cidr_blocks": [],
                "prefix_list_ids": [],
                "protocol": "tcp",
                "security_groups": [],
                "self": false,
                "to_port": 22
              }
            ],
            "name": "vpc_web_sg",
            "name_prefix": "",
            "owner_id": "571207880192",
            "revoke_rules_on_delete": false,
            "tags": {
              "Billing-Account": "571207880192",
              "Enviroment": "production",
              "Managed-By": "Terraform",
              "Name": "Bastion-SG",
              "Owner-Email": "jendydevops@gmail.com"
            },
            "tags_all": {
              "Billing-Account": "571207880192",
              "Enviroment": "production",
              "Managed-By": "Terraform",
              "Name": "Bastion-SG",
              "Owner-Email": "jendydevops@gmail.com"
            },
            "timeouts": null,
            "vpc_id": "vpc-0104401bbe4d87c65"
          },
          "sensitive_attributes": [],
          "private": "eyJlMmJmYjczMC1lY2FhLTExZTYtOGY4OC0zNDM2M2JjN2M0YzAiOnsiY3JlYXRlIjo2MDAwMDAwMDAwMDAsImRlbGV0ZSI6OTAwMDAwMDAwMDAwfSwic2NoZW1hX3ZlcnNpb24iOiIxIn0=",
          "dependencies": [
            "aws_vpc.main"
          ],
          "create_before_destroy": true
        }
      ]
    },
    {
      "mode": "managed",
      "type": "aws_security_group",
      "name": "datalayer-sg",
      "provider": "provider[\"registry.terraform.io/hashicorp/aws\"]",
      "instances": [
        {
          "schema_version": 1,
          "attributes": {
            "arn": "arn:aws:ec2:us-east-1:571207880192:security-group/sg-0bc83c2a97baffcfe",
            "description": "Managed by Terraform",
            "egress": [
              {
                "cidr_blocks": [
                  "0.0.0.0/0"
                ],
                "description": "",
                "from_port": 0,
                "ipv6_cidr_blocks": [],
                "prefix_list_ids": [],
                "protocol": "-1",
                "security_groups": [],
                "self": false,
                "to_port": 0
              }
            ],
            "id": "sg-0bc83c2a97baffcfe",
            "ingress": [
              {
                "cidr_blocks": [],
                "description": "",
                "from_port": 2049,
                "ipv6_cidr_blocks": [],
                "prefix_list_ids": [],
                "protocol": "tcp",
                "security_groups": [
                  "sg-0bd89223c5d7661ca"
                ],
                "self": false,
                "to_port": 2049
              },
              {
                "cidr_blocks": [],
                "description": "",
                "from_port": 3306,
                "ipv6_cidr_blocks": [],
                "prefix_list_ids": [],
                "protocol": "tcp",
                "security_groups": [
                  "sg-0bd89223c5d7661ca",
                  "sg-0fb6c83849b24713d"
                ],
                "self": false,
                "to_port": 3306
              }
            ],
            "name": "datalayer-sg",
            "name_prefix": "",
            "owner_id": "571207880192",
            "revoke_rules_on_delete": false,
            "tags": {
              "Billing-Account": "571207880192",
              "Enviroment": "production",
              "Managed-By": "Terraform",
              "Name": "datalayer-sg",
              "Owner-Email": "jendydevops@gmail.com"
            },
            "tags_all": {
              "Billing-Account": "571207880192",
              "Enviroment": "production",
              "Managed-By": "Terraform",
              "Name": "datalayer-sg",
              "Owner-Email": "jendydevops@gmail.com"
            },
            "timeouts": null,
            "vpc_id": "vpc-0104401bbe4d87c65"
          },
          "sensitive_attributes": [],
          "private": "eyJlMmJmYjczMC1lY2FhLTExZTYtOGY4OC0zNDM2M2JjN2M0YzAiOnsiY3JlYXRlIjo2MDAwMDAwMDAwMDAsImRlbGV0ZSI6OTAwMDAwMDAwMDAwfSwic2NoZW1hX3ZlcnNpb24iOiIxIn0=",
          "dependencies": [
            "aws_vpc.main"
          ]
        }
      ]
    },
    {
      "mode": "managed",
      "type": "aws_security_group",
      "name": "ext-alb-sg",
      "provider": "provider[\"registry.terraform.io/hashicorp/aws\"]",
      "instances": [
        {
          "schema_version": 1,
          "attributes": {
            "arn": "arn:aws:ec2:us-east-1:571207880192:security-group/sg-05e2272b5eab480f6",
            "description": "Allow TLS inbound traffic",
            "egress": [
              {
                "cidr_blocks": [
                  "0.0.0.0/0"
                ],
                "description": "",
                "from_port": 0,
                "ipv6_cidr_blocks": [],
                "prefix_list_ids": [],
                "protocol": "-1",
                "security_groups": [],
                "self": false,
                "to_port": 0
              }
            ],
            "id": "sg-05e2272b5eab480f6",
            "ingress": [
              {
                "cidr_blocks": [
                  "0.0.0.0/0"
                ],
                "description": "HTTP",
                "from_port": 80,
                "ipv6_cidr_blocks": [],
                "prefix_list_ids": [],
                "protocol": "tcp",
                "security_groups": [],
                "self": false,
                "to_port": 80
              },
              {
                "cidr_blocks": [
                  "0.0.0.0/0"
                ],
                "description": "HTTPS",
                "from_port": 22,
                "ipv6_cidr_blocks": [],
                "prefix_list_ids": [],
                "protocol": "tcp",
                "security_groups": [],
                "self": false,
                "to_port": 22
              }
            ],
            "name": "ext-alb-sg",
            "name_prefix": "",
            "owner_id": "571207880192",
            "revoke_rules_on_delete": false,
            "tags": {
              "Billing-Account": "571207880192",
              "Enviroment": "production",
              "Managed-By": "Terraform",
              "Name": "ext-alb-sg",
              "Owner-Email": "jendydevops@gmail.com"
            },
            "tags_all": {
              "Billing-Account": "571207880192",
              "Enviroment": "production",
              "Managed-By": "Terraform",
              "Name": "ext-alb-sg",
              "Owner-Email": "jendydevops@gmail.com"
            },
            "timeouts": null,
            "vpc_id": "vpc-0104401bbe4d87c65"
          },
          "sensitive_attributes": [],
          "private": "eyJlMmJmYjczMC1lY2FhLTExZTYtOGY4OC0zNDM2M2JjN2M0YzAiOnsiY3JlYXRlIjo2MDAwMDAwMDAwMDAsImRlbGV0ZSI6OTAwMDAwMDAwMDAwfSwic2NoZW1hX3ZlcnNpb24iOiIxIn0=",
          "dependencies": [
            "aws_vpc.main"
          ]
        }
      ]
    },
    {
      "mode": "managed",
      "type": "aws_security_group",
      "name": "int-alb-sg",
      "provider": "provider[\"registry.terraform.io/hashicorp/aws\"]",
      "instances": [
        {
          "schema_version": 1,
          "attributes": {
            "arn": "arn:aws:ec2:us-east-1:571207880192:security-group/sg-05a37662c78a63ab3",
            "description": "Managed by Terraform",
            "egress": [
              {
                "cidr_blocks": [
                  "0.0.0.0/0"
                ],
                "description": "",
                "from_port": 0,
                "ipv6_cidr_blocks": [],
                "prefix_list_ids": [],
                "protocol": "-1",
                "security_groups": [],
                "self": false,
                "to_port": 0
              }
            ],
            "id": "sg-05a37662c78a63ab3",
            "ingress": [
              {
                "cidr_blocks": [],
                "description": "",
                "from_port": 443,
                "ipv6_cidr_blocks": [],
                "prefix_list_ids": [],
                "protocol": "tcp",
                "security_groups": [
                  "sg-02d5bb043589e2230"
                ],
                "self": false,
                "to_port": 443
              }
            ],
            "name": "my-alb-sg",
            "name_prefix": "",
            "owner_id": "571207880192",
            "revoke_rules_on_delete": false,
            "tags": {
              "Billing-Account": "571207880192",
              "Enviroment": "production",
              "Managed-By": "Terraform",
              "Name": "int-alb-sg",
              "Owner-Email": "jendydevops@gmail.com"
            },
            "tags_all": {
              "Billing-Account": "571207880192",
              "Enviroment": "production",
              "Managed-By": "Terraform",
              "Name": "int-alb-sg",
              "Owner-Email": "jendydevops@gmail.com"
            },
            "timeouts": null,
            "vpc_id": "vpc-0104401bbe4d87c65"
          },
          "sensitive_attributes": [],
          "private": "eyJlMmJmYjczMC1lY2FhLTExZTYtOGY4OC0zNDM2M2JjN2M0YzAiOnsiY3JlYXRlIjo2MDAwMDAwMDAwMDAsImRlbGV0ZSI6OTAwMDAwMDAwMDAwfSwic2NoZW1hX3ZlcnNpb24iOiIxIn0=",
          "dependencies": [
            "aws_vpc.main"
          ]
        }
      ]
    },
    {
      "mode": "managed",
      "type": "aws_security_group",
      "name": "nginx-sg",
      "provider": "provider[\"registry.terraform.io/hashicorp/aws\"]",
      "instances": [
        {
          "schema_version": 1,
          "attributes": {
            "arn": "arn:aws:ec2:us-east-1:571207880192:security-group/sg-02d5bb043589e2230",
            "description": "Managed by Terraform",
            "egress": [
              {
                "cidr_blocks": [
                  "0.0.0.0/0"
                ],
                "description": "",
                "from_port": 0,
                "ipv6_cidr_blocks": [],
                "prefix_list_ids": [],
                "protocol": "-1",
                "security_groups": [],
                "self": false,
                "to_port": 0
              }
            ],
            "id": "sg-02d5bb043589e2230",
            "ingress": [
              {
                "cidr_blocks": [],
                "description": "",
                "from_port": 22,
                "ipv6_cidr_blocks": [],
                "prefix_list_ids": [],
                "protocol": "tcp",
                "security_groups": [
                  "sg-0fb6c83849b24713d"
                ],
                "self": false,
                "to_port": 22
              },
              {
                "cidr_blocks": [],
                "description": "",
                "from_port": 443,
                "ipv6_cidr_blocks": [],
                "prefix_list_ids": [],
                "protocol": "tcp",
                "security_groups": [
                  "sg-05e2272b5eab480f6"
                ],
                "self": false,
                "to_port": 443
              }
            ],
            "name": "nginx-sg",
            "name_prefix": "",
            "owner_id": "571207880192",
            "revoke_rules_on_delete": false,
            "tags": {
              "Billing-Account": "571207880192",
              "Enviroment": "production",
              "Managed-By": "Terraform",
              "Name": "nginx-SG",
              "Owner-Email": "jendydevops@gmail.com"
            },
            "tags_all": {
              "Billing-Account": "571207880192",
              "Enviroment": "production",
              "Managed-By": "Terraform",
              "Name": "nginx-SG",
              "Owner-Email": "jendydevops@gmail.com"
            },
            "timeouts": null,
            "vpc_id": "vpc-0104401bbe4d87c65"
          },
          "sensitive_attributes": [],
          "private": "eyJlMmJmYjczMC1lY2FhLTExZTYtOGY4OC0zNDM2M2JjN2M0YzAiOnsiY3JlYXRlIjo2MDAwMDAwMDAwMDAsImRlbGV0ZSI6OTAwMDAwMDAwMDAwfSwic2NoZW1hX3ZlcnNpb24iOiIxIn0=",
          "dependencies": [
            "aws_vpc.main"
          ],
          "create_before_destroy": true
        }
      ]
    },
    {
      "mode": "managed",
      "type": "aws_security_group",
      "name": "webserver-sg",
      "provider": "provider[\"registry.terraform.io/hashicorp/aws\"]",
      "instances": [
        {
          "schema_version": 1,
          "attributes": {
            "arn": "arn:aws:ec2:us-east-1:571207880192:security-group/sg-0bd89223c5d7661ca",
            "description": "Managed by Terraform",
            "egress": [
              {
                "cidr_blocks": [
                  "0.0.0.0/0"
                ],
                "description": "",
                "from_port": 0,
                "ipv6_cidr_blocks": [],
                "prefix_list_ids": [],
                "protocol": "-1",
                "security_groups": [],
                "self": false,
                "to_port": 0
              }
            ],
            "id": "sg-0bd89223c5d7661ca",
            "ingress": [
              {
                "cidr_blocks": [],
                "description": "",
                "from_port": 22,
                "ipv6_cidr_blocks": [],
                "prefix_list_ids": [],
                "protocol": "tcp",
                "security_groups": [
                  "sg-0fb6c83849b24713d"
                ],
                "self": false,
                "to_port": 22
              },
              {
                "cidr_blocks": [],
                "description": "",
                "from_port": 443,
                "ipv6_cidr_blocks": [],
                "prefix_list_ids": [],
                "protocol": "tcp",
                "security_groups": [
                  "sg-05a37662c78a63ab3"
                ],
                "self": false,
                "to_port": 443
              }
            ],
            "name": "my-asg-sg",
            "name_prefix": "",
            "owner_id": "571207880192",
            "revoke_rules_on_delete": false,
            "tags": {
              "Billing-Account": "571207880192",
              "Enviroment": "production",
              "Managed-By": "Terraform",
              "Name": "webserver-sg",
              "Owner-Email": "jendydevops@gmail.com"
            },
            "tags_all": {
              "Billing-Account": "571207880192",
              "Enviroment": "production",
              "Managed-By": "Terraform",
              "Name": "webserver-sg",
              "Owner-Email": "jendydevops@gmail.com"
            },
            "timeouts": null,
            "vpc_id": "vpc-0104401bbe4d87c65"
          },
          "sensitive_attributes": [],
          "private": "eyJlMmJmYjczMC1lY2FhLTExZTYtOGY4OC0zNDM2M2JjN2M0YzAiOnsiY3JlYXRlIjo2MDAwMDAwMDAwMDAsImRlbGV0ZSI6OTAwMDAwMDAwMDAwfSwic2NoZW1hX3ZlcnNpb24iOiIxIn0=",
          "dependencies": [
            "aws_vpc.main"
          ],
          "create_before_destroy": true
        }
      ]
    },
    {
      "mode": "managed",
      "type": "aws_security_group_rule",
      "name": "inbound-bastion-ssh",
      "provider": "provider[\"registry.terraform.io/hashicorp/aws\"]",
      "instances": [
        {
          "schema_version": 2,
          "attributes": {
            "cidr_blocks": null,
            "description": "",
            "from_port": 22,
            "id": "sgrule-2698847337",
            "ipv6_cidr_blocks": null,
            "prefix_list_ids": null,
            "protocol": "tcp",
            "security_group_id": "sg-02d5bb043589e2230",
            "security_group_rule_id": "sgr-0de69dd24605c52b0",
            "self": false,
            "source_security_group_id": "sg-0fb6c83849b24713d",
            "timeouts": null,
            "to_port": 22,
            "type": "ingress"
          },
          "sensitive_attributes": [],
          "private": "eyJlMmJmYjczMC1lY2FhLTExZTYtOGY4OC0zNDM2M2JjN2M0YzAiOnsiY3JlYXRlIjozMDAwMDAwMDAwMDB9LCJzY2hlbWFfdmVyc2lvbiI6IjIifQ==",
          "dependencies": [
            "aws_security_group.bastion_sg",
            "aws_security_group.nginx-sg",
            "aws_vpc.main"
          ]
        }
      ]
    },
    {
      "mode": "managed",
      "type": "aws_security_group_rule",
      "name": "inbound-ialb-https",
      "provider": "provider[\"registry.terraform.io/hashicorp/aws\"]",
      "instances": [
        {
          "schema_version": 2,
          "attributes": {
            "cidr_blocks": null,
            "description": "",
            "from_port": 443,
            "id": "sgrule-3285225050",
            "ipv6_cidr_blocks": null,
            "prefix_list_ids": null,
            "protocol": "tcp",
            "security_group_id": "sg-05a37662c78a63ab3",
            "security_group_rule_id": "sgr-04f5395fbb64fb6c2",
            "self": false,
            "source_security_group_id": "sg-02d5bb043589e2230",
            "timeouts": null,
            "to_port": 443,
            "type": "ingress"
          },
          "sensitive_attributes": [],
          "private": "eyJlMmJmYjczMC1lY2FhLTExZTYtOGY4OC0zNDM2M2JjN2M0YzAiOnsiY3JlYXRlIjozMDAwMDAwMDAwMDB9LCJzY2hlbWFfdmVyc2lvbiI6IjIifQ==",
          "dependencies": [
            "aws_security_group.int-alb-sg",
            "aws_security_group.nginx-sg",
            "aws_vpc.main"
          ]
        }
      ]
    },
    {
      "mode": "managed",
      "type": "aws_security_group_rule",
      "name": "inbound-mysql-bastion",
      "provider": "provider[\"registry.terraform.io/hashicorp/aws\"]",
      "instances": [
        {
          "schema_version": 2,
          "attributes": {
            "cidr_blocks": null,
            "description": "",
            "from_port": 3306,
            "id": "sgrule-3519814371",
            "ipv6_cidr_blocks": null,
            "prefix_list_ids": null,
            "protocol": "tcp",
            "security_group_id": "sg-0bc83c2a97baffcfe",
            "security_group_rule_id": "sgr-0652d10a9dedd82fa",
            "self": false,
            "source_security_group_id": "sg-0fb6c83849b24713d",
            "timeouts": null,
            "to_port": 3306,
            "type": "ingress"
          },
          "sensitive_attributes": [],
          "private": "eyJlMmJmYjczMC1lY2FhLTExZTYtOGY4OC0zNDM2M2JjN2M0YzAiOnsiY3JlYXRlIjozMDAwMDAwMDAwMDB9LCJzY2hlbWFfdmVyc2lvbiI6IjIifQ==",
          "dependencies": [
            "aws_security_group.bastion_sg",
            "aws_security_group.datalayer-sg",
            "aws_vpc.main"
          ]
        }
      ]
    },
    {
      "mode": "managed",
      "type": "aws_security_group_rule",
      "name": "inbound-mysql-webserver",
      "provider": "provider[\"registry.terraform.io/hashicorp/aws\"]",
      "instances": [
        {
          "schema_version": 2,
          "attributes": {
            "cidr_blocks": null,
            "description": "",
            "from_port": 3306,
            "id": "sgrule-724689520",
            "ipv6_cidr_blocks": null,
            "prefix_list_ids": null,
            "protocol": "tcp",
            "security_group_id": "sg-0bc83c2a97baffcfe",
            "security_group_rule_id": "sgr-0c3e468d1f598e9e5",
            "self": false,
            "source_security_group_id": "sg-0bd89223c5d7661ca",
            "timeouts": null,
            "to_port": 3306,
            "type": "ingress"
          },
          "sensitive_attributes": [],
          "private": "eyJlMmJmYjczMC1lY2FhLTExZTYtOGY4OC0zNDM2M2JjN2M0YzAiOnsiY3JlYXRlIjozMDAwMDAwMDAwMDB9LCJzY2hlbWFfdmVyc2lvbiI6IjIifQ==",
          "dependencies": [
            "aws_security_group.datalayer-sg",
            "aws_security_group.webserver-sg",
            "aws_vpc.main"
          ]
        }
      ]
    },
    {
      "mode": "managed",
      "type": "aws_security_group_rule",
      "name": "inbound-nfs-port",
      "provider": "provider[\"registry.terraform.io/hashicorp/aws\"]",
      "instances": [
        {
          "schema_version": 2,
          "attributes": {
            "cidr_blocks": null,
            "description": "",
            "from_port": 2049,
            "id": "sgrule-3103224570",
            "ipv6_cidr_blocks": null,
            "prefix_list_ids": null,
            "protocol": "tcp",
            "security_group_id": "sg-0bc83c2a97baffcfe",
            "security_group_rule_id": "sgr-0d365fe6c1ce31f1c",
            "self": false,
            "source_security_group_id": "sg-0bd89223c5d7661ca",
            "timeouts": null,
            "to_port": 2049,
            "type": "ingress"
          },
          "sensitive_attributes": [],
          "private": "eyJlMmJmYjczMC1lY2FhLTExZTYtOGY4OC0zNDM2M2JjN2M0YzAiOnsiY3JlYXRlIjozMDAwMDAwMDAwMDB9LCJzY2hlbWFfdmVyc2lvbiI6IjIifQ==",
          "dependencies": [
            "aws_security_group.datalayer-sg",
            "aws_security_group.webserver-sg",
            "aws_vpc.main"
          ]
        }
      ]
    },
    {
      "mode": "managed",
      "type": "aws_security_group_rule",
      "name": "inbound-nginx-http",
      "provider": "provider[\"registry.terraform.io/hashicorp/aws\"]",
      "instances": [
        {
          "schema_version": 2,
          "attributes": {
            "cidr_blocks": null,
            "description": "",
            "from_port": 443,
            "id": "sgrule-3021424025",
            "ipv6_cidr_blocks": null,
            "prefix_list_ids": null,
            "protocol": "tcp",
            "security_group_id": "sg-02d5bb043589e2230",
            "security_group_rule_id": "sgr-079fd479267e6ab4c",
            "self": false,
            "source_security_group_id": "sg-05e2272b5eab480f6",
            "timeouts": null,
            "to_port": 443,
            "type": "ingress"
          },
          "sensitive_attributes": [],
          "private": "eyJlMmJmYjczMC1lY2FhLTExZTYtOGY4OC0zNDM2M2JjN2M0YzAiOnsiY3JlYXRlIjozMDAwMDAwMDAwMDB9LCJzY2hlbWFfdmVyc2lvbiI6IjIifQ==",
          "dependencies": [
            "aws_security_group.ext-alb-sg",
            "aws_security_group.nginx-sg",
            "aws_vpc.main"
          ]
        }
      ]
    },
    {
      "mode": "managed",
      "type": "aws_security_group_rule",
      "name": "inbound-web-https",
      "provider": "provider[\"registry.terraform.io/hashicorp/aws\"]",
      "instances": [
        {
          "schema_version": 2,
          "attributes": {
            "cidr_blocks": null,
            "description": "",
            "from_port": 443,
            "id": "sgrule-1292232245",
            "ipv6_cidr_blocks": null,
            "prefix_list_ids": null,
            "protocol": "tcp",
            "security_group_id": "sg-0bd89223c5d7661ca",
            "security_group_rule_id": "sgr-09d2d20b5782db4c2",
            "self": false,
            "source_security_group_id": "sg-05a37662c78a63ab3",
            "timeouts": null,
            "to_port": 443,
            "type": "ingress"
          },
          "sensitive_attributes": [],
          "private": "eyJlMmJmYjczMC1lY2FhLTExZTYtOGY4OC0zNDM2M2JjN2M0YzAiOnsiY3JlYXRlIjozMDAwMDAwMDAwMDB9LCJzY2hlbWFfdmVyc2lvbiI6IjIifQ==",
          "dependencies": [
            "aws_security_group.int-alb-sg",
            "aws_security_group.webserver-sg",
            "aws_vpc.main"
          ]
        }
      ]
    },
    {
      "mode": "managed",
      "type": "aws_security_group_rule",
      "name": "inbound-web-ssh",
      "provider": "provider[\"registry.terraform.io/hashicorp/aws\"]",
      "instances": [
        {
          "schema_version": 2,
          "attributes": {
            "cidr_blocks": null,
            "description": "",
            "from_port": 22,
            "id": "sgrule-1732041733",
            "ipv6_cidr_blocks": null,
            "prefix_list_ids": null,
            "protocol": "tcp",
            "security_group_id": "sg-0bd89223c5d7661ca",
            "security_group_rule_id": "sgr-0ddcb1a1dadb4b0f2",
            "self": false,
            "source_security_group_id": "sg-0fb6c83849b24713d",
            "timeouts": null,
            "to_port": 22,
            "type": "ingress"
          },
          "sensitive_attributes": [],
          "private": "eyJlMmJmYjczMC1lY2FhLTExZTYtOGY4OC0zNDM2M2JjN2M0YzAiOnsiY3JlYXRlIjozMDAwMDAwMDAwMDB9LCJzY2hlbWFfdmVyc2lvbiI6IjIifQ==",
          "dependencies": [
            "aws_security_group.bastion_sg",
            "aws_security_group.webserver-sg",
            "aws_vpc.main"
          ]
        }
      ]
    },
    {
      "mode": "managed",
      "type": "aws_sns_topic",
      "name": "jendy-sns",
      "provider": "provider[\"registry.terraform.io/hashicorp/aws\"]",
      "instances": [
        {
          "schema_version": 0,
          "attributes": {
            "application_failure_feedback_role_arn": "",
            "application_success_feedback_role_arn": "",
            "application_success_feedback_sample_rate": 0,
            "arn": "arn:aws:sns:us-east-1:571207880192:Default_CloudWatch_Alarms_Topic",
            "content_based_deduplication": false,
            "delivery_policy": "",
            "display_name": "",
            "fifo_topic": false,
            "firehose_failure_feedback_role_arn": "",
            "firehose_success_feedback_role_arn": "",
            "firehose_success_feedback_sample_rate": 0,
            "http_failure_feedback_role_arn": "",
            "http_success_feedback_role_arn": "",
            "http_success_feedback_sample_rate": 0,
            "id": "arn:aws:sns:us-east-1:571207880192:Default_CloudWatch_Alarms_Topic",
            "kms_master_key_id": "",
            "lambda_failure_feedback_role_arn": "",
            "lambda_success_feedback_role_arn": "",
            "lambda_success_feedback_sample_rate": 0,
            "name": "Default_CloudWatch_Alarms_Topic",
            "name_prefix": "",
            "owner": "571207880192",
            "policy": "{\"Id\":\"__default_policy_ID\",\"Statement\":[{\"Action\":[\"SNS:GetTopicAttributes\",\"SNS:SetTopicAttributes\",\"SNS:AddPermission\",\"SNS:RemovePermission\",\"SNS:DeleteTopic\",\"SNS:Subscribe\",\"SNS:ListSubscriptionsByTopic\",\"SNS:Publish\"],\"Condition\":{\"StringEquals\":{\"AWS:SourceOwner\":\"571207880192\"}},\"Effect\":\"Allow\",\"Principal\":{\"AWS\":\"*\"},\"Resource\":\"arn:aws:sns:us-east-1:571207880192:Default_CloudWatch_Alarms_Topic\",\"Sid\":\"__default_statement_ID\"}],\"Version\":\"2008-10-17\"}",
            "signature_version": 0,
            "sqs_failure_feedback_role_arn": "",
            "sqs_success_feedback_role_arn": "",
            "sqs_success_feedback_sample_rate": 0,
            "tags": {},
            "tags_all": {},
            "tracing_config": ""
          },
          "sensitive_attributes": [],
          "private": "bnVsbA=="
        }
      ]
    },
    {
      "mode": "managed",
      "type": "aws_subnet",
      "name": "private",
      "provider": "provider[\"registry.terraform.io/hashicorp/aws\"]",
      "instances": [
        {
          "index_key": 0,
          "schema_version": 1,
          "attributes": {
            "arn": "arn:aws:ec2:us-east-1:571207880192:subnet/subnet-0b3e872d1a6e7c07d",
            "assign_ipv6_address_on_creation": false,
            "availability_zone": "us-east-1a",
            "availability_zone_id": "use1-az4",
            "cidr_block": "172.16.2.0/24",
            "customer_owned_ipv4_pool": "",
            "enable_dns64": false,
            "enable_lni_at_device_index": 0,
            "enable_resource_name_dns_a_record_on_launch": false,
            "enable_resource_name_dns_aaaa_record_on_launch": false,
            "id": "subnet-0b3e872d1a6e7c07d",
            "ipv6_cidr_block": "",
            "ipv6_cidr_block_association_id": "",
            "ipv6_native": false,
            "map_customer_owned_ip_on_launch": false,
            "map_public_ip_on_launch": true,
            "outpost_arn": "",
            "owner_id": "571207880192",
            "private_dns_hostname_type_on_launch": "ip-name",
            "tags": {
              "Billing-Account": "571207880192",
              "Enviroment": "production",
              "Managed-By": "Terraform",
              "Name": "PrivateSubnet-1",
              "Owner-Email": "jendydevops@gmail.com"
            },
            "tags_all": {
              "Billing-Account": "571207880192",
              "Enviroment": "production",
              "Managed-By": "Terraform",
              "Name": "PrivateSubnet-1",
              "Owner-Email": "jendydevops@gmail.com"
            },
            "timeouts": null,
            "vpc_id": "vpc-0104401bbe4d87c65"
          },
          "sensitive_attributes": [],
          "private": "eyJlMmJmYjczMC1lY2FhLTExZTYtOGY4OC0zNDM2M2JjN2M0YzAiOnsiY3JlYXRlIjo2MDAwMDAwMDAwMDAsImRlbGV0ZSI6MTIwMDAwMDAwMDAwMH0sInNjaGVtYV92ZXJzaW9uIjoiMSJ9",
          "dependencies": [
            "aws_vpc.main",
            "data.aws_availability_zones.available"
          ]
        },
        {
          "index_key": 1,
          "schema_version": 1,
          "attributes": {
            "arn": "arn:aws:ec2:us-east-1:571207880192:subnet/subnet-04def4831210f7089",
            "assign_ipv6_address_on_creation": false,
            "availability_zone": "us-east-1b",
            "availability_zone_id": "use1-az6",
            "cidr_block": "172.16.3.0/24",
            "customer_owned_ipv4_pool": "",
            "enable_dns64": false,
            "enable_lni_at_device_index": 0,
            "enable_resource_name_dns_a_record_on_launch": false,
            "enable_resource_name_dns_aaaa_record_on_launch": false,
            "id": "subnet-04def4831210f7089",
            "ipv6_cidr_block": "",
            "ipv6_cidr_block_association_id": "",
            "ipv6_native": false,
            "map_customer_owned_ip_on_launch": false,
            "map_public_ip_on_launch": true,
            "outpost_arn": "",
            "owner_id": "571207880192",
            "private_dns_hostname_type_on_launch": "ip-name",
            "tags": {
              "Billing-Account": "571207880192",
              "Enviroment": "production",
              "Managed-By": "Terraform",
              "Name": "PrivateSubnet-2",
              "Owner-Email": "jendydevops@gmail.com"
            },
            "tags_all": {
              "Billing-Account": "571207880192",
              "Enviroment": "production",
              "Managed-By": "Terraform",
              "Name": "PrivateSubnet-2",
              "Owner-Email": "jendydevops@gmail.com"
            },
            "timeouts": null,
            "vpc_id": "vpc-0104401bbe4d87c65"
          },
          "sensitive_attributes": [],
          "private": "eyJlMmJmYjczMC1lY2FhLTExZTYtOGY4OC0zNDM2M2JjN2M0YzAiOnsiY3JlYXRlIjo2MDAwMDAwMDAwMDAsImRlbGV0ZSI6MTIwMDAwMDAwMDAwMH0sInNjaGVtYV92ZXJzaW9uIjoiMSJ9",
          "dependencies": [
            "aws_vpc.main",
            "data.aws_availability_zones.available"
          ]
        },
        {
          "index_key": 2,
          "schema_version": 1,
          "attributes": {
            "arn": "arn:aws:ec2:us-east-1:571207880192:subnet/subnet-0b6ed754394a38a5d",
            "assign_ipv6_address_on_creation": false,
            "availability_zone": "us-east-1c",
            "availability_zone_id": "use1-az1",
            "cidr_block": "172.16.4.0/24",
            "customer_owned_ipv4_pool": "",
            "enable_dns64": false,
            "enable_lni_at_device_index": 0,
            "enable_resource_name_dns_a_record_on_launch": false,
            "enable_resource_name_dns_aaaa_record_on_launch": false,
            "id": "subnet-0b6ed754394a38a5d",
            "ipv6_cidr_block": "",
            "ipv6_cidr_block_association_id": "",
            "ipv6_native": false,
            "map_customer_owned_ip_on_launch": false,
            "map_public_ip_on_launch": true,
            "outpost_arn": "",
            "owner_id": "571207880192",
            "private_dns_hostname_type_on_launch": "ip-name",
            "tags": {
              "Billing-Account": "571207880192",
              "Enviroment": "production",
              "Managed-By": "Terraform",
              "Name": "PrivateSubnet-3",
              "Owner-Email": "jendydevops@gmail.com"
            },
            "tags_all": {
              "Billing-Account": "571207880192",
              "Enviroment": "production",
              "Managed-By": "Terraform",
              "Name": "PrivateSubnet-3",
              "Owner-Email": "jendydevops@gmail.com"
            },
            "timeouts": null,
            "vpc_id": "vpc-0104401bbe4d87c65"
          },
          "sensitive_attributes": [],
          "private": "eyJlMmJmYjczMC1lY2FhLTExZTYtOGY4OC0zNDM2M2JjN2M0YzAiOnsiY3JlYXRlIjo2MDAwMDAwMDAwMDAsImRlbGV0ZSI6MTIwMDAwMDAwMDAwMH0sInNjaGVtYV92ZXJzaW9uIjoiMSJ9",
          "dependencies": [
            "aws_vpc.main",
            "data.aws_availability_zones.available"
          ]
        },
        {
          "index_key": 3,
          "schema_version": 1,
          "attributes": {
            "arn": "arn:aws:ec2:us-east-1:571207880192:subnet/subnet-0eb2dfcd8c56f5142",
            "assign_ipv6_address_on_creation": false,
            "availability_zone": "us-east-1d",
            "availability_zone_id": "use1-az2",
            "cidr_block": "172.16.5.0/24",
            "customer_owned_ipv4_pool": "",
            "enable_dns64": false,
            "enable_lni_at_device_index": 0,
            "enable_resource_name_dns_a_record_on_launch": false,
            "enable_resource_name_dns_aaaa_record_on_launch": false,
            "id": "subnet-0eb2dfcd8c56f5142",
            "ipv6_cidr_block": "",
            "ipv6_cidr_block_association_id": "",
            "ipv6_native": false,
            "map_customer_owned_ip_on_launch": false,
            "map_public_ip_on_launch": true,
            "outpost_arn": "",
            "owner_id": "571207880192",
            "private_dns_hostname_type_on_launch": "ip-name",
            "tags": {
              "Billing-Account": "571207880192",
              "Enviroment": "production",
              "Managed-By": "Terraform",
              "Name": "PrivateSubnet-4",
              "Owner-Email": "jendydevops@gmail.com"
            },
            "tags_all": {
              "Billing-Account": "571207880192",
              "Enviroment": "production",
              "Managed-By": "Terraform",
              "Name": "PrivateSubnet-4",
              "Owner-Email": "jendydevops@gmail.com"
            },
            "timeouts": null,
            "vpc_id": "vpc-0104401bbe4d87c65"
          },
          "sensitive_attributes": [],
          "private": "eyJlMmJmYjczMC1lY2FhLTExZTYtOGY4OC0zNDM2M2JjN2M0YzAiOnsiY3JlYXRlIjo2MDAwMDAwMDAwMDAsImRlbGV0ZSI6MTIwMDAwMDAwMDAwMH0sInNjaGVtYV92ZXJzaW9uIjoiMSJ9",
          "dependencies": [
            "aws_vpc.main",
            "data.aws_availability_zones.available"
          ]
        }
      ]
    },
    {
      "mode": "managed",
      "type": "aws_subnet",
      "name": "public",
      "provider": "provider[\"registry.terraform.io/hashicorp/aws\"]",
      "instances": [
        {
          "index_key": 0,
          "schema_version": 1,
          "attributes": {
            "arn": "arn:aws:ec2:us-east-1:571207880192:subnet/subnet-00a170d8e4e515fbe",
            "assign_ipv6_address_on_creation": false,
            "availability_zone": "us-east-1a",
            "availability_zone_id": "use1-az4",
            "cidr_block": "172.16.0.0/24",
            "customer_owned_ipv4_pool": "",
            "enable_dns64": false,
            "enable_lni_at_device_index": 0,
            "enable_resource_name_dns_a_record_on_launch": false,
            "enable_resource_name_dns_aaaa_record_on_launch": false,
            "id": "subnet-00a170d8e4e515fbe",
            "ipv6_cidr_block": "",
            "ipv6_cidr_block_association_id": "",
            "ipv6_native": false,
            "map_customer_owned_ip_on_launch": false,
            "map_public_ip_on_launch": true,
            "outpost_arn": "",
            "owner_id": "571207880192",
            "private_dns_hostname_type_on_launch": "ip-name",
            "tags": {
              "Billing-Account": "571207880192",
              "Enviroment": "production",
              "Managed-By": "Terraform",
              "Name": "PublicSubnet-1",
              "Owner-Email": "jendydevops@gmail.com"
            },
            "tags_all": {
              "Billing-Account": "571207880192",
              "Enviroment": "production",
              "Managed-By": "Terraform",
              "Name": "PublicSubnet-1",
              "Owner-Email": "jendydevops@gmail.com"
            },
            "timeouts": null,
            "vpc_id": "vpc-0104401bbe4d87c65"
          },
          "sensitive_attributes": [],
          "private": "eyJlMmJmYjczMC1lY2FhLTExZTYtOGY4OC0zNDM2M2JjN2M0YzAiOnsiY3JlYXRlIjo2MDAwMDAwMDAwMDAsImRlbGV0ZSI6MTIwMDAwMDAwMDAwMH0sInNjaGVtYV92ZXJzaW9uIjoiMSJ9",
          "dependencies": [
            "aws_vpc.main",
            "data.aws_availability_zones.available"
          ]
        },
        {
          "index_key": 1,
          "schema_version": 1,
          "attributes": {
            "arn": "arn:aws:ec2:us-east-1:571207880192:subnet/subnet-064c9cf55661fcdb2",
            "assign_ipv6_address_on_creation": false,
            "availability_zone": "us-east-1b",
            "availability_zone_id": "use1-az6",
            "cidr_block": "172.16.1.0/24",
            "customer_owned_ipv4_pool": "",
            "enable_dns64": false,
            "enable_lni_at_device_index": 0,
            "enable_resource_name_dns_a_record_on_launch": false,
            "enable_resource_name_dns_aaaa_record_on_launch": false,
            "id": "subnet-064c9cf55661fcdb2",
            "ipv6_cidr_block": "",
            "ipv6_cidr_block_association_id": "",
            "ipv6_native": false,
            "map_customer_owned_ip_on_launch": false,
            "map_public_ip_on_launch": true,
            "outpost_arn": "",
            "owner_id": "571207880192",
            "private_dns_hostname_type_on_launch": "ip-name",
            "tags": {
              "Billing-Account": "571207880192",
              "Enviroment": "production",
              "Managed-By": "Terraform",
              "Name": "PublicSubnet-2",
              "Owner-Email": "jendydevops@gmail.com"
            },
            "tags_all": {
              "Billing-Account": "571207880192",
              "Enviroment": "production",
              "Managed-By": "Terraform",
              "Name": "PublicSubnet-2",
              "Owner-Email": "jendydevops@gmail.com"
            },
            "timeouts": null,
            "vpc_id": "vpc-0104401bbe4d87c65"
          },
          "sensitive_attributes": [],
          "private": "eyJlMmJmYjczMC1lY2FhLTExZTYtOGY4OC0zNDM2M2JjN2M0YzAiOnsiY3JlYXRlIjo2MDAwMDAwMDAwMDAsImRlbGV0ZSI6MTIwMDAwMDAwMDAwMH0sInNjaGVtYV92ZXJzaW9uIjoiMSJ9",
          "dependencies": [
            "aws_vpc.main",
            "data.aws_availability_zones.available"
          ]
        }
      ]
    },
    {
      "mode": "managed",
      "type": "aws_vpc",
      "name": "main",
      "provider": "provider[\"registry.terraform.io/hashicorp/aws\"]",
      "instances": [
        {
          "schema_version": 1,
          "attributes": {
            "arn": "arn:aws:ec2:us-east-1:571207880192:vpc/vpc-0104401bbe4d87c65",
            "assign_generated_ipv6_cidr_block": false,
            "cidr_block": "172.16.0.0/16",
            "default_network_acl_id": "acl-0d194aaeef120a19d",
            "default_route_table_id": "rtb-074162df06c998799",
            "default_security_group_id": "sg-0cb2b76824726b681",
            "dhcp_options_id": "dopt-0c14cd89513e0e4ca",
            "enable_dns_hostnames": true,
            "enable_dns_support": true,
            "enable_network_address_usage_metrics": false,
            "id": "vpc-0104401bbe4d87c65",
            "instance_tenancy": "default",
            "ipv4_ipam_pool_id": null,
            "ipv4_netmask_length": null,
            "ipv6_association_id": "",
            "ipv6_cidr_block": "",
            "ipv6_cidr_block_network_border_group": "",
            "ipv6_ipam_pool_id": "",
            "ipv6_netmask_length": 0,
            "main_route_table_id": "rtb-074162df06c998799",
            "owner_id": "571207880192",
            "tags": {
              "Billing-Account": "571207880192",
              "Enviroment": "production",
              "Managed-By": "Terraform",
              "Name": "aws_vpc",
              "Owner-Email": "jendydevops@gmail.com",
              "year": "2023"
            },
            "tags_all": {
              "Billing-Account": "571207880192",
              "Enviroment": "production",
              "Managed-By": "Terraform",
              "Name": "aws_vpc",
              "Owner-Email": "jendydevops@gmail.com",
              "year": "2023"
            }
          },
          "sensitive_attributes": [],
          "private": "eyJzY2hlbWFfdmVyc2lvbiI6IjEifQ==",
          "create_before_destroy": true
        }
      ]
    },
    {
      "mode": "managed",
      "type": "random_shuffle",
      "name": "az_list",
      "provider": "provider[\"registry.terraform.io/hashicorp/random\"]",
      "instances": [
        {
          "schema_version": 0,
          "attributes": {
            "id": "-",
            "input": [
              "us-east-1a",
              "us-east-1b",
              "us-east-1c",
              "us-east-1d",
              "us-east-1e",
              "us-east-1f"
            ],
            "keepers": null,
            "result": [
              "us-east-1a",
              "us-east-1f",
              "us-east-1e",
              "us-east-1d",
              "us-east-1c",
              "us-east-1b"
            ],
            "result_count": null,
            "seed": null
          },
          "sensitive_attributes": [],
          "dependencies": [
            "data.aws_availability_zones.available"
          ]
        }
      ]
    }
  ],
  "check_results": null
}
