{
  "version": 4,
  "terraform_version": "1.5.4",
  "serial": 507,
  "lineage": "e8242487-81ee-ce4f-00b9-d10de807d1b7",
  "outputs": {
    "lb_dns_name": {
      "value": "ext-alb-1165176719.us-east-1.elb.amazonaws.com",
      "type": "string"
    },
    "lb_target_group_arn": {
      "value": "arn:aws:elasticloadbalancing:us-east-1:571207880192:targetgroup/nginx-tgt/a58fd4e611200292",
      "type": "string"
    }
  },
  "resources": [
    {
      "mode": "data",
      "type": "aws_availability_zones",
      "name": "available",
      "provider": "provider[\"registry.terraform.io/hashicorp/aws\"]",
      "instances": [
        {
          "schema_version": 0,
          "attributes": {
            "all_availability_zones": null,
            "exclude_names": null,
            "exclude_zone_ids": null,
            "filter": null,
            "group_names": [
              "us-east-1"
            ],
            "id": "us-east-1",
            "names": [
              "us-east-1a",
              "us-east-1b",
              "us-east-1c",
              "us-east-1d",
              "us-east-1e",
              "us-east-1f"
            ],
            "state": "available",
            "timeouts": null,
            "zone_ids": [
              "use1-az4",
              "use1-az6",
              "use1-az1",
              "use1-az2",
              "use1-az3",
              "use1-az5"
            ]
          },
          "sensitive_attributes": []
        }
      ]
    },
    {
      "mode": "data",
      "type": "aws_route53_zone",
      "name": "jendyjasper",
      "provider": "provider[\"registry.terraform.io/hashicorp/aws\"]",
      "instances": [
        {
          "schema_version": 0,
          "attributes": {
            "arn": "arn:aws:route53:::hostedzone/Z07196322SM2KABU84T85",
            "caller_reference": "ba9d0e1b-a6b4-45a0-85c2-fc0c3dfcbefa",
            "comment": "",
            "id": "Z07196322SM2KABU84T85",
            "linked_service_description": null,
            "linked_service_principal": null,
            "name": "jendyjasper.com",
            "name_servers": [
              "ns-262.awsdns-32.com",
              "ns-1721.awsdns-23.co.uk",
              "ns-617.awsdns-13.net",
              "ns-1397.awsdns-46.org"
            ],
            "primary_name_server": "ns-262.awsdns-32.com",
            "private_zone": false,
            "resource_record_set_count": 5,
            "tags": {},
            "vpc_id": null,
            "zone_id": "Z07196322SM2KABU84T85"
          },
          "sensitive_attributes": []
        }
      ]
    },
    {
      "mode": "managed",
      "type": "aws_acm_certificate",
      "name": "jendyjasper",
      "provider": "provider[\"registry.terraform.io/hashicorp/aws\"]",
      "instances": [
        {
          "schema_version": 0,
          "attributes": {
            "arn": "arn:aws:acm:us-east-1:571207880192:certificate/65a8cfa7-0e8c-46fe-b03c-98fbcf88b93f",
            "certificate_authority_arn": "",
            "certificate_body": null,
            "certificate_chain": null,
            "domain_name": "*.jendyjasper.com",
            "domain_validation_options": [
              {
                "domain_name": "*.jendyjasper.com",
                "resource_record_name": "_07b510157d642e36557aee3a58b8980f.jendyjasper.com.",
                "resource_record_type": "CNAME",
                "resource_record_value": "_bf7d60d432e866ee78212fc37e0eb8a3.zxstmrtdtf.acm-validations.aws."
              }
            ],
            "early_renewal_duration": "",
            "id": "arn:aws:acm:us-east-1:571207880192:certificate/65a8cfa7-0e8c-46fe-b03c-98fbcf88b93f",
            "key_algorithm": "RSA_2048",
            "not_after": "",
            "not_before": "",
            "options": [
              {
                "certificate_transparency_logging_preference": "ENABLED"
              }
            ],
            "pending_renewal": false,
            "private_key": null,
            "renewal_eligibility": "INELIGIBLE",
            "renewal_summary": [],
            "status": "PENDING_VALIDATION",
            "subject_alternative_names": [
              "*.jendyjasper.com"
            ],
            "tags": null,
            "tags_all": {},
            "type": "AMAZON_ISSUED",
            "validation_emails": [],
            "validation_method": "DNS",
            "validation_option": []
          },
          "sensitive_attributes": [],
          "private": "bnVsbA=="
        }
      ]
    },
    {
      "mode": "managed",
      "type": "aws_acm_certificate_validation",
      "name": "jendyjasper",
      "provider": "provider[\"registry.terraform.io/hashicorp/aws\"]",
      "instances": [
        {
          "schema_version": 0,
          "attributes": {
            "certificate_arn": "arn:aws:acm:us-east-1:571207880192:certificate/65a8cfa7-0e8c-46fe-b03c-98fbcf88b93f",
            "id": "2023-08-15 17:44:32.586 +0000 UTC",
            "timeouts": null,
            "validation_record_fqdns": [
              "_07b510157d642e36557aee3a58b8980f.jendyjasper.com"
            ]
          },
          "sensitive_attributes": [],
          "private": "eyJlMmJmYjczMC1lY2FhLTExZTYtOGY4OC0zNDM2M2JjN2M0YzAiOnsiY3JlYXRlIjo0NTAwMDAwMDAwMDAwfX0=",
          "dependencies": [
            "aws_acm_certificate.jendyjasper",
            "aws_route53_record.jendyjasper",
            "data.aws_route53_zone.jendyjasper"
          ]
        }
      ]
    },
    {
      "mode": "managed",
      "type": "aws_autoscaling_attachment",
      "name": "asg_attachment_nginx",
      "provider": "provider[\"registry.terraform.io/hashicorp/aws\"]",
      "instances": [
        {
          "schema_version": 0,
          "attributes": {
            "autoscaling_group_name": "nginx-asg",
            "elb": null,
            "id": "nginx-asg-20230815174612071200000010",
            "lb_target_group_arn": "arn:aws:elasticloadbalancing:us-east-1:571207880192:targetgroup/nginx-tgt/a58fd4e611200292"
          },
          "sensitive_attributes": [],
          "private": "bnVsbA==",
          "dependencies": [
            "aws_autoscaling_group.nginx-asg",
            "aws_iam_instance_profile.ip",
            "aws_iam_role.ec2_instance_role",
            "aws_launch_template.nginx-launch-template",
            "aws_lb_target_group.nginx-tgt",
            "aws_security_group.nginx-sg",
            "aws_subnet.public",
            "aws_vpc.main",
            "data.aws_availability_zones.available"
          ]
        }
      ]
    },
    {
      "mode": "managed",
      "type": "aws_autoscaling_attachment",
      "name": "asg_attachment_tooling",
      "provider": "provider[\"registry.terraform.io/hashicorp/aws\"]",
      "instances": [
        {
          "schema_version": 0,
          "attributes": {
            "autoscaling_group_name": "tooling-asg",
            "elb": null,
            "id": "tooling-asg-2023081517451029350000000f",
            "lb_target_group_arn": "arn:aws:elasticloadbalancing:us-east-1:571207880192:targetgroup/tooling-tgt/387cd5f54f3eacb7"
          },
          "sensitive_attributes": [],
          "private": "bnVsbA==",
          "dependencies": [
            "aws_autoscaling_group.tooling-asg",
            "aws_iam_instance_profile.ip",
            "aws_iam_role.ec2_instance_role",
            "aws_launch_template.tooling-launch-template",
            "aws_lb_target_group.tooling-tgt",
            "aws_security_group.webserver-sg",
            "aws_subnet.private",
            "aws_vpc.main",
            "data.aws_availability_zones.available"
          ]
        }
      ]
    },
    {
      "mode": "managed",
      "type": "aws_autoscaling_attachment",
      "name": "asg_attachment_wordpress",
      "provider": "provider[\"registry.terraform.io/hashicorp/aws\"]",
      "instances": [
        {
          "schema_version": 0,
          "attributes": {
            "autoscaling_group_name": "wordpress-asg",
            "elb": null,
            "id": "wordpress-asg-2023081517451025960000000e",
            "lb_target_group_arn": "arn:aws:elasticloadbalancing:us-east-1:571207880192:targetgroup/wordpress-tgt/ca2ff2ed869fe482"
          },
          "sensitive_attributes": [],
          "private": "bnVsbA==",
          "dependencies": [
            "aws_autoscaling_group.wordpress-asg",
            "aws_iam_instance_profile.ip",
            "aws_iam_role.ec2_instance_role",
            "aws_launch_template.wordpress-launch-template",
            "aws_lb_target_group.wordpress-tgt",
            "aws_security_group.webserver-sg",
            "aws_subnet.private",
            "aws_vpc.main",
            "data.aws_availability_zones.available"
          ]
        }
      ]
    },
    {
      "mode": "managed",
      "type": "aws_autoscaling_group",
      "name": "bastion-asg",
      "provider": "provider[\"registry.terraform.io/hashicorp/aws\"]",
      "instances": [
        {
          "schema_version": 1,
          "attributes": {
            "arn": "arn:aws:autoscaling:us-east-1:571207880192:autoScalingGroup:c6084643-3b57-4960-8adb-f5de978a86cd:autoScalingGroupName/bastion-asg",
            "availability_zones": [
              "us-east-1a",
              "us-east-1b"
            ],
            "capacity_rebalance": false,
            "context": "",
            "default_cooldown": 300,
            "default_instance_warmup": 0,
            "desired_capacity": 1,
            "desired_capacity_type": "",
            "enabled_metrics": null,
            "force_delete": false,
            "force_delete_warm_pool": false,
            "health_check_grace_period": 300,
            "health_check_type": "ELB",
            "id": "bastion-asg",
            "ignore_failed_scaling_activities": false,
            "initial_lifecycle_hook": [],
            "instance_refresh": [],
            "launch_configuration": "",
            "launch_template": [
              {
                "id": "lt-05efba31215a4a117",
                "name": "terraform-2023081517441832200000000a",
                "version": "$Latest"
              }
            ],
            "load_balancers": [],
            "max_instance_lifetime": 0,
            "max_size": 2,
            "metrics_granularity": "1Minute",
            "min_elb_capacity": null,
            "min_size": 1,
            "mixed_instances_policy": [],
            "name": "bastion-asg",
            "name_prefix": "",
            "placement_group": "",
            "predicted_capacity": 0,
            "protect_from_scale_in": false,
            "service_linked_role_arn": "arn:aws:iam::571207880192:role/aws-service-role/autoscaling.amazonaws.com/AWSServiceRoleForAutoScaling",
            "suspended_processes": null,
            "tag": [
              {
                "key": "Name",
                "propagate_at_launch": true,
                "value": "bastion-launch-template"
              }
            ],
            "target_group_arns": [],
            "termination_policies": null,
            "timeouts": null,
            "traffic_source": [],
            "vpc_zone_identifier": [
              "subnet-00f416e9031425387",
              "subnet-05f4c5b4bbc7a6a6b"
            ],
            "wait_for_capacity_timeout": "10m",
            "wait_for_elb_capacity": null,
            "warm_pool": [],
            "warm_pool_size": 0
          },
          "sensitive_attributes": [],
          "private": "eyJlMmJmYjczMC1lY2FhLTExZTYtOGY4OC0zNDM2M2JjN2M0YzAiOnsiZGVsZXRlIjo2MDAwMDAwMDAwMDAsInVwZGF0ZSI6NjAwMDAwMDAwMDAwfSwic2NoZW1hX3ZlcnNpb24iOiIxIn0=",
          "dependencies": [
            "aws_iam_instance_profile.ip",
            "aws_iam_role.ec2_instance_role",
            "aws_launch_template.bastion-launch-template",
            "aws_security_group.bastion_sg",
            "aws_subnet.public",
            "aws_vpc.main",
            "data.aws_availability_zones.available"
          ]
        }
      ]
    },
    {
      "mode": "managed",
      "type": "aws_autoscaling_group",
      "name": "nginx-asg",
      "provider": "provider[\"registry.terraform.io/hashicorp/aws\"]",
      "instances": [
        {
          "schema_version": 1,
          "attributes": {
            "arn": "arn:aws:autoscaling:us-east-1:571207880192:autoScalingGroup:972ea0eb-8008-421f-ae02-6ec1f2db2f91:autoScalingGroupName/nginx-asg",
            "availability_zones": [
              "us-east-1a",
              "us-east-1b"
            ],
            "capacity_rebalance": false,
            "context": "",
            "default_cooldown": 300,
            "default_instance_warmup": 0,
            "desired_capacity": 1,
            "desired_capacity_type": "",
            "enabled_metrics": null,
            "force_delete": false,
            "force_delete_warm_pool": false,
            "health_check_grace_period": 300,
            "health_check_type": "ELB",
            "id": "nginx-asg",
            "ignore_failed_scaling_activities": false,
            "initial_lifecycle_hook": [],
            "instance_refresh": [],
            "launch_configuration": "",
            "launch_template": [
              {
                "id": "lt-0716166167b334672",
                "name": "terraform-20230815174416639800000004",
                "version": "$Latest"
              }
            ],
            "load_balancers": [],
            "max_instance_lifetime": 0,
            "max_size": 2,
            "metrics_granularity": "1Minute",
            "min_elb_capacity": null,
            "min_size": 1,
            "mixed_instances_policy": [],
            "name": "nginx-asg",
            "name_prefix": "",
            "placement_group": "",
            "predicted_capacity": 0,
            "protect_from_scale_in": false,
            "service_linked_role_arn": "arn:aws:iam::571207880192:role/aws-service-role/autoscaling.amazonaws.com/AWSServiceRoleForAutoScaling",
            "suspended_processes": null,
            "tag": [
              {
                "key": "Name",
                "propagate_at_launch": true,
                "value": "nginx-launch-template"
              }
            ],
            "target_group_arns": [],
            "termination_policies": null,
            "timeouts": null,
            "traffic_source": [],
            "vpc_zone_identifier": [
              "subnet-00f416e9031425387",
              "subnet-05f4c5b4bbc7a6a6b"
            ],
            "wait_for_capacity_timeout": "10m",
            "wait_for_elb_capacity": null,
            "warm_pool": [],
            "warm_pool_size": 0
          },
          "sensitive_attributes": [],
          "private": "eyJlMmJmYjczMC1lY2FhLTExZTYtOGY4OC0zNDM2M2JjN2M0YzAiOnsiZGVsZXRlIjo2MDAwMDAwMDAwMDAsInVwZGF0ZSI6NjAwMDAwMDAwMDAwfSwic2NoZW1hX3ZlcnNpb24iOiIxIn0=",
          "dependencies": [
            "aws_iam_instance_profile.ip",
            "aws_iam_role.ec2_instance_role",
            "aws_launch_template.nginx-launch-template",
            "aws_security_group.nginx-sg",
            "aws_subnet.public",
            "aws_vpc.main",
            "data.aws_availability_zones.available"
          ]
        }
      ]
    },
    {
      "mode": "managed",
      "type": "aws_autoscaling_group",
      "name": "tooling-asg",
      "provider": "provider[\"registry.terraform.io/hashicorp/aws\"]",
      "instances": [
        {
          "schema_version": 1,
          "attributes": {
            "arn": "arn:aws:autoscaling:us-east-1:571207880192:autoScalingGroup:ba4782d7-93d2-4bdd-994d-e478c1d78b95:autoScalingGroupName/tooling-asg",
            "availability_zones": [
              "us-east-1a",
              "us-east-1b"
            ],
            "capacity_rebalance": false,
            "context": "",
            "default_cooldown": 300,
            "default_instance_warmup": 0,
            "desired_capacity": 1,
            "desired_capacity_type": "",
            "enabled_metrics": null,
            "force_delete": false,
            "force_delete_warm_pool": false,
            "health_check_grace_period": 300,
            "health_check_type": "ELB",
            "id": "tooling-asg",
            "ignore_failed_scaling_activities": false,
            "initial_lifecycle_hook": [],
            "instance_refresh": [],
            "launch_configuration": "",
            "launch_template": [
              {
                "id": "lt-050b573c421f2630d",
                "name": "terraform-20230815174417484700000006",
                "version": "$Latest"
              }
            ],
            "load_balancers": [],
            "max_instance_lifetime": 0,
            "max_size": 2,
            "metrics_granularity": "1Minute",
            "min_elb_capacity": null,
            "min_size": 1,
            "mixed_instances_policy": [],
            "name": "tooling-asg",
            "name_prefix": "",
            "placement_group": "",
            "predicted_capacity": 0,
            "protect_from_scale_in": false,
            "service_linked_role_arn": "arn:aws:iam::571207880192:role/aws-service-role/autoscaling.amazonaws.com/AWSServiceRoleForAutoScaling",
            "suspended_processes": null,
            "tag": [
              {
                "key": "Name",
                "propagate_at_launch": true,
                "value": "tooling-launch-template"
              }
            ],
            "target_group_arns": [],
            "termination_policies": null,
            "timeouts": null,
            "traffic_source": [],
            "vpc_zone_identifier": [
              "subnet-0b7c3736307826624",
              "subnet-0c47f19650a3fcd25"
            ],
            "wait_for_capacity_timeout": "10m",
            "wait_for_elb_capacity": null,
            "warm_pool": [],
            "warm_pool_size": 0
          },
          "sensitive_attributes": [],
          "private": "eyJlMmJmYjczMC1lY2FhLTExZTYtOGY4OC0zNDM2M2JjN2M0YzAiOnsiZGVsZXRlIjo2MDAwMDAwMDAwMDAsInVwZGF0ZSI6NjAwMDAwMDAwMDAwfSwic2NoZW1hX3ZlcnNpb24iOiIxIn0=",
          "dependencies": [
            "aws_iam_instance_profile.ip",
            "aws_iam_role.ec2_instance_role",
            "aws_launch_template.tooling-launch-template",
            "aws_security_group.webserver-sg",
            "aws_subnet.private",
            "aws_vpc.main",
            "data.aws_availability_zones.available"
          ]
        }
      ]
    },
    {
      "mode": "managed",
      "type": "aws_autoscaling_group",
      "name": "wordpress-asg",
      "provider": "provider[\"registry.terraform.io/hashicorp/aws\"]",
      "instances": [
        {
          "schema_version": 1,
          "attributes": {
            "arn": "arn:aws:autoscaling:us-east-1:571207880192:autoScalingGroup:8ada3fa4-89a3-4c69-a039-15b68b8a9894:autoScalingGroupName/wordpress-asg",
            "availability_zones": [
              "us-east-1a",
              "us-east-1b"
            ],
            "capacity_rebalance": false,
            "context": "",
            "default_cooldown": 300,
            "default_instance_warmup": 0,
            "desired_capacity": 1,
            "desired_capacity_type": "",
            "enabled_metrics": null,
            "force_delete": false,
            "force_delete_warm_pool": false,
            "health_check_grace_period": 300,
            "health_check_type": "ELB",
            "id": "wordpress-asg",
            "ignore_failed_scaling_activities": false,
            "initial_lifecycle_hook": [],
            "instance_refresh": [],
            "launch_configuration": "",
            "launch_template": [
              {
                "id": "lt-0acd7e4b0f2ded3dd",
                "name": "terraform-20230815174417905400000008",
                "version": "$Latest"
              }
            ],
            "load_balancers": [],
            "max_instance_lifetime": 0,
            "max_size": 2,
            "metrics_granularity": "1Minute",
            "min_elb_capacity": null,
            "min_size": 1,
            "mixed_instances_policy": [],
            "name": "wordpress-asg",
            "name_prefix": "",
            "placement_group": "",
            "predicted_capacity": 0,
            "protect_from_scale_in": false,
            "service_linked_role_arn": "arn:aws:iam::571207880192:role/aws-service-role/autoscaling.amazonaws.com/AWSServiceRoleForAutoScaling",
            "suspended_processes": null,
            "tag": [
              {
                "key": "Name",
                "propagate_at_launch": true,
                "value": "wordpress-asg"
              }
            ],
            "target_group_arns": [],
            "termination_policies": null,
            "timeouts": null,
            "traffic_source": [],
            "vpc_zone_identifier": [
              "subnet-0b7c3736307826624",
              "subnet-0c47f19650a3fcd25"
            ],
            "wait_for_capacity_timeout": "10m",
            "wait_for_elb_capacity": null,
            "warm_pool": [],
            "warm_pool_size": 0
          },
          "sensitive_attributes": [],
          "private": "eyJlMmJmYjczMC1lY2FhLTExZTYtOGY4OC0zNDM2M2JjN2M0YzAiOnsiZGVsZXRlIjo2MDAwMDAwMDAwMDAsInVwZGF0ZSI6NjAwMDAwMDAwMDAwfSwic2NoZW1hX3ZlcnNpb24iOiIxIn0=",
          "dependencies": [
            "aws_iam_instance_profile.ip",
            "aws_iam_role.ec2_instance_role",
            "aws_launch_template.wordpress-launch-template",
            "aws_security_group.webserver-sg",
            "aws_subnet.private",
            "aws_vpc.main",
            "data.aws_availability_zones.available"
          ]
        }
      ]
    },
    {
      "mode": "managed",
      "type": "aws_autoscaling_notification",
      "name": "jendy_notifications",
      "provider": "provider[\"registry.terraform.io/hashicorp/aws\"]",
      "instances": [
        {
          "schema_version": 0,
          "attributes": {
            "group_names": [
              "bastion-asg",
              "nginx-asg",
              "tooling-asg",
              "wordpress-asg"
            ],
            "id": "arn:aws:sns:us-east-1:571207880192:Default_CloudWatch_Alarms_Topic",
            "notifications": [
              "autoscaling:EC2_INSTANCE_LAUNCH",
              "autoscaling:EC2_INSTANCE_LAUNCH_ERROR",
              "autoscaling:EC2_INSTANCE_TERMINATE",
              "autoscaling:EC2_INSTANCE_TERMINATE_ERROR"
            ],
            "topic_arn": "arn:aws:sns:us-east-1:571207880192:Default_CloudWatch_Alarms_Topic"
          },
          "sensitive_attributes": [],
          "private": "bnVsbA==",
          "dependencies": [
            "aws_autoscaling_group.bastion-asg",
            "aws_autoscaling_group.nginx-asg",
            "aws_autoscaling_group.tooling-asg",
            "aws_autoscaling_group.wordpress-asg",
            "aws_iam_instance_profile.ip",
            "aws_iam_role.ec2_instance_role",
            "aws_launch_template.bastion-launch-template",
            "aws_launch_template.nginx-launch-template",
            "aws_launch_template.tooling-launch-template",
            "aws_launch_template.wordpress-launch-template",
            "aws_security_group.bastion_sg",
            "aws_security_group.nginx-sg",
            "aws_security_group.webserver-sg",
            "aws_sns_topic.jendy-sns",
            "aws_subnet.private",
            "aws_subnet.public",
            "aws_vpc.main",
            "data.aws_availability_zones.available"
          ]
        }
      ]
    },
    {
      "mode": "managed",
      "type": "aws_db_instance",
      "name": "ACS-rds",
      "provider": "provider[\"registry.terraform.io/hashicorp/aws\"]",
      "instances": [
        {
          "schema_version": 2,
          "attributes": {
            "address": "terraform-2023081517442531230000000c.c1o5egw4sid4.us-east-1.rds.amazonaws.com",
            "allocated_storage": 20,
            "allow_major_version_upgrade": null,
            "apply_immediately": false,
            "arn": "arn:aws:rds:us-east-1:571207880192:db:terraform-2023081517442531230000000c",
            "auto_minor_version_upgrade": true,
            "availability_zone": "us-east-1d",
            "backup_retention_period": 0,
            "backup_target": "region",
            "backup_window": "06:47-07:17",
            "blue_green_update": [],
            "ca_cert_identifier": "rds-ca-2019",
            "character_set_name": "",
            "copy_tags_to_snapshot": false,
            "custom_iam_instance_profile": "",
            "customer_owned_ip_enabled": false,
            "db_name": "daviddb",
            "db_subnet_group_name": "acs-rds",
            "delete_automated_backups": true,
            "deletion_protection": false,
            "domain": "",
            "domain_iam_role_name": "",
            "enabled_cloudwatch_logs_exports": null,
            "endpoint": "terraform-2023081517442531230000000c.c1o5egw4sid4.us-east-1.rds.amazonaws.com:3306",
            "engine": "mysql",
            "engine_version": "5.7",
            "engine_version_actual": "5.7.42",
            "final_snapshot_identifier": null,
            "hosted_zone_id": "Z2R2ITUGPM61AM",
            "iam_database_authentication_enabled": false,
            "id": "db-2TU6N3MXSVDUEG62VS77CO2A6U",
            "identifier": "terraform-2023081517442531230000000c",
            "identifier_prefix": "terraform-",
            "instance_class": "db.t2.micro",
            "iops": 0,
            "kms_key_id": "",
            "latest_restorable_time": "",
            "license_model": "general-public-license",
            "listener_endpoint": [],
            "maintenance_window": "mon:06:09-mon:06:39",
            "manage_master_user_password": null,
            "master_user_secret": [],
            "master_user_secret_kms_key_id": null,
            "max_allocated_storage": 0,
            "monitoring_interval": 0,
            "monitoring_role_arn": "",
            "multi_az": true,
            "nchar_character_set_name": "",
            "network_type": "IPV4",
            "option_group_name": "default:mysql-5-7",
            "parameter_group_name": "default.mysql5.7",
            "password": "devopspbl",
            "performance_insights_enabled": false,
            "performance_insights_kms_key_id": "",
            "performance_insights_retention_period": 0,
            "port": 3306,
            "publicly_accessible": false,
            "replica_mode": "",
            "replicas": [],
            "replicate_source_db": "",
            "resource_id": "db-2TU6N3MXSVDUEG62VS77CO2A6U",
            "restore_to_point_in_time": [],
            "s3_import": [],
            "skip_final_snapshot": true,
            "snapshot_identifier": null,
            "status": "available",
            "storage_encrypted": false,
            "storage_throughput": 0,
            "storage_type": "gp2",
            "tags": null,
            "tags_all": {},
            "timeouts": null,
            "timezone": "",
            "username": "jendyjasper",
            "vpc_security_group_ids": [
              "sg-0e1604dc7e6dd6b9d"
            ]
          },
          "sensitive_attributes": [],
          "private": "eyJlMmJmYjczMC1lY2FhLTExZTYtOGY4OC0zNDM2M2JjN2M0YzAiOnsiY3JlYXRlIjoyNDAwMDAwMDAwMDAwLCJkZWxldGUiOjM2MDAwMDAwMDAwMDAsInVwZGF0ZSI6NDgwMDAwMDAwMDAwMH0sInNjaGVtYV92ZXJzaW9uIjoiMiJ9",
          "dependencies": [
            "aws_db_subnet_group.ACS-rds",
            "aws_security_group.datalayer-sg",
            "aws_subnet.private",
            "aws_vpc.main",
            "data.aws_availability_zones.available"
          ]
        }
      ]
    },
    {
      "mode": "managed",
      "type": "aws_db_subnet_group",
      "name": "ACS-rds",
      "provider": "provider[\"registry.terraform.io/hashicorp/aws\"]",
      "instances": [
        {
          "schema_version": 0,
          "attributes": {
            "arn": "arn:aws:rds:us-east-1:571207880192:subgrp:acs-rds",
            "description": "Managed by Terraform",
            "id": "acs-rds",
            "name": "acs-rds",
            "name_prefix": "",
            "subnet_ids": [
              "subnet-0ddad4f1d50aeb080",
              "subnet-0eb0c56de5d6849aa"
            ],
            "supported_network_types": [
              "IPV4"
            ],
            "tags": {
              "Billing-Account": "571207880192",
              "Enviroment": "production",
              "Managed-By": "Terraform",
              "Name": "ACS-rds",
              "Owner-Email": "jendydevops@gmail.com"
            },
            "tags_all": {
              "Billing-Account": "571207880192",
              "Enviroment": "production",
              "Managed-By": "Terraform",
              "Name": "ACS-rds",
              "Owner-Email": "jendydevops@gmail.com"
            },
            "vpc_id": "vpc-058adb9ce39f277bf"
          },
          "sensitive_attributes": [],
          "private": "bnVsbA==",
          "dependencies": [
            "aws_subnet.private",
            "aws_vpc.main",
            "data.aws_availability_zones.available"
          ]
        }
      ]
    },
    {
      "mode": "managed",
      "type": "aws_efs_access_point",
      "name": "tooling",
      "provider": "provider[\"registry.terraform.io/hashicorp/aws\"]",
      "instances": [
        {
          "schema_version": 0,
          "attributes": {
            "arn": "arn:aws:elasticfilesystem:us-east-1:571207880192:access-point/fsap-025f6b26f4c281e8c",
            "file_system_arn": "arn:aws:elasticfilesystem:us-east-1:571207880192:file-system/fs-06cac08eaeecf4976",
            "file_system_id": "fs-06cac08eaeecf4976",
            "id": "fsap-025f6b26f4c281e8c",
            "owner_id": "571207880192",
            "posix_user": [
              {
                "gid": 0,
                "secondary_gids": null,
                "uid": 0
              }
            ],
            "root_directory": [
              {
                "creation_info": [
                  {
                    "owner_gid": 0,
                    "owner_uid": 0,
                    "permissions": "755"
                  }
                ],
                "path": "/tooling"
              }
            ],
            "tags": null,
            "tags_all": {}
          },
          "sensitive_attributes": [],
          "private": "bnVsbA==",
          "dependencies": [
            "aws_efs_file_system.ACS-efs",
            "aws_kms_key.ACS-kms"
          ]
        }
      ]
    },
    {
      "mode": "managed",
      "type": "aws_efs_access_point",
      "name": "wordpress",
      "provider": "provider[\"registry.terraform.io/hashicorp/aws\"]",
      "instances": [
        {
          "schema_version": 0,
          "attributes": {
            "arn": "arn:aws:elasticfilesystem:us-east-1:571207880192:access-point/fsap-00e6529148ad0acb4",
            "file_system_arn": "arn:aws:elasticfilesystem:us-east-1:571207880192:file-system/fs-06cac08eaeecf4976",
            "file_system_id": "fs-06cac08eaeecf4976",
            "id": "fsap-00e6529148ad0acb4",
            "owner_id": "571207880192",
            "posix_user": [
              {
                "gid": 0,
                "secondary_gids": null,
                "uid": 0
              }
            ],
            "root_directory": [
              {
                "creation_info": [
                  {
                    "owner_gid": 0,
                    "owner_uid": 0,
                    "permissions": "755"
                  }
                ],
                "path": "/wordpress"
              }
            ],
            "tags": null,
            "tags_all": {}
          },
          "sensitive_attributes": [],
          "private": "bnVsbA==",
          "dependencies": [
            "aws_efs_file_system.ACS-efs",
            "aws_kms_key.ACS-kms"
          ]
        }
      ]
    },
    {
      "mode": "managed",
      "type": "aws_efs_file_system",
      "name": "ACS-efs",
      "provider": "provider[\"registry.terraform.io/hashicorp/aws\"]",
      "instances": [
        {
          "schema_version": 0,
          "attributes": {
            "arn": "arn:aws:elasticfilesystem:us-east-1:571207880192:file-system/fs-06cac08eaeecf4976",
            "availability_zone_id": "",
            "availability_zone_name": "",
            "creation_token": "terraform-20230815174405766400000003",
            "dns_name": "fs-06cac08eaeecf4976.efs.us-east-1.amazonaws.com",
            "encrypted": true,
            "id": "fs-06cac08eaeecf4976",
            "kms_key_id": "arn:aws:kms:us-east-1:571207880192:key/6dad21f1-f39a-4fb5-bfbd-872f93d7df85",
            "lifecycle_policy": [],
            "number_of_mount_targets": 0,
            "owner_id": "571207880192",
            "performance_mode": "generalPurpose",
            "provisioned_throughput_in_mibps": 0,
            "size_in_bytes": [
              {
                "value": 6144,
                "value_in_ia": 0,
                "value_in_standard": 6144
              }
            ],
            "tags": {
              "Billing-Account": "571207880192",
              "Enviroment": "production",
              "Managed-By": "Terraform",
              "Name": "ACS-efs",
              "Owner-Email": "jendydevops@gmail.com"
            },
            "tags_all": {
              "Billing-Account": "571207880192",
              "Enviroment": "production",
              "Managed-By": "Terraform",
              "Name": "ACS-efs",
              "Owner-Email": "jendydevops@gmail.com"
            },
            "throughput_mode": "bursting"
          },
          "sensitive_attributes": [],
          "private": "bnVsbA==",
          "dependencies": [
            "aws_kms_key.ACS-kms"
          ]
        }
      ]
    },
    {
      "mode": "managed",
      "type": "aws_efs_mount_target",
      "name": "subnet-1",
      "provider": "provider[\"registry.terraform.io/hashicorp/aws\"]",
      "instances": [
        {
          "schema_version": 0,
          "attributes": {
            "availability_zone_id": "use1-az1",
            "availability_zone_name": "us-east-1c",
            "dns_name": "fs-06cac08eaeecf4976.efs.us-east-1.amazonaws.com",
            "file_system_arn": "arn:aws:elasticfilesystem:us-east-1:571207880192:file-system/fs-06cac08eaeecf4976",
            "file_system_id": "fs-06cac08eaeecf4976",
            "id": "fsmt-09d73e802552b9276",
            "ip_address": "172.16.4.100",
            "mount_target_dns_name": "us-east-1c.fs-06cac08eaeecf4976.efs.us-east-1.amazonaws.com",
            "network_interface_id": "eni-03a8416b4d2c81e05",
            "owner_id": "571207880192",
            "security_groups": [
              "sg-0e1604dc7e6dd6b9d"
            ],
            "subnet_id": "subnet-0eb0c56de5d6849aa",
            "timeouts": null
          },
          "sensitive_attributes": [],
          "private": "eyJlMmJmYjczMC1lY2FhLTExZTYtOGY4OC0zNDM2M2JjN2M0YzAiOnsiY3JlYXRlIjoxODAwMDAwMDAwMDAwLCJkZWxldGUiOjYwMDAwMDAwMDAwMH19",
          "dependencies": [
            "aws_efs_file_system.ACS-efs",
            "aws_kms_key.ACS-kms",
            "aws_security_group.datalayer-sg",
            "aws_subnet.private",
            "aws_vpc.main",
            "data.aws_availability_zones.available"
          ]
        }
      ]
    },
    {
      "mode": "managed",
      "type": "aws_efs_mount_target",
      "name": "subnet-2",
      "provider": "provider[\"registry.terraform.io/hashicorp/aws\"]",
      "instances": [
        {
          "schema_version": 0,
          "attributes": {
            "availability_zone_id": "use1-az2",
            "availability_zone_name": "us-east-1d",
            "dns_name": "fs-06cac08eaeecf4976.efs.us-east-1.amazonaws.com",
            "file_system_arn": "arn:aws:elasticfilesystem:us-east-1:571207880192:file-system/fs-06cac08eaeecf4976",
            "file_system_id": "fs-06cac08eaeecf4976",
            "id": "fsmt-0d2952cb28800cf80",
            "ip_address": "172.16.5.188",
            "mount_target_dns_name": "us-east-1d.fs-06cac08eaeecf4976.efs.us-east-1.amazonaws.com",
            "network_interface_id": "eni-0b1fe2e54ad75a85e",
            "owner_id": "571207880192",
            "security_groups": [
              "sg-0e1604dc7e6dd6b9d"
            ],
            "subnet_id": "subnet-0ddad4f1d50aeb080",
            "timeouts": null
          },
          "sensitive_attributes": [],
          "private": "eyJlMmJmYjczMC1lY2FhLTExZTYtOGY4OC0zNDM2M2JjN2M0YzAiOnsiY3JlYXRlIjoxODAwMDAwMDAwMDAwLCJkZWxldGUiOjYwMDAwMDAwMDAwMH19",
          "dependencies": [
            "aws_efs_file_system.ACS-efs",
            "aws_kms_key.ACS-kms",
            "aws_security_group.datalayer-sg",
            "aws_subnet.private",
            "aws_vpc.main",
            "data.aws_availability_zones.available"
          ]
        }
      ]
    },
    {
      "mode": "managed",
      "type": "aws_eip",
      "name": "nat_eip",
      "provider": "provider[\"registry.terraform.io/hashicorp/aws\"]",
      "instances": [
        {
          "schema_version": 0,
          "attributes": {
            "address": null,
            "allocation_id": "eipalloc-06be96e1f95c61356",
            "associate_with_private_ip": null,
            "association_id": "",
            "carrier_ip": "",
            "customer_owned_ip": "",
            "customer_owned_ipv4_pool": "",
            "domain": "vpc",
            "id": "eipalloc-06be96e1f95c61356",
            "instance": "",
            "network_border_group": "us-east-1",
            "network_interface": "",
            "private_dns": null,
            "private_ip": "",
            "public_dns": "ec2-52-44-147-224.compute-1.amazonaws.com",
            "public_ip": "52.44.147.224",
            "public_ipv4_pool": "amazon",
            "tags": {
              "Billing-Account": "571207880192",
              "Enviroment": "production",
              "Managed-By": "Terraform",
              "Name": "aws vpc-EIP",
              "Owner-Email": "jendydevops@gmail.com"
            },
            "tags_all": {
              "Billing-Account": "571207880192",
              "Enviroment": "production",
              "Managed-By": "Terraform",
              "Name": "aws vpc-EIP",
              "Owner-Email": "jendydevops@gmail.com"
            },
            "timeouts": null,
            "vpc": true
          },
          "sensitive_attributes": [],
          "private": "eyJlMmJmYjczMC1lY2FhLTExZTYtOGY4OC0zNDM2M2JjN2M0YzAiOnsiZGVsZXRlIjoxODAwMDAwMDAwMDAsInJlYWQiOjkwMDAwMDAwMDAwMCwidXBkYXRlIjozMDAwMDAwMDAwMDB9fQ==",
          "dependencies": [
            "aws_internet_gateway.ig",
            "aws_vpc.main"
          ]
        }
      ]
    },
    {
      "mode": "managed",
      "type": "aws_iam_instance_profile",
      "name": "ip",
      "provider": "provider[\"registry.terraform.io/hashicorp/aws\"]",
      "instances": [
        {
          "schema_version": 0,
          "attributes": {
            "arn": "arn:aws:iam::571207880192:instance-profile/aws_instance_profile_test",
            "create_date": "2023-08-15T17:44:01Z",
            "id": "aws_instance_profile_test",
            "name": "aws_instance_profile_test",
            "name_prefix": "",
            "path": "/",
            "role": "ec2_instance_role",
            "tags": null,
            "tags_all": {},
            "unique_id": "AIPAYJ7VERYAC5GM3OWVD"
          },
          "sensitive_attributes": [],
          "private": "bnVsbA==",
          "dependencies": [
            "aws_iam_role.ec2_instance_role"
          ],
          "create_before_destroy": true
        }
      ]
    },
    {
      "mode": "managed",
      "type": "aws_iam_policy",
      "name": "policy",
      "provider": "provider[\"registry.terraform.io/hashicorp/aws\"]",
      "instances": [
        {
          "schema_version": 0,
          "attributes": {
            "arn": "arn:aws:iam::571207880192:policy/ec2_instance_policy",
            "description": "A test policy",
            "id": "arn:aws:iam::571207880192:policy/ec2_instance_policy",
            "name": "ec2_instance_policy",
            "name_prefix": "",
            "path": "/",
            "policy": "{\"Statement\":[{\"Action\":[\"ec2:Describe*\"],\"Effect\":\"Allow\",\"Resource\":\"*\"}],\"Version\":\"2012-10-17\"}",
            "policy_id": "ANPAYJ7VERYAFO4CRMNQD",
            "tags": {
              "Billing-Account": "571207880192",
              "Enviroment": "production",
              "Managed-By": "Terraform",
              "Name": "aws assume policy",
              "Owner-Email": "jendydevops@gmail.com"
            },
            "tags_all": {
              "Billing-Account": "571207880192",
              "Enviroment": "production",
              "Managed-By": "Terraform",
              "Name": "aws assume policy",
              "Owner-Email": "jendydevops@gmail.com"
            }
          },
          "sensitive_attributes": [],
          "private": "bnVsbA=="
        }
      ]
    },
    {
      "mode": "managed",
      "type": "aws_iam_role",
      "name": "ec2_instance_role",
      "provider": "provider[\"registry.terraform.io/hashicorp/aws\"]",
      "instances": [
        {
          "schema_version": 0,
          "attributes": {
            "arn": "arn:aws:iam::571207880192:role/ec2_instance_role",
            "assume_role_policy": "{\"Statement\":[{\"Action\":\"sts:AssumeRole\",\"Effect\":\"Allow\",\"Principal\":{\"Service\":\"ec2.amazonaws.com\"},\"Sid\":\"\"}],\"Version\":\"2012-10-17\"}",
            "create_date": "2023-08-15T17:44:01Z",
            "description": "",
            "force_detach_policies": false,
            "id": "ec2_instance_role",
            "inline_policy": [],
            "managed_policy_arns": [],
            "max_session_duration": 3600,
            "name": "ec2_instance_role",
            "name_prefix": "",
            "path": "/",
            "permissions_boundary": null,
            "tags": {
              "Billing-Account": "571207880192",
              "Enviroment": "production",
              "Managed-By": "Terraform",
              "Name": "aws assume role",
              "Owner-Email": "jendydevops@gmail.com"
            },
            "tags_all": {
              "Billing-Account": "571207880192",
              "Enviroment": "production",
              "Managed-By": "Terraform",
              "Name": "aws assume role",
              "Owner-Email": "jendydevops@gmail.com"
            },
            "unique_id": "AROAYJ7VERYACGQG7P4K5"
          },
          "sensitive_attributes": [],
          "private": "bnVsbA==",
          "create_before_destroy": true
        }
      ]
    },
    {
      "mode": "managed",
      "type": "aws_iam_role_policy_attachment",
      "name": "test-attach",
      "provider": "provider[\"registry.terraform.io/hashicorp/aws\"]",
      "instances": [
        {
          "schema_version": 0,
          "attributes": {
            "id": "ec2_instance_role-20230815174401711700000002",
            "policy_arn": "arn:aws:iam::571207880192:policy/ec2_instance_policy",
            "role": "ec2_instance_role"
          },
          "sensitive_attributes": [],
          "private": "bnVsbA==",
          "dependencies": [
            "aws_iam_policy.policy",
            "aws_iam_role.ec2_instance_role"
          ]
        }
      ]
    },
    {
      "mode": "managed",
      "type": "aws_internet_gateway",
      "name": "ig",
      "provider": "provider[\"registry.terraform.io/hashicorp/aws\"]",
      "instances": [
        {
          "schema_version": 0,
          "attributes": {
            "arn": "arn:aws:ec2:us-east-1:571207880192:internet-gateway/igw-073dc28fb0fb4c69a",
            "id": "igw-073dc28fb0fb4c69a",
            "owner_id": "571207880192",
            "tags": {
              "Billing-Account": "571207880192",
              "Enviroment": "production",
              "Managed-By": "Terraform",
              "Name": "vpc-058adb9ce39f277bf-IG!",
              "Owner-Email": "jendydevops@gmail.com"
            },
            "tags_all": {
              "Billing-Account": "571207880192",
              "Enviroment": "production",
              "Managed-By": "Terraform",
              "Name": "vpc-058adb9ce39f277bf-IG!",
              "Owner-Email": "jendydevops@gmail.com"
            },
            "timeouts": null,
            "vpc_id": "vpc-058adb9ce39f277bf"
          },
          "sensitive_attributes": [],
          "private": "eyJlMmJmYjczMC1lY2FhLTExZTYtOGY4OC0zNDM2M2JjN2M0YzAiOnsiY3JlYXRlIjoxMjAwMDAwMDAwMDAwLCJkZWxldGUiOjEyMDAwMDAwMDAwMDAsInVwZGF0ZSI6MTIwMDAwMDAwMDAwMH19",
          "dependencies": [
            "aws_vpc.main"
          ]
        }
      ]
    },
    {
      "mode": "managed",
      "type": "aws_kms_alias",
      "name": "alias",
      "provider": "provider[\"registry.terraform.io/hashicorp/aws\"]",
      "instances": [
        {
          "schema_version": 0,
          "attributes": {
            "arn": "arn:aws:kms:us-east-1:571207880192:alias/kms",
            "id": "alias/kms",
            "name": "alias/kms",
            "name_prefix": "",
            "target_key_arn": "arn:aws:kms:us-east-1:571207880192:key/6dad21f1-f39a-4fb5-bfbd-872f93d7df85",
            "target_key_id": "6dad21f1-f39a-4fb5-bfbd-872f93d7df85"
          },
          "sensitive_attributes": [],
          "private": "bnVsbA==",
          "dependencies": [
            "aws_kms_key.ACS-kms"
          ]
        }
      ]
    },
    {
      "mode": "managed",
      "type": "aws_kms_key",
      "name": "ACS-kms",
      "provider": "provider[\"registry.terraform.io/hashicorp/aws\"]",
      "instances": [
        {
          "schema_version": 0,
          "attributes": {
            "arn": "arn:aws:kms:us-east-1:571207880192:key/6dad21f1-f39a-4fb5-bfbd-872f93d7df85",
            "bypass_policy_lockout_safety_check": false,
            "custom_key_store_id": "",
            "customer_master_key_spec": "SYMMETRIC_DEFAULT",
            "deletion_window_in_days": null,
            "description": "KMS key ",
            "enable_key_rotation": false,
            "id": "6dad21f1-f39a-4fb5-bfbd-872f93d7df85",
            "is_enabled": true,
            "key_id": "6dad21f1-f39a-4fb5-bfbd-872f93d7df85",
            "key_usage": "ENCRYPT_DECRYPT",
            "multi_region": false,
            "policy": "{\"Id\":\"kms-key-policy\",\"Statement\":[{\"Action\":\"kms:*\",\"Effect\":\"Allow\",\"Principal\":{\"AWS\":\"arn:aws:iam::571207880192:user/terraform\"},\"Resource\":\"*\",\"Sid\":\"Enable IAM User Permissions\"}],\"Version\":\"2012-10-17\"}",
            "tags": null,
            "tags_all": {}
          },
          "sensitive_attributes": [],
          "private": "bnVsbA=="
        }
      ]
    },
    {
      "mode": "managed",
      "type": "aws_launch_template",
      "name": "bastion-launch-template",
      "provider": "provider[\"registry.terraform.io/hashicorp/aws\"]",
      "instances": [
        {
          "schema_version": 0,
          "attributes": {
            "arn": "arn:aws:ec2:us-east-1:571207880192:launch-template/lt-05efba31215a4a117",
            "block_device_mappings": [],
            "capacity_reservation_specification": [],
            "cpu_options": [],
            "credit_specification": [],
            "default_version": 1,
            "description": "",
            "disable_api_stop": false,
            "disable_api_termination": false,
            "ebs_optimized": "",
            "elastic_gpu_specifications": [],
            "elastic_inference_accelerator": [],
            "enclave_options": [],
            "hibernation_options": [],
            "iam_instance_profile": [
              {
                "arn": "",
                "name": "aws_instance_profile_test"
              }
            ],
            "id": "lt-05efba31215a4a117",
            "image_id": "ami-06640050dc3f556bb",
            "instance_initiated_shutdown_behavior": "",
            "instance_market_options": [],
            "instance_requirements": [],
            "instance_type": "t2.micro",
            "kernel_id": "",
            "key_name": "Darey-AWS",
            "latest_version": 1,
            "license_specification": [],
            "maintenance_options": [],
            "metadata_options": [],
            "monitoring": [],
            "name": "terraform-2023081517441832200000000a",
            "name_prefix": "terraform-",
            "network_interfaces": [],
            "placement": [
              {
                "affinity": "",
                "availability_zone": "random_shuffle.az_list.result",
                "group_name": "",
                "host_id": "",
                "host_resource_group_arn": "",
                "partition_number": 0,
                "spread_domain": "",
                "tenancy": ""
              }
            ],
            "private_dns_name_options": [],
            "ram_disk_id": "",
            "security_group_names": null,
            "tag_specifications": [
              {
                "resource_type": "instance",
                "tags": {
                  "Billing-Account": "571207880192",
                  "Enviroment": "production",
                  "Managed-By": "Terraform",
                  "Name": "bastion-launch-template",
                  "Owner-Email": "jendydevops@gmail.com"
                }
              }
            ],
            "tags": null,
            "tags_all": {},
            "update_default_version": null,
            "user_data": "",
            "vpc_security_group_ids": [
              "sg-0f237242bf58d0681"
            ]
          },
          "sensitive_attributes": [],
          "private": "bnVsbA==",
          "dependencies": [
            "aws_iam_instance_profile.ip",
            "aws_iam_role.ec2_instance_role",
            "aws_security_group.bastion_sg",
            "aws_vpc.main"
          ],
          "create_before_destroy": true
        }
      ]
    },
    {
      "mode": "managed",
      "type": "aws_launch_template",
      "name": "nginx-launch-template",
      "provider": "provider[\"registry.terraform.io/hashicorp/aws\"]",
      "instances": [
        {
          "schema_version": 0,
          "attributes": {
            "arn": "arn:aws:ec2:us-east-1:571207880192:launch-template/lt-0716166167b334672",
            "block_device_mappings": [],
            "capacity_reservation_specification": [],
            "cpu_options": [],
            "credit_specification": [],
            "default_version": 1,
            "description": "",
            "disable_api_stop": false,
            "disable_api_termination": false,
            "ebs_optimized": "",
            "elastic_gpu_specifications": [],
            "elastic_inference_accelerator": [],
            "enclave_options": [],
            "hibernation_options": [],
            "iam_instance_profile": [
              {
                "arn": "",
                "name": "aws_instance_profile_test"
              }
            ],
            "id": "lt-0716166167b334672",
            "image_id": "ami-06640050dc3f556bb",
            "instance_initiated_shutdown_behavior": "",
            "instance_market_options": [],
            "instance_requirements": [],
            "instance_type": "t2.micro",
            "kernel_id": "",
            "key_name": "Darey-AWS",
            "latest_version": 1,
            "license_specification": [],
            "maintenance_options": [],
            "metadata_options": [],
            "monitoring": [],
            "name": "terraform-20230815174416639800000004",
            "name_prefix": "terraform-",
            "network_interfaces": [],
            "placement": [
              {
                "affinity": "",
                "availability_zone": "random_shuffle.az_list.result",
                "group_name": "",
                "host_id": "",
                "host_resource_group_arn": "",
                "partition_number": 0,
                "spread_domain": "",
                "tenancy": ""
              }
            ],
            "private_dns_name_options": [],
            "ram_disk_id": "",
            "security_group_names": null,
            "tag_specifications": [
              {
                "resource_type": "instance",
                "tags": {
                  "Billing-Account": "571207880192",
                  "Enviroment": "production",
                  "Managed-By": "Terraform",
                  "Name": "nginx-launch-template",
                  "Owner-Email": "jendydevops@gmail.com"
                }
              }
            ],
            "tags": null,
            "tags_all": {},
            "update_default_version": null,
            "user_data": "",
            "vpc_security_group_ids": [
              "sg-07c9053200a7c1061"
            ]
          },
          "sensitive_attributes": [],
          "private": "bnVsbA==",
          "dependencies": [
            "aws_iam_instance_profile.ip",
            "aws_iam_role.ec2_instance_role",
            "aws_security_group.nginx-sg",
            "aws_vpc.main"
          ],
          "create_before_destroy": true
        }
      ]
    },
    {
      "mode": "managed",
      "type": "aws_launch_template",
      "name": "tooling-launch-template",
      "provider": "provider[\"registry.terraform.io/hashicorp/aws\"]",
      "instances": [
        {
          "schema_version": 0,
          "attributes": {
            "arn": "arn:aws:ec2:us-east-1:571207880192:launch-template/lt-050b573c421f2630d",
            "block_device_mappings": [],
            "capacity_reservation_specification": [],
            "cpu_options": [],
            "credit_specification": [],
            "default_version": 1,
            "description": "",
            "disable_api_stop": false,
            "disable_api_termination": false,
            "ebs_optimized": "",
            "elastic_gpu_specifications": [],
            "elastic_inference_accelerator": [],
            "enclave_options": [],
            "hibernation_options": [],
            "iam_instance_profile": [
              {
                "arn": "",
                "name": "aws_instance_profile_test"
              }
            ],
            "id": "lt-050b573c421f2630d",
            "image_id": "ami-06640050dc3f556bb",
            "instance_initiated_shutdown_behavior": "",
            "instance_market_options": [],
            "instance_requirements": [],
            "instance_type": "t2.micro",
            "kernel_id": "",
            "key_name": "Darey-AWS",
            "latest_version": 1,
            "license_specification": [],
            "maintenance_options": [],
            "metadata_options": [],
            "monitoring": [],
            "name": "terraform-20230815174417484700000006",
            "name_prefix": "terraform-",
            "network_interfaces": [],
            "placement": [
              {
                "affinity": "",
                "availability_zone": "random_shuffle.az_list.result",
                "group_name": "",
                "host_id": "",
                "host_resource_group_arn": "",
                "partition_number": 0,
                "spread_domain": "",
                "tenancy": ""
              }
            ],
            "private_dns_name_options": [],
            "ram_disk_id": "",
            "security_group_names": null,
            "tag_specifications": [
              {
                "resource_type": "instance",
                "tags": {
                  "Billing-Account": "571207880192",
                  "Enviroment": "production",
                  "Managed-By": "Terraform",
                  "Name": "tooling-launch-template",
                  "Owner-Email": "jendydevops@gmail.com"
                }
              }
            ],
            "tags": null,
            "tags_all": {},
            "update_default_version": null,
            "user_data": "",
            "vpc_security_group_ids": [
              "sg-0572ca550affa7c8c"
            ]
          },
          "sensitive_attributes": [],
          "private": "bnVsbA==",
          "dependencies": [
            "aws_iam_instance_profile.ip",
            "aws_iam_role.ec2_instance_role",
            "aws_security_group.webserver-sg",
            "aws_vpc.main"
          ],
          "create_before_destroy": true
        }
      ]
    },
    {
      "mode": "managed",
      "type": "aws_launch_template",
      "name": "wordpress-launch-template",
      "provider": "provider[\"registry.terraform.io/hashicorp/aws\"]",
      "instances": [
        {
          "schema_version": 0,
          "attributes": {
            "arn": "arn:aws:ec2:us-east-1:571207880192:launch-template/lt-0acd7e4b0f2ded3dd",
            "block_device_mappings": [],
            "capacity_reservation_specification": [],
            "cpu_options": [],
            "credit_specification": [],
            "default_version": 1,
            "description": "",
            "disable_api_stop": false,
            "disable_api_termination": false,
            "ebs_optimized": "",
            "elastic_gpu_specifications": [],
            "elastic_inference_accelerator": [],
            "enclave_options": [],
            "hibernation_options": [],
            "iam_instance_profile": [
              {
                "arn": "",
                "name": "aws_instance_profile_test"
              }
            ],
            "id": "lt-0acd7e4b0f2ded3dd",
            "image_id": "ami-06640050dc3f556bb",
            "instance_initiated_shutdown_behavior": "",
            "instance_market_options": [],
            "instance_requirements": [],
            "instance_type": "t2.micro",
            "kernel_id": "",
            "key_name": "Darey-AWS",
            "latest_version": 1,
            "license_specification": [],
            "maintenance_options": [],
            "metadata_options": [],
            "monitoring": [],
            "name": "terraform-20230815174417905400000008",
            "name_prefix": "terraform-",
            "network_interfaces": [],
            "placement": [
              {
                "affinity": "",
                "availability_zone": "random_shuffle.az_list.result",
                "group_name": "",
                "host_id": "",
                "host_resource_group_arn": "",
                "partition_number": 0,
                "spread_domain": "",
                "tenancy": ""
              }
            ],
            "private_dns_name_options": [],
            "ram_disk_id": "",
            "security_group_names": null,
            "tag_specifications": [
              {
                "resource_type": "instance",
                "tags": {
                  "Billing-Account": "571207880192",
                  "Enviroment": "production",
                  "Managed-By": "Terraform",
                  "Name": "wordpress-launch-template",
                  "Owner-Email": "jendydevops@gmail.com"
                }
              }
            ],
            "tags": null,
            "tags_all": {},
            "update_default_version": null,
            "user_data": "",
            "vpc_security_group_ids": [
              "sg-0572ca550affa7c8c"
            ]
          },
          "sensitive_attributes": [],
          "private": "bnVsbA==",
          "dependencies": [
            "aws_iam_instance_profile.ip",
            "aws_iam_role.ec2_instance_role",
            "aws_security_group.webserver-sg",
            "aws_vpc.main"
          ],
          "create_before_destroy": true
        }
      ]
    },
    {
      "mode": "managed",
      "type": "aws_lb",
      "name": "ext-alb",
      "provider": "provider[\"registry.terraform.io/hashicorp/aws\"]",
      "instances": [
        {
          "schema_version": 0,
          "attributes": {
            "access_logs": [
              {
                "bucket": "",
                "enabled": false,
                "prefix": ""
              }
            ],
            "arn": "arn:aws:elasticloadbalancing:us-east-1:571207880192:loadbalancer/app/ext-alb/5405b5049114cb71",
            "arn_suffix": "app/ext-alb/5405b5049114cb71",
            "customer_owned_ipv4_pool": "",
            "desync_mitigation_mode": "defensive",
            "dns_name": "ext-alb-1165176719.us-east-1.elb.amazonaws.com",
            "drop_invalid_header_fields": false,
            "enable_cross_zone_load_balancing": true,
            "enable_deletion_protection": false,
            "enable_http2": true,
            "enable_tls_version_and_cipher_suite_headers": false,
            "enable_waf_fail_open": false,
            "enable_xff_client_port": false,
            "id": "arn:aws:elasticloadbalancing:us-east-1:571207880192:loadbalancer/app/ext-alb/5405b5049114cb71",
            "idle_timeout": 60,
            "internal": false,
            "ip_address_type": "ipv4",
            "load_balancer_type": "application",
            "name": "ext-alb",
            "name_prefix": null,
            "preserve_host_header": false,
            "security_groups": [
              "sg-09496b099b7fbb423"
            ],
            "subnet_mapping": [
              {
                "allocation_id": "",
                "ipv6_address": "",
                "outpost_id": "",
                "private_ipv4_address": "",
                "subnet_id": "subnet-00f416e9031425387"
              },
              {
                "allocation_id": "",
                "ipv6_address": "",
                "outpost_id": "",
                "private_ipv4_address": "",
                "subnet_id": "subnet-05f4c5b4bbc7a6a6b"
              }
            ],
            "subnets": [
              "subnet-00f416e9031425387",
              "subnet-05f4c5b4bbc7a6a6b"
            ],
            "tags": {
              "Billing-Account": "571207880192",
              "Enviroment": "production",
              "Managed-By": "Terraform",
              "Name": "ACS-ext-alb",
              "Owner-Email": "jendydevops@gmail.com"
            },
            "tags_all": {
              "Billing-Account": "571207880192",
              "Enviroment": "production",
              "Managed-By": "Terraform",
              "Name": "ACS-ext-alb",
              "Owner-Email": "jendydevops@gmail.com"
            },
            "timeouts": null,
            "vpc_id": "vpc-058adb9ce39f277bf",
            "xff_header_processing_mode": "append",
            "zone_id": "Z35SXDOTRQ7X7K"
          },
          "sensitive_attributes": [],
          "private": "eyJlMmJmYjczMC1lY2FhLTExZTYtOGY4OC0zNDM2M2JjN2M0YzAiOnsiY3JlYXRlIjo2MDAwMDAwMDAwMDAsImRlbGV0ZSI6NjAwMDAwMDAwMDAwLCJ1cGRhdGUiOjYwMDAwMDAwMDAwMH19",
          "dependencies": [
            "aws_security_group.ext-alb-sg",
            "aws_subnet.public",
            "aws_vpc.main",
            "data.aws_availability_zones.available"
          ]
        }
      ]
    },
    {
      "mode": "managed",
      "type": "aws_lb",
      "name": "ialb",
      "provider": "provider[\"registry.terraform.io/hashicorp/aws\"]",
      "instances": [
        {
          "schema_version": 0,
          "attributes": {
            "access_logs": [
              {
                "bucket": "",
                "enabled": false,
                "prefix": ""
              }
            ],
            "arn": "arn:aws:elasticloadbalancing:us-east-1:571207880192:loadbalancer/app/ialb/8c692475c68dc689",
            "arn_suffix": "app/ialb/8c692475c68dc689",
            "customer_owned_ipv4_pool": "",
            "desync_mitigation_mode": "defensive",
            "dns_name": "internal-ialb-1731494897.us-east-1.elb.amazonaws.com",
            "drop_invalid_header_fields": false,
            "enable_cross_zone_load_balancing": true,
            "enable_deletion_protection": false,
            "enable_http2": true,
            "enable_tls_version_and_cipher_suite_headers": false,
            "enable_waf_fail_open": false,
            "enable_xff_client_port": false,
            "id": "arn:aws:elasticloadbalancing:us-east-1:571207880192:loadbalancer/app/ialb/8c692475c68dc689",
            "idle_timeout": 60,
            "internal": true,
            "ip_address_type": "ipv4",
            "load_balancer_type": "application",
            "name": "ialb",
            "name_prefix": null,
            "preserve_host_header": false,
            "security_groups": [
              "sg-0e06be78eddfee239"
            ],
            "subnet_mapping": [
              {
                "allocation_id": "",
                "ipv6_address": "",
                "outpost_id": "",
                "private_ipv4_address": "",
                "subnet_id": "subnet-0b7c3736307826624"
              },
              {
                "allocation_id": "",
                "ipv6_address": "",
                "outpost_id": "",
                "private_ipv4_address": "",
                "subnet_id": "subnet-0c47f19650a3fcd25"
              }
            ],
            "subnets": [
              "subnet-0b7c3736307826624",
              "subnet-0c47f19650a3fcd25"
            ],
            "tags": {
              "Billing-Account": "571207880192",
              "Enviroment": "production",
              "Managed-By": "Terraform",
              "Name": "ACS-int-alb",
              "Owner-Email": "jendydevops@gmail.com"
            },
            "tags_all": {
              "Billing-Account": "571207880192",
              "Enviroment": "production",
              "Managed-By": "Terraform",
              "Name": "ACS-int-alb",
              "Owner-Email": "jendydevops@gmail.com"
            },
            "timeouts": null,
            "vpc_id": "vpc-058adb9ce39f277bf",
            "xff_header_processing_mode": "append",
            "zone_id": "Z35SXDOTRQ7X7K"
          },
          "sensitive_attributes": [],
          "private": "eyJlMmJmYjczMC1lY2FhLTExZTYtOGY4OC0zNDM2M2JjN2M0YzAiOnsiY3JlYXRlIjo2MDAwMDAwMDAwMDAsImRlbGV0ZSI6NjAwMDAwMDAwMDAwLCJ1cGRhdGUiOjYwMDAwMDAwMDAwMH19",
          "dependencies": [
            "aws_security_group.int-alb-sg",
            "aws_subnet.private",
            "aws_vpc.main",
            "data.aws_availability_zones.available"
          ]
        }
      ]
    },
    {
      "mode": "managed",
      "type": "aws_lb_listener",
      "name": "nginx-listner",
      "provider": "provider[\"registry.terraform.io/hashicorp/aws\"]",
      "instances": [
        {
          "schema_version": 0,
          "attributes": {
            "alpn_policy": null,
            "arn": "arn:aws:elasticloadbalancing:us-east-1:571207880192:listener/app/ext-alb/5405b5049114cb71/ab36e71f9eef38a3",
            "certificate_arn": "arn:aws:acm:us-east-1:571207880192:certificate/65a8cfa7-0e8c-46fe-b03c-98fbcf88b93f",
            "default_action": [
              {
                "authenticate_cognito": [],
                "authenticate_oidc": [],
                "fixed_response": [],
                "forward": [],
                "order": 1,
                "redirect": [],
                "target_group_arn": "arn:aws:elasticloadbalancing:us-east-1:571207880192:targetgroup/nginx-tgt/a58fd4e611200292",
                "type": "forward"
              }
            ],
            "id": "arn:aws:elasticloadbalancing:us-east-1:571207880192:listener/app/ext-alb/5405b5049114cb71/ab36e71f9eef38a3",
            "load_balancer_arn": "arn:aws:elasticloadbalancing:us-east-1:571207880192:loadbalancer/app/ext-alb/5405b5049114cb71",
            "port": 443,
            "protocol": "HTTPS",
            "ssl_policy": "ELBSecurityPolicy-2016-08",
            "tags": null,
            "tags_all": {},
            "timeouts": null
          },
          "sensitive_attributes": [],
          "private": "eyJlMmJmYjczMC1lY2FhLTExZTYtOGY4OC0zNDM2M2JjN2M0YzAiOnsicmVhZCI6NjAwMDAwMDAwMDAwfX0=",
          "dependencies": [
            "aws_acm_certificate.jendyjasper",
            "aws_acm_certificate_validation.jendyjasper",
            "aws_lb.ext-alb",
            "aws_lb_target_group.nginx-tgt",
            "aws_route53_record.jendyjasper",
            "aws_security_group.ext-alb-sg",
            "aws_subnet.public",
            "aws_vpc.main",
            "data.aws_availability_zones.available",
            "data.aws_route53_zone.jendyjasper"
          ]
        }
      ]
    },
    {
      "mode": "managed",
      "type": "aws_lb_listener",
      "name": "web-listener",
      "provider": "provider[\"registry.terraform.io/hashicorp/aws\"]",
      "instances": [
        {
          "schema_version": 0,
          "attributes": {
            "alpn_policy": null,
            "arn": "arn:aws:elasticloadbalancing:us-east-1:571207880192:listener/app/ialb/8c692475c68dc689/ecab99e8632312e3",
            "certificate_arn": "arn:aws:acm:us-east-1:571207880192:certificate/65a8cfa7-0e8c-46fe-b03c-98fbcf88b93f",
            "default_action": [
              {
                "authenticate_cognito": [],
                "authenticate_oidc": [],
                "fixed_response": [],
                "forward": [],
                "order": 1,
                "redirect": [],
                "target_group_arn": "arn:aws:elasticloadbalancing:us-east-1:571207880192:targetgroup/wordpress-tgt/ca2ff2ed869fe482",
                "type": "forward"
              }
            ],
            "id": "arn:aws:elasticloadbalancing:us-east-1:571207880192:listener/app/ialb/8c692475c68dc689/ecab99e8632312e3",
            "load_balancer_arn": "arn:aws:elasticloadbalancing:us-east-1:571207880192:loadbalancer/app/ialb/8c692475c68dc689",
            "port": 443,
            "protocol": "HTTPS",
            "ssl_policy": "ELBSecurityPolicy-2016-08",
            "tags": null,
            "tags_all": {},
            "timeouts": null
          },
          "sensitive_attributes": [],
          "private": "eyJlMmJmYjczMC1lY2FhLTExZTYtOGY4OC0zNDM2M2JjN2M0YzAiOnsicmVhZCI6NjAwMDAwMDAwMDAwfX0=",
          "dependencies": [
            "aws_acm_certificate.jendyjasper",
            "aws_acm_certificate_validation.jendyjasper",
            "aws_lb.ialb",
            "aws_lb_target_group.wordpress-tgt",
            "aws_route53_record.jendyjasper",
            "aws_security_group.int-alb-sg",
            "aws_subnet.private",
            "aws_vpc.main",
            "data.aws_availability_zones.available",
            "data.aws_route53_zone.jendyjasper"
          ]
        }
      ]
    },
    {
      "mode": "managed",
      "type": "aws_lb_listener_rule",
      "name": "tooling-listener",
      "provider": "provider[\"registry.terraform.io/hashicorp/aws\"]",
      "instances": [
        {
          "schema_version": 0,
          "attributes": {
            "action": [
              {
                "authenticate_cognito": [],
                "authenticate_oidc": [],
                "fixed_response": [],
                "forward": [],
                "order": 1,
                "redirect": [],
                "target_group_arn": "arn:aws:elasticloadbalancing:us-east-1:571207880192:targetgroup/tooling-tgt/387cd5f54f3eacb7",
                "type": "forward"
              }
            ],
            "arn": "arn:aws:elasticloadbalancing:us-east-1:571207880192:listener-rule/app/ialb/8c692475c68dc689/ecab99e8632312e3/cfcbf0422678421a",
            "condition": [
              {
                "host_header": [
                  {
                    "values": [
                      "tooling.jendyjasper.com"
                    ]
                  }
                ],
                "http_header": [],
                "http_request_method": [],
                "path_pattern": [],
                "query_string": [],
                "source_ip": []
              }
            ],
            "id": "arn:aws:elasticloadbalancing:us-east-1:571207880192:listener-rule/app/ialb/8c692475c68dc689/ecab99e8632312e3/cfcbf0422678421a",
            "listener_arn": "arn:aws:elasticloadbalancing:us-east-1:571207880192:listener/app/ialb/8c692475c68dc689/ecab99e8632312e3",
            "priority": 99,
            "tags": null,
            "tags_all": {}
          },
          "sensitive_attributes": [],
          "private": "bnVsbA==",
          "dependencies": [
            "aws_acm_certificate.jendyjasper",
            "aws_acm_certificate_validation.jendyjasper",
            "aws_lb.ialb",
            "aws_lb_listener.web-listener",
            "aws_lb_target_group.tooling-tgt",
            "aws_lb_target_group.wordpress-tgt",
            "aws_route53_record.jendyjasper",
            "aws_security_group.int-alb-sg",
            "aws_subnet.private",
            "aws_vpc.main",
            "data.aws_availability_zones.available",
            "data.aws_route53_zone.jendyjasper"
          ]
        }
      ]
    },
    {
      "mode": "managed",
      "type": "aws_lb_target_group",
      "name": "nginx-tgt",
      "provider": "provider[\"registry.terraform.io/hashicorp/aws\"]",
      "instances": [
        {
          "schema_version": 0,
          "attributes": {
            "arn": "arn:aws:elasticloadbalancing:us-east-1:571207880192:targetgroup/nginx-tgt/a58fd4e611200292",
            "arn_suffix": "targetgroup/nginx-tgt/a58fd4e611200292",
            "connection_termination": false,
            "deregistration_delay": "300",
            "health_check": [
              {
                "enabled": true,
                "healthy_threshold": 5,
                "interval": 10,
                "matcher": "200",
                "path": "/healthstatus",
                "port": "traffic-port",
                "protocol": "HTTPS",
                "timeout": 5,
                "unhealthy_threshold": 2
              }
            ],
            "id": "arn:aws:elasticloadbalancing:us-east-1:571207880192:targetgroup/nginx-tgt/a58fd4e611200292",
            "ip_address_type": "ipv4",
            "lambda_multi_value_headers_enabled": false,
            "load_balancing_algorithm_type": "round_robin",
            "load_balancing_cross_zone_enabled": "use_load_balancer_configuration",
            "name": "nginx-tgt",
            "name_prefix": null,
            "port": 443,
            "preserve_client_ip": null,
            "protocol": "HTTPS",
            "protocol_version": "HTTP1",
            "proxy_protocol_v2": false,
            "slow_start": 0,
            "stickiness": [
              {
                "cookie_duration": 86400,
                "cookie_name": "",
                "enabled": false,
                "type": "lb_cookie"
              }
            ],
            "tags": null,
            "tags_all": {},
            "target_failover": [
              {
                "on_deregistration": null,
                "on_unhealthy": null
              }
            ],
            "target_type": "instance",
            "vpc_id": "vpc-058adb9ce39f277bf"
          },
          "sensitive_attributes": [],
          "private": "bnVsbA==",
          "dependencies": [
            "aws_vpc.main"
          ]
        }
      ]
    },
    {
      "mode": "managed",
      "type": "aws_lb_target_group",
      "name": "tooling-tgt",
      "provider": "provider[\"registry.terraform.io/hashicorp/aws\"]",
      "instances": [
        {
          "schema_version": 0,
          "attributes": {
            "arn": "arn:aws:elasticloadbalancing:us-east-1:571207880192:targetgroup/tooling-tgt/387cd5f54f3eacb7",
            "arn_suffix": "targetgroup/tooling-tgt/387cd5f54f3eacb7",
            "connection_termination": false,
            "deregistration_delay": "300",
            "health_check": [
              {
                "enabled": true,
                "healthy_threshold": 5,
                "interval": 10,
                "matcher": "200",
                "path": "/healthstatus",
                "port": "traffic-port",
                "protocol": "HTTPS",
                "timeout": 5,
                "unhealthy_threshold": 2
              }
            ],
            "id": "arn:aws:elasticloadbalancing:us-east-1:571207880192:targetgroup/tooling-tgt/387cd5f54f3eacb7",
            "ip_address_type": "ipv4",
            "lambda_multi_value_headers_enabled": false,
            "load_balancing_algorithm_type": "round_robin",
            "load_balancing_cross_zone_enabled": "use_load_balancer_configuration",
            "name": "tooling-tgt",
            "name_prefix": null,
            "port": 443,
            "preserve_client_ip": null,
            "protocol": "HTTPS",
            "protocol_version": "HTTP1",
            "proxy_protocol_v2": false,
            "slow_start": 0,
            "stickiness": [
              {
                "cookie_duration": 86400,
                "cookie_name": "",
                "enabled": false,
                "type": "lb_cookie"
              }
            ],
            "tags": null,
            "tags_all": {},
            "target_failover": [
              {
                "on_deregistration": null,
                "on_unhealthy": null
              }
            ],
            "target_type": "instance",
            "vpc_id": "vpc-058adb9ce39f277bf"
          },
          "sensitive_attributes": [],
          "private": "bnVsbA==",
          "dependencies": [
            "aws_vpc.main"
          ]
        }
      ]
    },
    {
      "mode": "managed",
      "type": "aws_lb_target_group",
      "name": "wordpress-tgt",
      "provider": "provider[\"registry.terraform.io/hashicorp/aws\"]",
      "instances": [
        {
          "schema_version": 0,
          "attributes": {
            "arn": "arn:aws:elasticloadbalancing:us-east-1:571207880192:targetgroup/wordpress-tgt/ca2ff2ed869fe482",
            "arn_suffix": "targetgroup/wordpress-tgt/ca2ff2ed869fe482",
            "connection_termination": false,
            "deregistration_delay": "300",
            "health_check": [
              {
                "enabled": true,
                "healthy_threshold": 5,
                "interval": 10,
                "matcher": "200",
                "path": "/healthstatus",
                "port": "traffic-port",
                "protocol": "HTTPS",
                "timeout": 5,
                "unhealthy_threshold": 2
              }
            ],
            "id": "arn:aws:elasticloadbalancing:us-east-1:571207880192:targetgroup/wordpress-tgt/ca2ff2ed869fe482",
            "ip_address_type": "ipv4",
            "lambda_multi_value_headers_enabled": false,
            "load_balancing_algorithm_type": "round_robin",
            "load_balancing_cross_zone_enabled": "use_load_balancer_configuration",
            "name": "wordpress-tgt",
            "name_prefix": null,
            "port": 443,
            "preserve_client_ip": null,
            "protocol": "HTTPS",
            "protocol_version": "HTTP1",
            "proxy_protocol_v2": false,
            "slow_start": 0,
            "stickiness": [
              {
                "cookie_duration": 86400,
                "cookie_name": "",
                "enabled": false,
                "type": "lb_cookie"
              }
            ],
            "tags": null,
            "tags_all": {},
            "target_failover": [
              {
                "on_deregistration": null,
                "on_unhealthy": null
              }
            ],
            "target_type": "instance",
            "vpc_id": "vpc-058adb9ce39f277bf"
          },
          "sensitive_attributes": [],
          "private": "bnVsbA==",
          "dependencies": [
            "aws_vpc.main"
          ]
        }
      ]
    },
    {
      "mode": "managed",
      "type": "aws_nat_gateway",
      "name": "nat",
      "provider": "provider[\"registry.terraform.io/hashicorp/aws\"]",
      "instances": [
        {
          "schema_version": 0,
          "attributes": {
            "allocation_id": "eipalloc-06be96e1f95c61356",
            "association_id": "eipassoc-023993fff4d250d86",
            "connectivity_type": "public",
            "id": "nat-00fe4968491e93048",
            "network_interface_id": "eni-0f32cdaf0c78bf95d",
            "private_ip": "172.16.0.174",
            "public_ip": "52.44.147.224",
            "secondary_allocation_ids": null,
            "secondary_private_ip_address_count": 0,
            "secondary_private_ip_addresses": [],
            "subnet_id": "subnet-00f416e9031425387",
            "tags": {
              "Billing-Account": "571207880192",
              "Enviroment": "production",
              "Managed-By": "Terraform",
              "Name": "aws vpc-Nat",
              "Owner-Email": "jendydevops@gmail.com"
            },
            "tags_all": {
              "Billing-Account": "571207880192",
              "Enviroment": "production",
              "Managed-By": "Terraform",
              "Name": "aws vpc-Nat",
              "Owner-Email": "jendydevops@gmail.com"
            },
            "timeouts": null
          },
          "sensitive_attributes": [],
          "private": "eyJlMmJmYjczMC1lY2FhLTExZTYtOGY4OC0zNDM2M2JjN2M0YzAiOnsiY3JlYXRlIjo2MDAwMDAwMDAwMDAsImRlbGV0ZSI6MTgwMDAwMDAwMDAwMCwidXBkYXRlIjo2MDAwMDAwMDAwMDB9fQ==",
          "dependencies": [
            "aws_eip.nat_eip",
            "aws_internet_gateway.ig",
            "aws_subnet.public",
            "aws_vpc.main",
            "data.aws_availability_zones.available"
          ]
        }
      ]
    },
    {
      "mode": "managed",
      "type": "aws_route",
      "name": "public-rtb-route",
      "provider": "provider[\"registry.terraform.io/hashicorp/aws\"]",
      "instances": [
        {
          "schema_version": 0,
          "attributes": {
            "carrier_gateway_id": "",
            "core_network_arn": "",
            "destination_cidr_block": "0.0.0.0/0",
            "destination_ipv6_cidr_block": "",
            "destination_prefix_list_id": "",
            "egress_only_gateway_id": "",
            "gateway_id": "igw-073dc28fb0fb4c69a",
            "id": "r-rtb-02c4fcf64b37eb4891080289494",
            "instance_id": "",
            "instance_owner_id": "",
            "local_gateway_id": "",
            "nat_gateway_id": "",
            "network_interface_id": "",
            "origin": "CreateRoute",
            "route_table_id": "rtb-02c4fcf64b37eb489",
            "state": "active",
            "timeouts": null,
            "transit_gateway_id": "",
            "vpc_endpoint_id": "",
            "vpc_peering_connection_id": ""
          },
          "sensitive_attributes": [],
          "private": "eyJlMmJmYjczMC1lY2FhLTExZTYtOGY4OC0zNDM2M2JjN2M0YzAiOnsiY3JlYXRlIjozMDAwMDAwMDAwMDAsImRlbGV0ZSI6MzAwMDAwMDAwMDAwLCJ1cGRhdGUiOjEyMDAwMDAwMDAwMH19",
          "dependencies": [
            "aws_internet_gateway.ig",
            "aws_route_table.public-rtb",
            "aws_vpc.main"
          ]
        }
      ]
    },
    {
      "mode": "managed",
      "type": "aws_route53_record",
      "name": "jendyjasper",
      "provider": "provider[\"registry.terraform.io/hashicorp/aws\"]",
      "instances": [
        {
          "index_key": "*.jendyjasper.com",
          "schema_version": 2,
          "attributes": {
            "alias": [],
            "allow_overwrite": true,
            "cidr_routing_policy": [],
            "failover_routing_policy": [],
            "fqdn": "_07b510157d642e36557aee3a58b8980f.jendyjasper.com",
            "geolocation_routing_policy": [],
            "health_check_id": "",
            "id": "Z07196322SM2KABU84T85__07b510157d642e36557aee3a58b8980f.jendyjasper.com._CNAME",
            "latency_routing_policy": [],
            "multivalue_answer_routing_policy": false,
            "name": "_07b510157d642e36557aee3a58b8980f.jendyjasper.com",
            "records": [
              "_bf7d60d432e866ee78212fc37e0eb8a3.zxstmrtdtf.acm-validations.aws."
            ],
            "set_identifier": "",
            "ttl": 60,
            "type": "CNAME",
            "weighted_routing_policy": [],
            "zone_id": "Z07196322SM2KABU84T85"
          },
          "sensitive_attributes": [],
          "private": "eyJzY2hlbWFfdmVyc2lvbiI6IjIifQ==",
          "dependencies": [
            "aws_acm_certificate.jendyjasper",
            "data.aws_route53_zone.jendyjasper"
          ]
        }
      ]
    },
    {
      "mode": "managed",
      "type": "aws_route53_record",
      "name": "tooling",
      "provider": "provider[\"registry.terraform.io/hashicorp/aws\"]",
      "instances": [
        {
          "schema_version": 2,
          "attributes": {
            "alias": [
              {
                "evaluate_target_health": true,
                "name": "ext-alb-1165176719.us-east-1.elb.amazonaws.com",
                "zone_id": "Z35SXDOTRQ7X7K"
              }
            ],
            "allow_overwrite": null,
            "cidr_routing_policy": [],
            "failover_routing_policy": [],
            "fqdn": "tooling.jendyjasper.com",
            "geolocation_routing_policy": [],
            "health_check_id": "",
            "id": "Z07196322SM2KABU84T85_tooling.jendyjasper.com_A",
            "latency_routing_policy": [],
            "multivalue_answer_routing_policy": false,
            "name": "tooling.jendyjasper.com",
            "records": null,
            "set_identifier": "",
            "ttl": 0,
            "type": "A",
            "weighted_routing_policy": [],
            "zone_id": "Z07196322SM2KABU84T85"
          },
          "sensitive_attributes": [],
          "private": "eyJzY2hlbWFfdmVyc2lvbiI6IjIifQ==",
          "dependencies": [
            "aws_lb.ext-alb",
            "aws_security_group.ext-alb-sg",
            "aws_subnet.public",
            "aws_vpc.main",
            "data.aws_availability_zones.available",
            "data.aws_route53_zone.jendyjasper"
          ]
        }
      ]
    },
    {
      "mode": "managed",
      "type": "aws_route53_record",
      "name": "wordpress",
      "provider": "provider[\"registry.terraform.io/hashicorp/aws\"]",
      "instances": [
        {
          "schema_version": 2,
          "attributes": {
            "alias": [
              {
                "evaluate_target_health": true,
                "name": "ext-alb-1165176719.us-east-1.elb.amazonaws.com",
                "zone_id": "Z35SXDOTRQ7X7K"
              }
            ],
            "allow_overwrite": null,
            "cidr_routing_policy": [],
            "failover_routing_policy": [],
            "fqdn": "wordpress.jendyjasper.com",
            "geolocation_routing_policy": [],
            "health_check_id": "",
            "id": "Z07196322SM2KABU84T85_wordpress.jendyjasper.com_A",
            "latency_routing_policy": [],
            "multivalue_answer_routing_policy": false,
            "name": "wordpress.jendyjasper.com",
            "records": null,
            "set_identifier": "",
            "ttl": 0,
            "type": "A",
            "weighted_routing_policy": [],
            "zone_id": "Z07196322SM2KABU84T85"
          },
          "sensitive_attributes": [],
          "private": "eyJzY2hlbWFfdmVyc2lvbiI6IjIifQ==",
          "dependencies": [
            "aws_lb.ext-alb",
            "aws_security_group.ext-alb-sg",
            "aws_subnet.public",
            "aws_vpc.main",
            "data.aws_availability_zones.available",
            "data.aws_route53_zone.jendyjasper"
          ]
        }
      ]
    },
    {
      "mode": "managed",
      "type": "aws_route_table",
      "name": "private-rtb",
      "provider": "provider[\"registry.terraform.io/hashicorp/aws\"]",
      "instances": [
        {
          "schema_version": 0,
          "attributes": {
            "arn": "arn:aws:ec2:us-east-1:571207880192:route-table/rtb-04e781ef93358ef0f",
            "id": "rtb-04e781ef93358ef0f",
            "owner_id": "571207880192",
            "propagating_vgws": [],
            "route": [],
            "tags": {
              "Billing-Account": "571207880192",
              "Enviroment": "production",
              "Managed-By": "Terraform",
              "Name": "aws vpc-Private-Route-Table",
              "Owner-Email": "jendydevops@gmail.com"
            },
            "tags_all": {
              "Billing-Account": "571207880192",
              "Enviroment": "production",
              "Managed-By": "Terraform",
              "Name": "aws vpc-Private-Route-Table",
              "Owner-Email": "jendydevops@gmail.com"
            },
            "timeouts": null,
            "vpc_id": "vpc-058adb9ce39f277bf"
          },
          "sensitive_attributes": [],
          "private": "eyJlMmJmYjczMC1lY2FhLTExZTYtOGY4OC0zNDM2M2JjN2M0YzAiOnsiY3JlYXRlIjozMDAwMDAwMDAwMDAsImRlbGV0ZSI6MzAwMDAwMDAwMDAwLCJ1cGRhdGUiOjEyMDAwMDAwMDAwMH19",
          "dependencies": [
            "aws_vpc.main"
          ]
        }
      ]
    },
    {
      "mode": "managed",
      "type": "aws_route_table",
      "name": "public-rtb",
      "provider": "provider[\"registry.terraform.io/hashicorp/aws\"]",
      "instances": [
        {
          "schema_version": 0,
          "attributes": {
            "arn": "arn:aws:ec2:us-east-1:571207880192:route-table/rtb-02c4fcf64b37eb489",
            "id": "rtb-02c4fcf64b37eb489",
            "owner_id": "571207880192",
            "propagating_vgws": [],
            "route": [],
            "tags": {
              "Billing-Account": "571207880192",
              "Enviroment": "production",
              "Managed-By": "Terraform",
              "Name": "aws vpc-Public-Route-Table",
              "Owner-Email": "jendydevops@gmail.com"
            },
            "tags_all": {
              "Billing-Account": "571207880192",
              "Enviroment": "production",
              "Managed-By": "Terraform",
              "Name": "aws vpc-Public-Route-Table",
              "Owner-Email": "jendydevops@gmail.com"
            },
            "timeouts": null,
            "vpc_id": "vpc-058adb9ce39f277bf"
          },
          "sensitive_attributes": [],
          "private": "eyJlMmJmYjczMC1lY2FhLTExZTYtOGY4OC0zNDM2M2JjN2M0YzAiOnsiY3JlYXRlIjozMDAwMDAwMDAwMDAsImRlbGV0ZSI6MzAwMDAwMDAwMDAwLCJ1cGRhdGUiOjEyMDAwMDAwMDAwMH19",
          "dependencies": [
            "aws_vpc.main"
          ]
        }
      ]
    },
    {
      "mode": "managed",
      "type": "aws_route_table_association",
      "name": "private-subnets-assoc",
      "provider": "provider[\"registry.terraform.io/hashicorp/aws\"]",
      "instances": [
        {
          "index_key": 0,
          "schema_version": 0,
          "attributes": {
            "gateway_id": "",
            "id": "rtbassoc-06a782d50c701a313",
            "route_table_id": "rtb-04e781ef93358ef0f",
            "subnet_id": "subnet-0c47f19650a3fcd25",
            "timeouts": null
          },
          "sensitive_attributes": [],
          "private": "eyJlMmJmYjczMC1lY2FhLTExZTYtOGY4OC0zNDM2M2JjN2M0YzAiOnsiY3JlYXRlIjozMDAwMDAwMDAwMDAsImRlbGV0ZSI6MzAwMDAwMDAwMDAwLCJ1cGRhdGUiOjEyMDAwMDAwMDAwMH19",
          "dependencies": [
            "aws_route_table.private-rtb",
            "aws_subnet.private",
            "aws_vpc.main",
            "data.aws_availability_zones.available"
          ]
        },
        {
          "index_key": 1,
          "schema_version": 0,
          "attributes": {
            "gateway_id": "",
            "id": "rtbassoc-06d0756ea105b55a5",
            "route_table_id": "rtb-04e781ef93358ef0f",
            "subnet_id": "subnet-0b7c3736307826624",
            "timeouts": null
          },
          "sensitive_attributes": [],
          "private": "eyJlMmJmYjczMC1lY2FhLTExZTYtOGY4OC0zNDM2M2JjN2M0YzAiOnsiY3JlYXRlIjozMDAwMDAwMDAwMDAsImRlbGV0ZSI6MzAwMDAwMDAwMDAwLCJ1cGRhdGUiOjEyMDAwMDAwMDAwMH19",
          "dependencies": [
            "aws_route_table.private-rtb",
            "aws_subnet.private",
            "aws_vpc.main",
            "data.aws_availability_zones.available"
          ]
        },
        {
          "index_key": 2,
          "schema_version": 0,
          "attributes": {
            "gateway_id": "",
            "id": "rtbassoc-08f19da537a995b5f",
            "route_table_id": "rtb-04e781ef93358ef0f",
            "subnet_id": "subnet-0eb0c56de5d6849aa",
            "timeouts": null
          },
          "sensitive_attributes": [],
          "private": "eyJlMmJmYjczMC1lY2FhLTExZTYtOGY4OC0zNDM2M2JjN2M0YzAiOnsiY3JlYXRlIjozMDAwMDAwMDAwMDAsImRlbGV0ZSI6MzAwMDAwMDAwMDAwLCJ1cGRhdGUiOjEyMDAwMDAwMDAwMH19",
          "dependencies": [
            "aws_route_table.private-rtb",
            "aws_subnet.private",
            "aws_vpc.main",
            "data.aws_availability_zones.available"
          ]
        },
        {
          "index_key": 3,
          "schema_version": 0,
          "attributes": {
            "gateway_id": "",
            "id": "rtbassoc-0b09919364542d73a",
            "route_table_id": "rtb-04e781ef93358ef0f",
            "subnet_id": "subnet-0ddad4f1d50aeb080",
            "timeouts": null
          },
          "sensitive_attributes": [],
          "private": "eyJlMmJmYjczMC1lY2FhLTExZTYtOGY4OC0zNDM2M2JjN2M0YzAiOnsiY3JlYXRlIjozMDAwMDAwMDAwMDAsImRlbGV0ZSI6MzAwMDAwMDAwMDAwLCJ1cGRhdGUiOjEyMDAwMDAwMDAwMH19",
          "dependencies": [
            "aws_route_table.private-rtb",
            "aws_subnet.private",
            "aws_vpc.main",
            "data.aws_availability_zones.available"
          ]
        }
      ]
    },
    {
      "mode": "managed",
      "type": "aws_route_table_association",
      "name": "public-subnets-assoc",
      "provider": "provider[\"registry.terraform.io/hashicorp/aws\"]",
      "instances": [
        {
          "index_key": 0,
          "schema_version": 0,
          "attributes": {
            "gateway_id": "",
            "id": "rtbassoc-0d591d0f2cdd898ab",
            "route_table_id": "rtb-02c4fcf64b37eb489",
            "subnet_id": "subnet-00f416e9031425387",
            "timeouts": null
          },
          "sensitive_attributes": [],
          "private": "eyJlMmJmYjczMC1lY2FhLTExZTYtOGY4OC0zNDM2M2JjN2M0YzAiOnsiY3JlYXRlIjozMDAwMDAwMDAwMDAsImRlbGV0ZSI6MzAwMDAwMDAwMDAwLCJ1cGRhdGUiOjEyMDAwMDAwMDAwMH19",
          "dependencies": [
            "aws_route_table.public-rtb",
            "aws_subnet.public",
            "aws_vpc.main",
            "data.aws_availability_zones.available"
          ]
        },
        {
          "index_key": 1,
          "schema_version": 0,
          "attributes": {
            "gateway_id": "",
            "id": "rtbassoc-0197a342cc17a5c07",
            "route_table_id": "rtb-02c4fcf64b37eb489",
            "subnet_id": "subnet-05f4c5b4bbc7a6a6b",
            "timeouts": null
          },
          "sensitive_attributes": [],
          "private": "eyJlMmJmYjczMC1lY2FhLTExZTYtOGY4OC0zNDM2M2JjN2M0YzAiOnsiY3JlYXRlIjozMDAwMDAwMDAwMDAsImRlbGV0ZSI6MzAwMDAwMDAwMDAwLCJ1cGRhdGUiOjEyMDAwMDAwMDAwMH19",
          "dependencies": [
            "aws_route_table.public-rtb",
            "aws_subnet.public",
            "aws_vpc.main",
            "data.aws_availability_zones.available"
          ]
        }
      ]
    },
    {
      "mode": "managed",
      "type": "aws_security_group",
      "name": "bastion_sg",
      "provider": "provider[\"registry.terraform.io/hashicorp/aws\"]",
      "instances": [
        {
          "schema_version": 1,
          "attributes": {
            "arn": "arn:aws:ec2:us-east-1:571207880192:security-group/sg-0f237242bf58d0681",
            "description": "Allow incoming HTTP connections.",
            "egress": [
              {
                "cidr_blocks": [
                  "0.0.0.0/0"
                ],
                "description": "",
                "from_port": 0,
                "ipv6_cidr_blocks": [],
                "prefix_list_ids": [],
                "protocol": "-1",
                "security_groups": [],
                "self": false,
                "to_port": 0
              }
            ],
            "id": "sg-0f237242bf58d0681",
            "ingress": [
              {
                "cidr_blocks": [
                  "0.0.0.0/0"
                ],
                "description": "SSH",
                "from_port": 22,
                "ipv6_cidr_blocks": [],
                "prefix_list_ids": [],
                "protocol": "tcp",
                "security_groups": [],
                "self": false,
                "to_port": 22
              }
            ],
            "name": "vpc_web_sg",
            "name_prefix": "",
            "owner_id": "571207880192",
            "revoke_rules_on_delete": false,
            "tags": {
              "Billing-Account": "571207880192",
              "Enviroment": "production",
              "Managed-By": "Terraform",
              "Name": "Bastion-SG",
              "Owner-Email": "jendydevops@gmail.com"
            },
            "tags_all": {
              "Billing-Account": "571207880192",
              "Enviroment": "production",
              "Managed-By": "Terraform",
              "Name": "Bastion-SG",
              "Owner-Email": "jendydevops@gmail.com"
            },
            "timeouts": null,
            "vpc_id": "vpc-058adb9ce39f277bf"
          },
          "sensitive_attributes": [],
          "private": "eyJlMmJmYjczMC1lY2FhLTExZTYtOGY4OC0zNDM2M2JjN2M0YzAiOnsiY3JlYXRlIjo2MDAwMDAwMDAwMDAsImRlbGV0ZSI6OTAwMDAwMDAwMDAwfSwic2NoZW1hX3ZlcnNpb24iOiIxIn0=",
          "dependencies": [
            "aws_vpc.main"
          ],
          "create_before_destroy": true
        }
      ]
    },
    {
      "mode": "managed",
      "type": "aws_security_group",
      "name": "datalayer-sg",
      "provider": "provider[\"registry.terraform.io/hashicorp/aws\"]",
      "instances": [
        {
          "schema_version": 1,
          "attributes": {
            "arn": "arn:aws:ec2:us-east-1:571207880192:security-group/sg-0e1604dc7e6dd6b9d",
            "description": "Managed by Terraform",
            "egress": [
              {
                "cidr_blocks": [
                  "0.0.0.0/0"
                ],
                "description": "",
                "from_port": 0,
                "ipv6_cidr_blocks": [],
                "prefix_list_ids": [],
                "protocol": "-1",
                "security_groups": [],
                "self": false,
                "to_port": 0
              }
            ],
            "id": "sg-0e1604dc7e6dd6b9d",
            "ingress": [],
            "name": "datalayer-sg",
            "name_prefix": "",
            "owner_id": "571207880192",
            "revoke_rules_on_delete": false,
            "tags": {
              "Billing-Account": "571207880192",
              "Enviroment": "production",
              "Managed-By": "Terraform",
              "Name": "datalayer-sg",
              "Owner-Email": "jendydevops@gmail.com"
            },
            "tags_all": {
              "Billing-Account": "571207880192",
              "Enviroment": "production",
              "Managed-By": "Terraform",
              "Name": "datalayer-sg",
              "Owner-Email": "jendydevops@gmail.com"
            },
            "timeouts": null,
            "vpc_id": "vpc-058adb9ce39f277bf"
          },
          "sensitive_attributes": [],
          "private": "eyJlMmJmYjczMC1lY2FhLTExZTYtOGY4OC0zNDM2M2JjN2M0YzAiOnsiY3JlYXRlIjo2MDAwMDAwMDAwMDAsImRlbGV0ZSI6OTAwMDAwMDAwMDAwfSwic2NoZW1hX3ZlcnNpb24iOiIxIn0=",
          "dependencies": [
            "aws_vpc.main"
          ]
        }
      ]
    },
    {
      "mode": "managed",
      "type": "aws_security_group",
      "name": "ext-alb-sg",
      "provider": "provider[\"registry.terraform.io/hashicorp/aws\"]",
      "instances": [
        {
          "schema_version": 1,
          "attributes": {
            "arn": "arn:aws:ec2:us-east-1:571207880192:security-group/sg-09496b099b7fbb423",
            "description": "Allow TLS inbound traffic",
            "egress": [
              {
                "cidr_blocks": [
                  "0.0.0.0/0"
                ],
                "description": "",
                "from_port": 0,
                "ipv6_cidr_blocks": [],
                "prefix_list_ids": [],
                "protocol": "-1",
                "security_groups": [],
                "self": false,
                "to_port": 0
              }
            ],
            "id": "sg-09496b099b7fbb423",
            "ingress": [
              {
                "cidr_blocks": [
                  "0.0.0.0/0"
                ],
                "description": "HTTP",
                "from_port": 80,
                "ipv6_cidr_blocks": [],
                "prefix_list_ids": [],
                "protocol": "tcp",
                "security_groups": [],
                "self": false,
                "to_port": 80
              },
              {
                "cidr_blocks": [
                  "0.0.0.0/0"
                ],
                "description": "HTTPS",
                "from_port": 22,
                "ipv6_cidr_blocks": [],
                "prefix_list_ids": [],
                "protocol": "tcp",
                "security_groups": [],
                "self": false,
                "to_port": 22
              }
            ],
            "name": "ext-alb-sg",
            "name_prefix": "",
            "owner_id": "571207880192",
            "revoke_rules_on_delete": false,
            "tags": {
              "Billing-Account": "571207880192",
              "Enviroment": "production",
              "Managed-By": "Terraform",
              "Name": "ext-alb-sg",
              "Owner-Email": "jendydevops@gmail.com"
            },
            "tags_all": {
              "Billing-Account": "571207880192",
              "Enviroment": "production",
              "Managed-By": "Terraform",
              "Name": "ext-alb-sg",
              "Owner-Email": "jendydevops@gmail.com"
            },
            "timeouts": null,
            "vpc_id": "vpc-058adb9ce39f277bf"
          },
          "sensitive_attributes": [],
          "private": "eyJlMmJmYjczMC1lY2FhLTExZTYtOGY4OC0zNDM2M2JjN2M0YzAiOnsiY3JlYXRlIjo2MDAwMDAwMDAwMDAsImRlbGV0ZSI6OTAwMDAwMDAwMDAwfSwic2NoZW1hX3ZlcnNpb24iOiIxIn0=",
          "dependencies": [
            "aws_vpc.main"
          ]
        }
      ]
    },
    {
      "mode": "managed",
      "type": "aws_security_group",
      "name": "int-alb-sg",
      "provider": "provider[\"registry.terraform.io/hashicorp/aws\"]",
      "instances": [
        {
          "schema_version": 1,
          "attributes": {
            "arn": "arn:aws:ec2:us-east-1:571207880192:security-group/sg-0e06be78eddfee239",
            "description": "Managed by Terraform",
            "egress": [
              {
                "cidr_blocks": [
                  "0.0.0.0/0"
                ],
                "description": "",
                "from_port": 0,
                "ipv6_cidr_blocks": [],
                "prefix_list_ids": [],
                "protocol": "-1",
                "security_groups": [],
                "self": false,
                "to_port": 0
              }
            ],
            "id": "sg-0e06be78eddfee239",
            "ingress": [],
            "name": "my-alb-sg",
            "name_prefix": "",
            "owner_id": "571207880192",
            "revoke_rules_on_delete": false,
            "tags": {
              "Billing-Account": "571207880192",
              "Enviroment": "production",
              "Managed-By": "Terraform",
              "Name": "int-alb-sg",
              "Owner-Email": "jendydevops@gmail.com"
            },
            "tags_all": {
              "Billing-Account": "571207880192",
              "Enviroment": "production",
              "Managed-By": "Terraform",
              "Name": "int-alb-sg",
              "Owner-Email": "jendydevops@gmail.com"
            },
            "timeouts": null,
            "vpc_id": "vpc-058adb9ce39f277bf"
          },
          "sensitive_attributes": [],
          "private": "eyJlMmJmYjczMC1lY2FhLTExZTYtOGY4OC0zNDM2M2JjN2M0YzAiOnsiY3JlYXRlIjo2MDAwMDAwMDAwMDAsImRlbGV0ZSI6OTAwMDAwMDAwMDAwfSwic2NoZW1hX3ZlcnNpb24iOiIxIn0=",
          "dependencies": [
            "aws_vpc.main"
          ]
        }
      ]
    },
    {
      "mode": "managed",
      "type": "aws_security_group",
      "name": "nginx-sg",
      "provider": "provider[\"registry.terraform.io/hashicorp/aws\"]",
      "instances": [
        {
          "schema_version": 1,
          "attributes": {
            "arn": "arn:aws:ec2:us-east-1:571207880192:security-group/sg-07c9053200a7c1061",
            "description": "Managed by Terraform",
            "egress": [
              {
                "cidr_blocks": [
                  "0.0.0.0/0"
                ],
                "description": "",
                "from_port": 0,
                "ipv6_cidr_blocks": [],
                "prefix_list_ids": [],
                "protocol": "-1",
                "security_groups": [],
                "self": false,
                "to_port": 0
              }
            ],
            "id": "sg-07c9053200a7c1061",
            "ingress": [],
            "name": "nginx-sg",
            "name_prefix": "",
            "owner_id": "571207880192",
            "revoke_rules_on_delete": false,
            "tags": {
              "Billing-Account": "571207880192",
              "Enviroment": "production",
              "Managed-By": "Terraform",
              "Name": "nginx-SG",
              "Owner-Email": "jendydevops@gmail.com"
            },
            "tags_all": {
              "Billing-Account": "571207880192",
              "Enviroment": "production",
              "Managed-By": "Terraform",
              "Name": "nginx-SG",
              "Owner-Email": "jendydevops@gmail.com"
            },
            "timeouts": null,
            "vpc_id": "vpc-058adb9ce39f277bf"
          },
          "sensitive_attributes": [],
          "private": "eyJlMmJmYjczMC1lY2FhLTExZTYtOGY4OC0zNDM2M2JjN2M0YzAiOnsiY3JlYXRlIjo2MDAwMDAwMDAwMDAsImRlbGV0ZSI6OTAwMDAwMDAwMDAwfSwic2NoZW1hX3ZlcnNpb24iOiIxIn0=",
          "dependencies": [
            "aws_vpc.main"
          ],
          "create_before_destroy": true
        }
      ]
    },
    {
      "mode": "managed",
      "type": "aws_security_group",
      "name": "webserver-sg",
      "provider": "provider[\"registry.terraform.io/hashicorp/aws\"]",
      "instances": [
        {
          "schema_version": 1,
          "attributes": {
            "arn": "arn:aws:ec2:us-east-1:571207880192:security-group/sg-0572ca550affa7c8c",
            "description": "Managed by Terraform",
            "egress": [
              {
                "cidr_blocks": [
                  "0.0.0.0/0"
                ],
                "description": "",
                "from_port": 0,
                "ipv6_cidr_blocks": [],
                "prefix_list_ids": [],
                "protocol": "-1",
                "security_groups": [],
                "self": false,
                "to_port": 0
              }
            ],
            "id": "sg-0572ca550affa7c8c",
            "ingress": [],
            "name": "my-asg-sg",
            "name_prefix": "",
            "owner_id": "571207880192",
            "revoke_rules_on_delete": false,
            "tags": {
              "Billing-Account": "571207880192",
              "Enviroment": "production",
              "Managed-By": "Terraform",
              "Name": "webserver-sg",
              "Owner-Email": "jendydevops@gmail.com"
            },
            "tags_all": {
              "Billing-Account": "571207880192",
              "Enviroment": "production",
              "Managed-By": "Terraform",
              "Name": "webserver-sg",
              "Owner-Email": "jendydevops@gmail.com"
            },
            "timeouts": null,
            "vpc_id": "vpc-058adb9ce39f277bf"
          },
          "sensitive_attributes": [],
          "private": "eyJlMmJmYjczMC1lY2FhLTExZTYtOGY4OC0zNDM2M2JjN2M0YzAiOnsiY3JlYXRlIjo2MDAwMDAwMDAwMDAsImRlbGV0ZSI6OTAwMDAwMDAwMDAwfSwic2NoZW1hX3ZlcnNpb24iOiIxIn0=",
          "dependencies": [
            "aws_vpc.main"
          ],
          "create_before_destroy": true
        }
      ]
    },
    {
      "mode": "managed",
      "type": "aws_security_group_rule",
      "name": "inbound-bastion-ssh",
      "provider": "provider[\"registry.terraform.io/hashicorp/aws\"]",
      "instances": [
        {
          "schema_version": 2,
          "attributes": {
            "cidr_blocks": null,
            "description": null,
            "from_port": 22,
            "id": "sgrule-3237154617",
            "ipv6_cidr_blocks": null,
            "prefix_list_ids": null,
            "protocol": "tcp",
            "security_group_id": "sg-07c9053200a7c1061",
            "security_group_rule_id": "sgr-0b884fe0ff7eea964",
            "self": false,
            "source_security_group_id": "sg-0f237242bf58d0681",
            "timeouts": null,
            "to_port": 22,
            "type": "ingress"
          },
          "sensitive_attributes": [],
          "private": "eyJlMmJmYjczMC1lY2FhLTExZTYtOGY4OC0zNDM2M2JjN2M0YzAiOnsiY3JlYXRlIjozMDAwMDAwMDAwMDB9LCJzY2hlbWFfdmVyc2lvbiI6IjIifQ==",
          "dependencies": [
            "aws_security_group.bastion_sg",
            "aws_security_group.nginx-sg",
            "aws_vpc.main"
          ]
        }
      ]
    },
    {
      "mode": "managed",
      "type": "aws_security_group_rule",
      "name": "inbound-ialb-https",
      "provider": "provider[\"registry.terraform.io/hashicorp/aws\"]",
      "instances": [
        {
          "schema_version": 2,
          "attributes": {
            "cidr_blocks": null,
            "description": null,
            "from_port": 443,
            "id": "sgrule-3455834153",
            "ipv6_cidr_blocks": null,
            "prefix_list_ids": null,
            "protocol": "tcp",
            "security_group_id": "sg-0e06be78eddfee239",
            "security_group_rule_id": "sgr-0ba0148087bf3179f",
            "self": false,
            "source_security_group_id": "sg-07c9053200a7c1061",
            "timeouts": null,
            "to_port": 443,
            "type": "ingress"
          },
          "sensitive_attributes": [],
          "private": "eyJlMmJmYjczMC1lY2FhLTExZTYtOGY4OC0zNDM2M2JjN2M0YzAiOnsiY3JlYXRlIjozMDAwMDAwMDAwMDB9LCJzY2hlbWFfdmVyc2lvbiI6IjIifQ==",
          "dependencies": [
            "aws_security_group.int-alb-sg",
            "aws_security_group.nginx-sg",
            "aws_vpc.main"
          ]
        }
      ]
    },
    {
      "mode": "managed",
      "type": "aws_security_group_rule",
      "name": "inbound-mysql-bastion",
      "provider": "provider[\"registry.terraform.io/hashicorp/aws\"]",
      "instances": [
        {
          "schema_version": 2,
          "attributes": {
            "cidr_blocks": null,
            "description": null,
            "from_port": 3306,
            "id": "sgrule-2117355827",
            "ipv6_cidr_blocks": null,
            "prefix_list_ids": null,
            "protocol": "tcp",
            "security_group_id": "sg-0e1604dc7e6dd6b9d",
            "security_group_rule_id": "sgr-02b8616f2fc830450",
            "self": false,
            "source_security_group_id": "sg-0f237242bf58d0681",
            "timeouts": null,
            "to_port": 3306,
            "type": "ingress"
          },
          "sensitive_attributes": [],
          "private": "eyJlMmJmYjczMC1lY2FhLTExZTYtOGY4OC0zNDM2M2JjN2M0YzAiOnsiY3JlYXRlIjozMDAwMDAwMDAwMDB9LCJzY2hlbWFfdmVyc2lvbiI6IjIifQ==",
          "dependencies": [
            "aws_security_group.bastion_sg",
            "aws_security_group.datalayer-sg",
            "aws_vpc.main"
          ]
        }
      ]
    },
    {
      "mode": "managed",
      "type": "aws_security_group_rule",
      "name": "inbound-mysql-webserver",
      "provider": "provider[\"registry.terraform.io/hashicorp/aws\"]",
      "instances": [
        {
          "schema_version": 2,
          "attributes": {
            "cidr_blocks": null,
            "description": null,
            "from_port": 3306,
            "id": "sgrule-3041975432",
            "ipv6_cidr_blocks": null,
            "prefix_list_ids": null,
            "protocol": "tcp",
            "security_group_id": "sg-0e1604dc7e6dd6b9d",
            "security_group_rule_id": "sgr-06500d506b8e39f87",
            "self": false,
            "source_security_group_id": "sg-0572ca550affa7c8c",
            "timeouts": null,
            "to_port": 3306,
            "type": "ingress"
          },
          "sensitive_attributes": [],
          "private": "eyJlMmJmYjczMC1lY2FhLTExZTYtOGY4OC0zNDM2M2JjN2M0YzAiOnsiY3JlYXRlIjozMDAwMDAwMDAwMDB9LCJzY2hlbWFfdmVyc2lvbiI6IjIifQ==",
          "dependencies": [
            "aws_security_group.datalayer-sg",
            "aws_security_group.webserver-sg",
            "aws_vpc.main"
          ]
        }
      ]
    },
    {
      "mode": "managed",
      "type": "aws_security_group_rule",
      "name": "inbound-nfs-port",
      "provider": "provider[\"registry.terraform.io/hashicorp/aws\"]",
      "instances": [
        {
          "schema_version": 2,
          "attributes": {
            "cidr_blocks": null,
            "description": null,
            "from_port": 2049,
            "id": "sgrule-647384066",
            "ipv6_cidr_blocks": null,
            "prefix_list_ids": null,
            "protocol": "tcp",
            "security_group_id": "sg-0e1604dc7e6dd6b9d",
            "security_group_rule_id": "sgr-037dda0006a897886",
            "self": false,
            "source_security_group_id": "sg-0572ca550affa7c8c",
            "timeouts": null,
            "to_port": 2049,
            "type": "ingress"
          },
          "sensitive_attributes": [],
          "private": "eyJlMmJmYjczMC1lY2FhLTExZTYtOGY4OC0zNDM2M2JjN2M0YzAiOnsiY3JlYXRlIjozMDAwMDAwMDAwMDB9LCJzY2hlbWFfdmVyc2lvbiI6IjIifQ==",
          "dependencies": [
            "aws_security_group.datalayer-sg",
            "aws_security_group.webserver-sg",
            "aws_vpc.main"
          ]
        }
      ]
    },
    {
      "mode": "managed",
      "type": "aws_security_group_rule",
      "name": "inbound-nginx-http",
      "provider": "provider[\"registry.terraform.io/hashicorp/aws\"]",
      "instances": [
        {
          "schema_version": 2,
          "attributes": {
            "cidr_blocks": null,
            "description": null,
            "from_port": 443,
            "id": "sgrule-2719705718",
            "ipv6_cidr_blocks": null,
            "prefix_list_ids": null,
            "protocol": "tcp",
            "security_group_id": "sg-07c9053200a7c1061",
            "security_group_rule_id": "sgr-03ab10e3befcaef3c",
            "self": false,
            "source_security_group_id": "sg-09496b099b7fbb423",
            "timeouts": null,
            "to_port": 443,
            "type": "ingress"
          },
          "sensitive_attributes": [],
          "private": "eyJlMmJmYjczMC1lY2FhLTExZTYtOGY4OC0zNDM2M2JjN2M0YzAiOnsiY3JlYXRlIjozMDAwMDAwMDAwMDB9LCJzY2hlbWFfdmVyc2lvbiI6IjIifQ==",
          "dependencies": [
            "aws_security_group.ext-alb-sg",
            "aws_security_group.nginx-sg",
            "aws_vpc.main"
          ]
        }
      ]
    },
    {
      "mode": "managed",
      "type": "aws_security_group_rule",
      "name": "inbound-web-https",
      "provider": "provider[\"registry.terraform.io/hashicorp/aws\"]",
      "instances": [
        {
          "schema_version": 2,
          "attributes": {
            "cidr_blocks": null,
            "description": null,
            "from_port": 443,
            "id": "sgrule-3171018048",
            "ipv6_cidr_blocks": null,
            "prefix_list_ids": null,
            "protocol": "tcp",
            "security_group_id": "sg-0572ca550affa7c8c",
            "security_group_rule_id": "sgr-02a424d6bb098d4ec",
            "self": false,
            "source_security_group_id": "sg-0e06be78eddfee239",
            "timeouts": null,
            "to_port": 443,
            "type": "ingress"
          },
          "sensitive_attributes": [],
          "private": "eyJlMmJmYjczMC1lY2FhLTExZTYtOGY4OC0zNDM2M2JjN2M0YzAiOnsiY3JlYXRlIjozMDAwMDAwMDAwMDB9LCJzY2hlbWFfdmVyc2lvbiI6IjIifQ==",
          "dependencies": [
            "aws_security_group.int-alb-sg",
            "aws_security_group.webserver-sg",
            "aws_vpc.main"
          ]
        }
      ]
    },
    {
      "mode": "managed",
      "type": "aws_security_group_rule",
      "name": "inbound-web-ssh",
      "provider": "provider[\"registry.terraform.io/hashicorp/aws\"]",
      "instances": [
        {
          "schema_version": 2,
          "attributes": {
            "cidr_blocks": null,
            "description": null,
            "from_port": 22,
            "id": "sgrule-747010337",
            "ipv6_cidr_blocks": null,
            "prefix_list_ids": null,
            "protocol": "tcp",
            "security_group_id": "sg-0572ca550affa7c8c",
            "security_group_rule_id": "sgr-046a3603aba41ff76",
            "self": false,
            "source_security_group_id": "sg-0f237242bf58d0681",
            "timeouts": null,
            "to_port": 22,
            "type": "ingress"
          },
          "sensitive_attributes": [],
          "private": "eyJlMmJmYjczMC1lY2FhLTExZTYtOGY4OC0zNDM2M2JjN2M0YzAiOnsiY3JlYXRlIjozMDAwMDAwMDAwMDB9LCJzY2hlbWFfdmVyc2lvbiI6IjIifQ==",
          "dependencies": [
            "aws_security_group.bastion_sg",
            "aws_security_group.webserver-sg",
            "aws_vpc.main"
          ]
        }
      ]
    },
    {
      "mode": "managed",
      "type": "aws_sns_topic",
      "name": "jendy-sns",
      "provider": "provider[\"registry.terraform.io/hashicorp/aws\"]",
      "instances": [
        {
          "schema_version": 0,
          "attributes": {
            "application_failure_feedback_role_arn": "",
            "application_success_feedback_role_arn": "",
            "application_success_feedback_sample_rate": 0,
            "arn": "arn:aws:sns:us-east-1:571207880192:Default_CloudWatch_Alarms_Topic",
            "content_based_deduplication": false,
            "delivery_policy": "",
            "display_name": "",
            "fifo_topic": false,
            "firehose_failure_feedback_role_arn": "",
            "firehose_success_feedback_role_arn": "",
            "firehose_success_feedback_sample_rate": 0,
            "http_failure_feedback_role_arn": "",
            "http_success_feedback_role_arn": "",
            "http_success_feedback_sample_rate": 0,
            "id": "arn:aws:sns:us-east-1:571207880192:Default_CloudWatch_Alarms_Topic",
            "kms_master_key_id": "",
            "lambda_failure_feedback_role_arn": "",
            "lambda_success_feedback_role_arn": "",
            "lambda_success_feedback_sample_rate": 0,
            "name": "Default_CloudWatch_Alarms_Topic",
            "name_prefix": "",
            "owner": "571207880192",
            "policy": "{\"Id\":\"__default_policy_ID\",\"Statement\":[{\"Action\":[\"SNS:GetTopicAttributes\",\"SNS:SetTopicAttributes\",\"SNS:AddPermission\",\"SNS:RemovePermission\",\"SNS:DeleteTopic\",\"SNS:Subscribe\",\"SNS:ListSubscriptionsByTopic\",\"SNS:Publish\"],\"Condition\":{\"StringEquals\":{\"AWS:SourceOwner\":\"571207880192\"}},\"Effect\":\"Allow\",\"Principal\":{\"AWS\":\"*\"},\"Resource\":\"arn:aws:sns:us-east-1:571207880192:Default_CloudWatch_Alarms_Topic\",\"Sid\":\"__default_statement_ID\"}],\"Version\":\"2008-10-17\"}",
            "signature_version": 0,
            "sqs_failure_feedback_role_arn": "",
            "sqs_success_feedback_role_arn": "",
            "sqs_success_feedback_sample_rate": 0,
            "tags": null,
            "tags_all": {},
            "tracing_config": ""
          },
          "sensitive_attributes": [],
          "private": "bnVsbA=="
        }
      ]
    },
    {
      "mode": "managed",
      "type": "aws_subnet",
      "name": "private",
      "provider": "provider[\"registry.terraform.io/hashicorp/aws\"]",
      "instances": [
        {
          "index_key": 0,
          "schema_version": 1,
          "attributes": {
            "arn": "arn:aws:ec2:us-east-1:571207880192:subnet/subnet-0c47f19650a3fcd25",
            "assign_ipv6_address_on_creation": false,
            "availability_zone": "us-east-1a",
            "availability_zone_id": "use1-az4",
            "cidr_block": "172.16.2.0/24",
            "customer_owned_ipv4_pool": "",
            "enable_dns64": false,
            "enable_lni_at_device_index": 0,
            "enable_resource_name_dns_a_record_on_launch": false,
            "enable_resource_name_dns_aaaa_record_on_launch": false,
            "id": "subnet-0c47f19650a3fcd25",
            "ipv6_cidr_block": "",
            "ipv6_cidr_block_association_id": "",
            "ipv6_native": false,
            "map_customer_owned_ip_on_launch": false,
            "map_public_ip_on_launch": true,
            "outpost_arn": "",
            "owner_id": "571207880192",
            "private_dns_hostname_type_on_launch": "ip-name",
            "tags": {
              "Billing-Account": "571207880192",
              "Enviroment": "production",
              "Managed-By": "Terraform",
              "Name": "PrivateSubnet-1",
              "Owner-Email": "jendydevops@gmail.com"
            },
            "tags_all": {
              "Billing-Account": "571207880192",
              "Enviroment": "production",
              "Managed-By": "Terraform",
              "Name": "PrivateSubnet-1",
              "Owner-Email": "jendydevops@gmail.com"
            },
            "timeouts": null,
            "vpc_id": "vpc-058adb9ce39f277bf"
          },
          "sensitive_attributes": [],
          "private": "eyJlMmJmYjczMC1lY2FhLTExZTYtOGY4OC0zNDM2M2JjN2M0YzAiOnsiY3JlYXRlIjo2MDAwMDAwMDAwMDAsImRlbGV0ZSI6MTIwMDAwMDAwMDAwMH0sInNjaGVtYV92ZXJzaW9uIjoiMSJ9",
          "dependencies": [
            "aws_vpc.main",
            "data.aws_availability_zones.available"
          ]
        },
        {
          "index_key": 1,
          "schema_version": 1,
          "attributes": {
            "arn": "arn:aws:ec2:us-east-1:571207880192:subnet/subnet-0b7c3736307826624",
            "assign_ipv6_address_on_creation": false,
            "availability_zone": "us-east-1b",
            "availability_zone_id": "use1-az6",
            "cidr_block": "172.16.3.0/24",
            "customer_owned_ipv4_pool": "",
            "enable_dns64": false,
            "enable_lni_at_device_index": 0,
            "enable_resource_name_dns_a_record_on_launch": false,
            "enable_resource_name_dns_aaaa_record_on_launch": false,
            "id": "subnet-0b7c3736307826624",
            "ipv6_cidr_block": "",
            "ipv6_cidr_block_association_id": "",
            "ipv6_native": false,
            "map_customer_owned_ip_on_launch": false,
            "map_public_ip_on_launch": true,
            "outpost_arn": "",
            "owner_id": "571207880192",
            "private_dns_hostname_type_on_launch": "ip-name",
            "tags": {
              "Billing-Account": "571207880192",
              "Enviroment": "production",
              "Managed-By": "Terraform",
              "Name": "PrivateSubnet-2",
              "Owner-Email": "jendydevops@gmail.com"
            },
            "tags_all": {
              "Billing-Account": "571207880192",
              "Enviroment": "production",
              "Managed-By": "Terraform",
              "Name": "PrivateSubnet-2",
              "Owner-Email": "jendydevops@gmail.com"
            },
            "timeouts": null,
            "vpc_id": "vpc-058adb9ce39f277bf"
          },
          "sensitive_attributes": [],
          "private": "eyJlMmJmYjczMC1lY2FhLTExZTYtOGY4OC0zNDM2M2JjN2M0YzAiOnsiY3JlYXRlIjo2MDAwMDAwMDAwMDAsImRlbGV0ZSI6MTIwMDAwMDAwMDAwMH0sInNjaGVtYV92ZXJzaW9uIjoiMSJ9",
          "dependencies": [
            "aws_vpc.main",
            "data.aws_availability_zones.available"
          ]
        },
        {
          "index_key": 2,
          "schema_version": 1,
          "attributes": {
            "arn": "arn:aws:ec2:us-east-1:571207880192:subnet/subnet-0eb0c56de5d6849aa",
            "assign_ipv6_address_on_creation": false,
            "availability_zone": "us-east-1c",
            "availability_zone_id": "use1-az1",
            "cidr_block": "172.16.4.0/24",
            "customer_owned_ipv4_pool": "",
            "enable_dns64": false,
            "enable_lni_at_device_index": 0,
            "enable_resource_name_dns_a_record_on_launch": false,
            "enable_resource_name_dns_aaaa_record_on_launch": false,
            "id": "subnet-0eb0c56de5d6849aa",
            "ipv6_cidr_block": "",
            "ipv6_cidr_block_association_id": "",
            "ipv6_native": false,
            "map_customer_owned_ip_on_launch": false,
            "map_public_ip_on_launch": true,
            "outpost_arn": "",
            "owner_id": "571207880192",
            "private_dns_hostname_type_on_launch": "ip-name",
            "tags": {
              "Billing-Account": "571207880192",
              "Enviroment": "production",
              "Managed-By": "Terraform",
              "Name": "PrivateSubnet-3",
              "Owner-Email": "jendydevops@gmail.com"
            },
            "tags_all": {
              "Billing-Account": "571207880192",
              "Enviroment": "production",
              "Managed-By": "Terraform",
              "Name": "PrivateSubnet-3",
              "Owner-Email": "jendydevops@gmail.com"
            },
            "timeouts": null,
            "vpc_id": "vpc-058adb9ce39f277bf"
          },
          "sensitive_attributes": [],
          "private": "eyJlMmJmYjczMC1lY2FhLTExZTYtOGY4OC0zNDM2M2JjN2M0YzAiOnsiY3JlYXRlIjo2MDAwMDAwMDAwMDAsImRlbGV0ZSI6MTIwMDAwMDAwMDAwMH0sInNjaGVtYV92ZXJzaW9uIjoiMSJ9",
          "dependencies": [
            "aws_vpc.main",
            "data.aws_availability_zones.available"
          ]
        },
        {
          "index_key": 3,
          "schema_version": 1,
          "attributes": {
            "arn": "arn:aws:ec2:us-east-1:571207880192:subnet/subnet-0ddad4f1d50aeb080",
            "assign_ipv6_address_on_creation": false,
            "availability_zone": "us-east-1d",
            "availability_zone_id": "use1-az2",
            "cidr_block": "172.16.5.0/24",
            "customer_owned_ipv4_pool": "",
            "enable_dns64": false,
            "enable_lni_at_device_index": 0,
            "enable_resource_name_dns_a_record_on_launch": false,
            "enable_resource_name_dns_aaaa_record_on_launch": false,
            "id": "subnet-0ddad4f1d50aeb080",
            "ipv6_cidr_block": "",
            "ipv6_cidr_block_association_id": "",
            "ipv6_native": false,
            "map_customer_owned_ip_on_launch": false,
            "map_public_ip_on_launch": true,
            "outpost_arn": "",
            "owner_id": "571207880192",
            "private_dns_hostname_type_on_launch": "ip-name",
            "tags": {
              "Billing-Account": "571207880192",
              "Enviroment": "production",
              "Managed-By": "Terraform",
              "Name": "PrivateSubnet-4",
              "Owner-Email": "jendydevops@gmail.com"
            },
            "tags_all": {
              "Billing-Account": "571207880192",
              "Enviroment": "production",
              "Managed-By": "Terraform",
              "Name": "PrivateSubnet-4",
              "Owner-Email": "jendydevops@gmail.com"
            },
            "timeouts": null,
            "vpc_id": "vpc-058adb9ce39f277bf"
          },
          "sensitive_attributes": [],
          "private": "eyJlMmJmYjczMC1lY2FhLTExZTYtOGY4OC0zNDM2M2JjN2M0YzAiOnsiY3JlYXRlIjo2MDAwMDAwMDAwMDAsImRlbGV0ZSI6MTIwMDAwMDAwMDAwMH0sInNjaGVtYV92ZXJzaW9uIjoiMSJ9",
          "dependencies": [
            "aws_vpc.main",
            "data.aws_availability_zones.available"
          ]
        }
      ]
    },
    {
      "mode": "managed",
      "type": "aws_subnet",
      "name": "public",
      "provider": "provider[\"registry.terraform.io/hashicorp/aws\"]",
      "instances": [
        {
          "index_key": 0,
          "schema_version": 1,
          "attributes": {
            "arn": "arn:aws:ec2:us-east-1:571207880192:subnet/subnet-00f416e9031425387",
            "assign_ipv6_address_on_creation": false,
            "availability_zone": "us-east-1a",
            "availability_zone_id": "use1-az4",
            "cidr_block": "172.16.0.0/24",
            "customer_owned_ipv4_pool": "",
            "enable_dns64": false,
            "enable_lni_at_device_index": 0,
            "enable_resource_name_dns_a_record_on_launch": false,
            "enable_resource_name_dns_aaaa_record_on_launch": false,
            "id": "subnet-00f416e9031425387",
            "ipv6_cidr_block": "",
            "ipv6_cidr_block_association_id": "",
            "ipv6_native": false,
            "map_customer_owned_ip_on_launch": false,
            "map_public_ip_on_launch": true,
            "outpost_arn": "",
            "owner_id": "571207880192",
            "private_dns_hostname_type_on_launch": "ip-name",
            "tags": {
              "Billing-Account": "571207880192",
              "Enviroment": "production",
              "Managed-By": "Terraform",
              "Name": "PublicSubnet-1",
              "Owner-Email": "jendydevops@gmail.com"
            },
            "tags_all": {
              "Billing-Account": "571207880192",
              "Enviroment": "production",
              "Managed-By": "Terraform",
              "Name": "PublicSubnet-1",
              "Owner-Email": "jendydevops@gmail.com"
            },
            "timeouts": null,
            "vpc_id": "vpc-058adb9ce39f277bf"
          },
          "sensitive_attributes": [],
          "private": "eyJlMmJmYjczMC1lY2FhLTExZTYtOGY4OC0zNDM2M2JjN2M0YzAiOnsiY3JlYXRlIjo2MDAwMDAwMDAwMDAsImRlbGV0ZSI6MTIwMDAwMDAwMDAwMH0sInNjaGVtYV92ZXJzaW9uIjoiMSJ9",
          "dependencies": [
            "aws_vpc.main",
            "data.aws_availability_zones.available"
          ]
        },
        {
          "index_key": 1,
          "schema_version": 1,
          "attributes": {
            "arn": "arn:aws:ec2:us-east-1:571207880192:subnet/subnet-05f4c5b4bbc7a6a6b",
            "assign_ipv6_address_on_creation": false,
            "availability_zone": "us-east-1b",
            "availability_zone_id": "use1-az6",
            "cidr_block": "172.16.1.0/24",
            "customer_owned_ipv4_pool": "",
            "enable_dns64": false,
            "enable_lni_at_device_index": 0,
            "enable_resource_name_dns_a_record_on_launch": false,
            "enable_resource_name_dns_aaaa_record_on_launch": false,
            "id": "subnet-05f4c5b4bbc7a6a6b",
            "ipv6_cidr_block": "",
            "ipv6_cidr_block_association_id": "",
            "ipv6_native": false,
            "map_customer_owned_ip_on_launch": false,
            "map_public_ip_on_launch": true,
            "outpost_arn": "",
            "owner_id": "571207880192",
            "private_dns_hostname_type_on_launch": "ip-name",
            "tags": {
              "Billing-Account": "571207880192",
              "Enviroment": "production",
              "Managed-By": "Terraform",
              "Name": "PublicSubnet-2",
              "Owner-Email": "jendydevops@gmail.com"
            },
            "tags_all": {
              "Billing-Account": "571207880192",
              "Enviroment": "production",
              "Managed-By": "Terraform",
              "Name": "PublicSubnet-2",
              "Owner-Email": "jendydevops@gmail.com"
            },
            "timeouts": null,
            "vpc_id": "vpc-058adb9ce39f277bf"
          },
          "sensitive_attributes": [],
          "private": "eyJlMmJmYjczMC1lY2FhLTExZTYtOGY4OC0zNDM2M2JjN2M0YzAiOnsiY3JlYXRlIjo2MDAwMDAwMDAwMDAsImRlbGV0ZSI6MTIwMDAwMDAwMDAwMH0sInNjaGVtYV92ZXJzaW9uIjoiMSJ9",
          "dependencies": [
            "aws_vpc.main",
            "data.aws_availability_zones.available"
          ]
        }
      ]
    },
    {
      "mode": "managed",
      "type": "aws_vpc",
      "name": "main",
      "provider": "provider[\"registry.terraform.io/hashicorp/aws\"]",
      "instances": [
        {
          "schema_version": 1,
          "attributes": {
            "arn": "arn:aws:ec2:us-east-1:571207880192:vpc/vpc-058adb9ce39f277bf",
            "assign_generated_ipv6_cidr_block": false,
            "cidr_block": "172.16.0.0/16",
            "default_network_acl_id": "acl-0e0be4421b8f4551f",
            "default_route_table_id": "rtb-0ffbdc7d6caff2ea5",
            "default_security_group_id": "sg-0a4e456bac9f62e75",
            "dhcp_options_id": "dopt-0c14cd89513e0e4ca",
            "enable_dns_hostnames": true,
            "enable_dns_support": true,
            "enable_network_address_usage_metrics": false,
            "id": "vpc-058adb9ce39f277bf",
            "instance_tenancy": "default",
            "ipv4_ipam_pool_id": null,
            "ipv4_netmask_length": null,
            "ipv6_association_id": "",
            "ipv6_cidr_block": "",
            "ipv6_cidr_block_network_border_group": "",
            "ipv6_ipam_pool_id": "",
            "ipv6_netmask_length": 0,
            "main_route_table_id": "rtb-0ffbdc7d6caff2ea5",
            "owner_id": "571207880192",
            "tags": {
              "Billing-Account": "571207880192",
              "Enviroment": "production",
              "Managed-By": "Terraform",
              "Name": "aws_vpc",
              "Owner-Email": "jendydevops@gmail.com",
              "year": "2023"
            },
            "tags_all": {
              "Billing-Account": "571207880192",
              "Enviroment": "production",
              "Managed-By": "Terraform",
              "Name": "aws_vpc",
              "Owner-Email": "jendydevops@gmail.com",
              "year": "2023"
            }
          },
          "sensitive_attributes": [],
          "private": "eyJzY2hlbWFfdmVyc2lvbiI6IjEifQ==",
          "create_before_destroy": true
        }
      ]
    },
    {
      "mode": "managed",
      "type": "random_shuffle",
      "name": "az_list",
      "provider": "provider[\"registry.terraform.io/hashicorp/random\"]",
      "instances": [
        {
          "schema_version": 0,
          "attributes": {
            "id": "-",
            "input": [
              "us-east-1a",
              "us-east-1b",
              "us-east-1c",
              "us-east-1d",
              "us-east-1e",
              "us-east-1f"
            ],
            "keepers": null,
            "result": [
              "us-east-1c",
              "us-east-1f",
              "us-east-1d",
              "us-east-1e",
              "us-east-1a",
              "us-east-1b"
            ],
            "result_count": null,
            "seed": null
          },
          "sensitive_attributes": [],
          "dependencies": [
            "data.aws_availability_zones.available"
          ]
        }
      ]
    }
  ],
  "check_results": null
}
